# Generated by cargo-scarlet — do not edit

[sections.initramfs]
hash = "sha256:e21b10ffa2d8e5e9ff0a3b005e5469055e53eeb9c1ef64cdf7c2090bae4e0dbe"

[[sections.initramfs.layers]]
kind = "cargo"
package = "switch-init"
bin = "switch-init"
to = "/init"
hash = "sha256:6a0e180de8944e1b8017feceae3f8a7297e7cb3499280ea53786eeddb1e9c6f2"

[sections.initramfs.layers.source]
type = "path"
path = "../../userspace/switch-init"
