# Generated by cargo-scarlet — do not edit

[sections.initramfs]
hash = "sha256:96f7690ab1d59792171d67514f2f366d69e35110e38a30fefcf8898b58b42e17"

[[sections.initramfs.layers]]
kind = "cargo"
package = "user-bin"
bin = "init"
to = "/init"
hash = "sha256:b4e78158170726ae30aa6d2455647671811edf9daca1136a8cbb811ba58d7af2"

[sections.initramfs.layers.source]
type = "path"
path = "../../../Scarlet/user/bin"

[[sections.initramfs.layers]]
kind = "cargo"
package = "user-bin"
bin = "sh"
to = "/bin/sh"
hash = "sha256:82830a720be61e817766a2423c4cf7d77255557e64f1efaa25cc2c4154603a35"

[sections.initramfs.layers.source]
type = "path"
path = "../../../Scarlet/user/bin"

[[sections.initramfs.layers]]
kind = "cargo"
package = "user-bin"
bin = "login"
to = "/bin/login"
hash = "sha256:1bbb800d0e970ea15db5840d2b199c5fbb54128e488b25141a253e0d49272475"

[sections.initramfs.layers.source]
type = "path"
path = "../../../Scarlet/user/bin"

[[sections.initramfs.layers]]
kind = "cargo"
package = "scarlet-std-bin"
bin = "stemd"
to = "/bin/stemd"
hash = "sha256:139c1135b89bab224e9261ce52c874b6e00960731abe0a18257a8a1c8b1f87cd"

[sections.initramfs.layers.source]
type = "path"
path = "../../../Scarlet/user/std-bin"

[[sections.initramfs.layers]]
kind = "cargo"
package = "scarlet-std-bin"
bin = "logd"
to = "/bin/logd"
hash = "sha256:b0eb721cb7135817b3d0df59e597bae810ffe3d16964fc77440a2d3c5e06e220"

[sections.initramfs.layers.source]
type = "path"
path = "../../../Scarlet/user/std-bin"

[[sections.initramfs.layers]]
kind = "cargo"
package = "scarlet-std-bin"
bin = "logctl"
to = "/bin/logctl"
hash = "sha256:996ec289c9417c6347852392f72cd9d53ec8e3ec950e669c81f488ae09076c3e"

[sections.initramfs.layers.source]
type = "path"
path = "../../../Scarlet/user/std-bin"

[[sections.initramfs.layers]]
kind = "cargo"
package = "user-bin"
bin = "sbusd"
to = "/bin/sbusd"
hash = "sha256:b4e83bff9aa5a73696f6b0d72e2f1c6dc5cbc08a2be3d65f43ccfd45e296470e"

[sections.initramfs.layers.source]
type = "path"
path = "../../../Scarlet/user/bin"

[[sections.initramfs.layers]]
kind = "cargo"
bin = "hello"
to = "/bin/hello"
hash = "sha256:2396c221ffc309aa35c433686dfffcaab1a728dbf9f98f3257d1c3408299f430"

[sections.initramfs.layers.source]
type = "path"
path = "../../../Scarlet/user/std-bin"

[[sections.initramfs.layers]]
kind = "cargo"
package = "scarlet-std-bin"
bin = "kernel-info"
to = "/bin/kernel-info"
hash = "sha256:10b717d8f6d1a480b5900e118fe36fb7e49aeef6466531e23a65cbd127f37cd3"

[sections.initramfs.layers.source]
type = "path"
path = "../../../Scarlet/user/std-bin"

[[sections.initramfs.layers]]
kind = "cargo"
package = "user-bin"
bin = "ps"
to = "/bin/ps"
hash = "sha256:c4338c5214ffc95f337b52e08ef57561be07587721378ac67c97bdcbdb7a8489"

[sections.initramfs.layers.source]
type = "path"
path = "../../../Scarlet/user/bin"

[[sections.initramfs.layers]]
kind = "cargo"
bin = "shutdown"
to = "/bin/shutdown"
hash = "sha256:9a2675cd89f8dcbe79b8b9cc0a19ebd2b9823fa8c768880d4239ac8ae5cafbb2"

[sections.initramfs.layers.source]
type = "path"
path = "../../../Scarlet/user/std-bin"

[[sections.initramfs.layers]]
kind = "cargo"
package = "scarlet-std-bin"
bin = "top"
to = "/bin/top"
hash = "sha256:bc1b9b65f60f48e5bb6a42fcdadbb400f725b3705d54e504f0147a23b892a54d"

[sections.initramfs.layers.source]
type = "path"
path = "../../../Scarlet/user/std-bin"

[[sections.initramfs.layers]]
kind = "cargo"
package = "scarlet-std-bin"
bin = "kill"
to = "/bin/kill"
hash = "sha256:431dd56a05bb61ac541f239f53b5d558e5124e18764cb72dd16ee8f9aef7cefc"

[sections.initramfs.layers.source]
type = "path"
path = "../../../Scarlet/user/std-bin"

[[sections.initramfs.layers]]
kind = "cargo"
package = "user-bin"
bin = "scpm"
to = "/bin/scpm"
hash = "sha256:c3d30efbc803830c02b869cb6701b33a8f08aa01b18f4a9104a3004cc1901da5"

[sections.initramfs.layers.source]
type = "path"
path = "../../../Scarlet/user/bin"

[[sections.initramfs.layers]]
kind = "cargo"
package = "user-bin"
bin = "netcfgd"
to = "/bin/netcfgd"
hash = "sha256:bc4ec990763c758654d23e1cc4ed9164327e89f5f39903e9b418a8f2434020f4"

[sections.initramfs.layers.source]
type = "path"
path = "../../../Scarlet/user/bin"

[[sections.initramfs.layers]]
kind = "cargo"
package = "user-bin"
bin = "sshd"
to = "/bin/sshd"
hash = "sha256:12c2e4c9b7541f812ed899ce1fe16fa8ff84cc7f7d1d925d6e234891b2412404"

[sections.initramfs.layers.source]
type = "path"
path = "../../../Scarlet/user/bin"

[[sections.initramfs.layers]]
kind = "cargo"
bin = "resolverd"
to = "/bin/resolverd"
hash = "sha256:71329e18a6a9beed57014f2e4a89627377dbf03d49e3c7874992206dd6a635a0"

[sections.initramfs.layers.source]
type = "path"
path = "../../../Scarlet/user/std-bin"

[[sections.initramfs.layers]]
kind = "cargo"
bin = "cpufreqctl"
to = "/bin/cpufreqctl"
hash = "sha256:87a1b34389c11b8dad71979a732c89cc6ec6e81020a2638b475acf7fbe388682"

[sections.initramfs.layers.source]
type = "path"
path = "../../../Scarlet/user/std-bin"

[[sections.initramfs.layers]]
kind = "cargo"
package = "user-bin"
bin = "storage-check"
to = "/bin/storage-check"
hash = "sha256:5d903a18d00e0c90704a342d55237465ff1e48c7be9f202fa4d39272b74c2230"

[sections.initramfs.layers.source]
type = "path"
path = "../../../Scarlet/user/bin"

[[sections.initramfs.layers]]
kind = "cargo"
bin = "gpu-info"
to = "/bin/gpu-info"
hash = "sha256:947a2fde3374fd7f228327fed58d0dca754c421f904c518629801c08aac38bc6"

[sections.initramfs.layers.source]
type = "path"
path = "../../../Scarlet/user/std-bin"

[[sections.initramfs.layers]]
kind = "cargo"
bin = "power-info"
to = "/bin/power-info"
hash = "sha256:8c3c911fc5208bc1fd8d0a3f1461cacdb5ffd8468459cd615811a2ea7e32e903"

[sections.initramfs.layers.source]
type = "path"
path = "../../../Scarlet/user/std-bin"

[[sections.initramfs.layers]]
kind = "cargo"
bin = "abi-run"
to = "/bin/abi-run"
hash = "sha256:66a3493715c88f4928a5089d7a2e207510dda7b8a65f2f0530dfcca8f06856ea"

[sections.initramfs.layers.source]
type = "path"
path = "../../../Scarlet/user/std-bin"

[[sections.initramfs.layers]]
kind = "cargo"
bin = "ls"
to = "/bin/ls"
hash = "sha256:7bb06e94f08aa62de7cb9729ff7faad4a1fcaf0b9b86e4096da495ca2c988d05"

[sections.initramfs.layers.source]
type = "path"
path = "../../../Scarlet/user/std-bin"

[[sections.initramfs.layers]]
kind = "cargo"
bin = "cat"
to = "/bin/cat"
hash = "sha256:181cb939d8cfe250edfc95fbf44613c67f068952dea05d78f7a98543d5793fa5"

[sections.initramfs.layers.source]
type = "path"
path = "../../../Scarlet/user/std-bin"

[[sections.initramfs.layers]]
kind = "cargo"
bin = "rm"
to = "/bin/rm"
hash = "sha256:a1f129be5fb7ca7619069b395bc20af65ab8925f723e987151619a21b1b147f5"

[sections.initramfs.layers.source]
type = "path"
path = "../../../Scarlet/user/std-bin"

[[sections.initramfs.layers]]
kind = "cargo"
bin = "resolve"
to = "/bin/resolve"
hash = "sha256:c66d8ff6f5f3e0ed1a245f155e69f383915a6be45e77d4737952c0790a73e5a0"

[sections.initramfs.layers.source]
type = "path"
path = "../../../Scarlet/user/std-bin"

[[sections.initramfs.layers]]
kind = "cargo"
bin = "nc"
to = "/bin/nc"
hash = "sha256:1dc1832ff2c0d864fbd46a9ca7b21b058d4443090c5e275ed68c4df61780a046"

[sections.initramfs.layers.source]
type = "path"
path = "../../../Scarlet/user/std-bin"

[[sections.initramfs.layers]]
kind = "cargo"
bin = "ping"
to = "/bin/ping"
hash = "sha256:d93758a8d4ca7b79b4b37d6e75c54d6705840545bbdb19967f8a794f82a2d3d0"

[sections.initramfs.layers.source]
type = "path"
path = "../../../Scarlet/user/std-bin"

[[sections.initramfs.layers]]
kind = "cargo"
bin = "netcfg"
to = "/bin/netcfg"
hash = "sha256:c850854c3f5301ca893cfd0efbd271690ace8ad3f96ed0b8382e770391133e18"

[sections.initramfs.layers.source]
type = "path"
path = "../../../Scarlet/user/std-bin"

[[sections.initramfs.layers]]
kind = "cargo"
bin = "watch"
to = "/bin/watch"
hash = "sha256:237a64e1fe96c431acda86bfc491124e93f0f60a88a1b915e56d720f06220c35"

[sections.initramfs.layers.source]
type = "path"
path = "../../../Scarlet/user/std-bin"

[[sections.initramfs.layers]]
kind = "cargo"
bin = "date"
to = "/bin/date"
hash = "sha256:b7cd382b4d4621cafff56da9882a7de4322e694ad7570a916c68b530977ef06e"

[sections.initramfs.layers.source]
type = "path"
path = "../../../Scarlet/user/std-bin"

[[sections.initramfs.layers]]
kind = "cargo"
bin = "fb-test"
to = "/bin/fb-test"
hash = "sha256:5c400ffb0b1d254bf7fe2621d16ab8450665afa26589bb76d1cf975dbfcd641b"

[sections.initramfs.layers.source]
type = "path"
path = "../../../Scarlet/user/std-bin"

[[sections.initramfs.layers]]
kind = "cargo"
package = "user-bin"
bin = "scarlet-desktop"
to = "/bin/scarlet-desktop"
hash = "sha256:bcb425998c5a4a3f6d14e22ea446854fb51a8bf9a21344826fb18ead09100027"

[sections.initramfs.layers.source]
type = "path"
path = "../../../Scarlet/user/bin"

[[sections.initramfs.layers]]
kind = "cargo"
package = "user-bin"
bin = "desktop-settings"
to = "/bin/desktop-settings"
hash = "sha256:135bbcf6df5a37b69f2714efb4f2fecd91f494f1e041d538e9a39decff48100f"

[sections.initramfs.layers.source]
type = "path"
path = "../../../Scarlet/user/bin"

[[sections.initramfs.layers]]
kind = "cargo"
package = "scarlet-std-bin"
bin = "files"
to = "/bin/files"
hash = "sha256:93b589ff4c1c33b8de217a4a4c7752a326139dc8a6192d9b1f21cc3267f3a20f"

[sections.initramfs.layers.source]
type = "path"
path = "../../../Scarlet/user/std-bin"

[[sections.initramfs.layers]]
kind = "cargo"
package = "scarlet-std-bin"
bin = "notepad"
to = "/bin/notepad"
hash = "sha256:19948352037abd7374c6876204a079e7a9a024e338d42f36fb6dfa3e4ebac2c9"

[sections.initramfs.layers.source]
type = "path"
path = "../../../Scarlet/user/std-bin"

[[sections.initramfs.layers]]
kind = "cargo"
package = "scarlet-std-bin"
bin = "scarlet-shell"
to = "/bin/scarlet-shell"
hash = "sha256:5133dac9e7f472dc052351c01353536779d71b2352e09e674e7ec2f8aac7915d"

[sections.initramfs.layers.source]
type = "path"
path = "../../../Scarlet/user/std-bin"

[[sections.initramfs.layers]]
kind = "cargo"
package = "user-bin"
bin = "terminal"
to = "/bin/terminal"
hash = "sha256:6de8a613f21a353c7bfaab86f77dd559459dc3de2fcfbf11edf05eec9e0b4221"

[sections.initramfs.layers.source]
type = "path"
path = "../../../Scarlet/user/bin"

[[sections.initramfs.layers]]
kind = "cargo"
package = "scarlet-std-bin"
bin = "sws"
to = "/bin/sws"
hash = "sha256:67848a475371dd0beff28391c3cbdbceeb2d95e99a374137bc65c5c9bbb8198e"

[sections.initramfs.layers.source]
type = "path"
path = "../../../Scarlet/user/std-bin"

[[sections.initramfs.layers]]
kind = "cargo"
package = "user-bin"
bin = "sas"
to = "/bin/sas"
hash = "sha256:4adf886869adefb8f8c1cd4b62f57da81db4fcf13fd5fe4561b168423d5adfcf"

[sections.initramfs.layers.source]
type = "path"
path = "../../../Scarlet/user/bin"

[[sections.initramfs.layers]]
kind = "cargo"
bin = "sasctl"
to = "/bin/sasctl"
hash = "sha256:531508380f33fc23174aac8d7686e1b1d35cc5a4aba0eb3e4c6446bc9d9ee4e4"

[sections.initramfs.layers.source]
type = "path"
path = "../../../Scarlet/user/std-bin"

[[sections.initramfs.layers]]
kind = "cargo"
package = "user-bin"
bin = "ui-benchmark"
to = "/bin/ui-benchmark"
hash = "sha256:f9c2aec1c1987eec3c6d9d1a31a041607ec81a3e6237e90c27c1b3d634320f4d"

[sections.initramfs.layers.source]
type = "path"
path = "../../../Scarlet/user/bin"

[[sections.initramfs.layers]]
kind = "cargo"
bin = "ui-sgfx-showcase"
to = "/bin/ui-sgfx-showcase"
hash = "sha256:bf7fa31b6681dc521219e1a24eb0e9b999f4a947d3736b34d1f3fd99785a39e5"

[sections.initramfs.layers.source]
type = "path"
path = "../../../Scarlet/user/std-bin"

[[sections.initramfs.layers]]
kind = "cargo"
package = "user-bin"
bin = "settings"
to = "/bin/settings"
hash = "sha256:5eac6093c62542d6155b07fe2fdcba8ba62bc3f1f1ce4028f12bc76afc3dd67e"

[sections.initramfs.layers.source]
type = "path"
path = "../../../Scarlet/user/bin"

[[sections.initramfs.layers]]
kind = "cargo"
bin = "task-manager"
to = "/bin/task-manager"
hash = "sha256:881bd3f1e0484edb698811b87f77c24fa8477c275d8274495595b32a607a09f3"

[sections.initramfs.layers.source]
type = "path"
path = "../../../Scarlet/user/std-bin"

[[sections.initramfs.layers]]
kind = "cargo"
package = "user-bin"
bin = "sgfx-probe"
to = "/bin/sgfx-probe"
hash = "sha256:0cd21b1c0ba8837a1f7242c19e386b23f0b51a7504a9b4bbdf43015e3b079e8a"

[sections.initramfs.layers.source]
type = "path"
path = "../../../Scarlet/user/bin"

[[sections.initramfs.layers]]
kind = "cargo"
bin = "sgfx-cube"
to = "/bin/sgfx-cube"
hash = "sha256:76fa164478d10c7023a256cd7ca52b83aadc4bed4112384e607a36e236ff8498"

[sections.initramfs.layers.source]
type = "path"
path = "../../../Scarlet/user/std-bin"

[[sections.initramfs.layers]]
kind = "cargo"
bin = "sgfx-showcase"
to = "/bin/sgfx-showcase"
hash = "sha256:c71d27c7387e003eb071690685c5cedff321cc189a5611f12cca49c54f8546be"

[sections.initramfs.layers.source]
type = "path"
path = "../../../Scarlet/user/std-bin"

[[sections.initramfs.layers]]
kind = "cargo"
bin = "clock"
to = "/bin/clock"
hash = "sha256:51a2a325ad2c8ced29aa120a960658e2cd0a03fd61e36bd3bc02cdbe6a1608d1"

[sections.initramfs.layers.source]
type = "path"
path = "../../../Scarlet/user/std-bin"

[[sections.initramfs.layers]]
kind = "cargo"
package = "video_player"
bin = "video-player"
features = [
    "h264-stateless-hw",
    "mp4-aac",
]
default-features = false
to = "/bin/video-player"
hash = "sha256:5a454219e862332a76c21a125c160ca96ca077691cc90dd0978aedde0b02e010"

[sections.initramfs.layers.source]
type = "path"
path = "../../../Scarlet/user/video_player"

[sections.rootfs]
hash = "sha256:ba1f7420841cbc6e058b1c858a701a993ac0b44c6d8c9e3ef9eeeb797839170a"

[[sections.rootfs.layers]]
kind = "cargo"
package = "user-bin"
bin = "init"
to = "/init"
hash = "sha256:b4e78158170726ae30aa6d2455647671811edf9daca1136a8cbb811ba58d7af2"

[sections.rootfs.layers.source]
type = "path"
path = "../../../Scarlet/user/bin"

[[sections.rootfs.layers]]
kind = "cargo"
package = "user-bin"
bin = "sh"
to = "/bin/sh"
hash = "sha256:82830a720be61e817766a2423c4cf7d77255557e64f1efaa25cc2c4154603a35"

[sections.rootfs.layers.source]
type = "path"
path = "../../../Scarlet/user/bin"

[[sections.rootfs.layers]]
kind = "cargo"
package = "user-bin"
bin = "login"
to = "/bin/login"
hash = "sha256:1bbb800d0e970ea15db5840d2b199c5fbb54128e488b25141a253e0d49272475"

[sections.rootfs.layers.source]
type = "path"
path = "../../../Scarlet/user/bin"

[[sections.rootfs.layers]]
kind = "cargo"
package = "scarlet-std-bin"
bin = "stemd"
to = "/bin/stemd"
hash = "sha256:139c1135b89bab224e9261ce52c874b6e00960731abe0a18257a8a1c8b1f87cd"

[sections.rootfs.layers.source]
type = "path"
path = "../../../Scarlet/user/std-bin"

[[sections.rootfs.layers]]
kind = "cargo"
package = "scarlet-std-bin"
bin = "logd"
to = "/bin/logd"
hash = "sha256:b0eb721cb7135817b3d0df59e597bae810ffe3d16964fc77440a2d3c5e06e220"

[sections.rootfs.layers.source]
type = "path"
path = "../../../Scarlet/user/std-bin"

[[sections.rootfs.layers]]
kind = "cargo"
package = "scarlet-std-bin"
bin = "logctl"
to = "/bin/logctl"
hash = "sha256:996ec289c9417c6347852392f72cd9d53ec8e3ec950e669c81f488ae09076c3e"

[sections.rootfs.layers.source]
type = "path"
path = "../../../Scarlet/user/std-bin"

[[sections.rootfs.layers]]
kind = "cargo"
package = "user-bin"
bin = "sbusd"
to = "/bin/sbusd"
hash = "sha256:b4e83bff9aa5a73696f6b0d72e2f1c6dc5cbc08a2be3d65f43ccfd45e296470e"

[sections.rootfs.layers.source]
type = "path"
path = "../../../Scarlet/user/bin"

[[sections.rootfs.layers]]
kind = "cargo"
bin = "hello"
to = "/bin/hello"
hash = "sha256:2396c221ffc309aa35c433686dfffcaab1a728dbf9f98f3257d1c3408299f430"

[sections.rootfs.layers.source]
type = "path"
path = "../../../Scarlet/user/std-bin"

[[sections.rootfs.layers]]
kind = "cargo"
package = "scarlet-std-bin"
bin = "kernel-info"
to = "/bin/kernel-info"
hash = "sha256:10b717d8f6d1a480b5900e118fe36fb7e49aeef6466531e23a65cbd127f37cd3"

[sections.rootfs.layers.source]
type = "path"
path = "../../../Scarlet/user/std-bin"

[[sections.rootfs.layers]]
kind = "cargo"
package = "user-bin"
bin = "ps"
to = "/bin/ps"
hash = "sha256:c4338c5214ffc95f337b52e08ef57561be07587721378ac67c97bdcbdb7a8489"

[sections.rootfs.layers.source]
type = "path"
path = "../../../Scarlet/user/bin"

[[sections.rootfs.layers]]
kind = "cargo"
bin = "shutdown"
to = "/bin/shutdown"
hash = "sha256:9a2675cd89f8dcbe79b8b9cc0a19ebd2b9823fa8c768880d4239ac8ae5cafbb2"

[sections.rootfs.layers.source]
type = "path"
path = "../../../Scarlet/user/std-bin"

[[sections.rootfs.layers]]
kind = "cargo"
package = "scarlet-std-bin"
bin = "top"
to = "/bin/top"
hash = "sha256:bc1b9b65f60f48e5bb6a42fcdadbb400f725b3705d54e504f0147a23b892a54d"

[sections.rootfs.layers.source]
type = "path"
path = "../../../Scarlet/user/std-bin"

[[sections.rootfs.layers]]
kind = "cargo"
package = "scarlet-std-bin"
bin = "kill"
to = "/bin/kill"
hash = "sha256:431dd56a05bb61ac541f239f53b5d558e5124e18764cb72dd16ee8f9aef7cefc"

[sections.rootfs.layers.source]
type = "path"
path = "../../../Scarlet/user/std-bin"

[[sections.rootfs.layers]]
kind = "cargo"
package = "user-bin"
bin = "scpm"
to = "/bin/scpm"
hash = "sha256:c3d30efbc803830c02b869cb6701b33a8f08aa01b18f4a9104a3004cc1901da5"

[sections.rootfs.layers.source]
type = "path"
path = "../../../Scarlet/user/bin"

[[sections.rootfs.layers]]
kind = "cargo"
package = "user-bin"
bin = "netcfgd"
to = "/bin/netcfgd"
hash = "sha256:bc4ec990763c758654d23e1cc4ed9164327e89f5f39903e9b418a8f2434020f4"

[sections.rootfs.layers.source]
type = "path"
path = "../../../Scarlet/user/bin"

[[sections.rootfs.layers]]
kind = "cargo"
package = "user-bin"
bin = "sshd"
to = "/bin/sshd"
hash = "sha256:12c2e4c9b7541f812ed899ce1fe16fa8ff84cc7f7d1d925d6e234891b2412404"

[sections.rootfs.layers.source]
type = "path"
path = "../../../Scarlet/user/bin"

[[sections.rootfs.layers]]
kind = "cargo"
bin = "resolverd"
to = "/bin/resolverd"
hash = "sha256:71329e18a6a9beed57014f2e4a89627377dbf03d49e3c7874992206dd6a635a0"

[sections.rootfs.layers.source]
type = "path"
path = "../../../Scarlet/user/std-bin"

[[sections.rootfs.layers]]
kind = "cargo"
bin = "cpufreqctl"
to = "/bin/cpufreqctl"
hash = "sha256:87a1b34389c11b8dad71979a732c89cc6ec6e81020a2638b475acf7fbe388682"

[sections.rootfs.layers.source]
type = "path"
path = "../../../Scarlet/user/std-bin"

[[sections.rootfs.layers]]
kind = "cargo"
package = "user-bin"
bin = "storage-check"
to = "/bin/storage-check"
hash = "sha256:5d903a18d00e0c90704a342d55237465ff1e48c7be9f202fa4d39272b74c2230"

[sections.rootfs.layers.source]
type = "path"
path = "../../../Scarlet/user/bin"

[[sections.rootfs.layers]]
kind = "cargo"
bin = "gpu-info"
to = "/bin/gpu-info"
hash = "sha256:947a2fde3374fd7f228327fed58d0dca754c421f904c518629801c08aac38bc6"

[sections.rootfs.layers.source]
type = "path"
path = "../../../Scarlet/user/std-bin"

[[sections.rootfs.layers]]
kind = "cargo"
bin = "power-info"
to = "/bin/power-info"
hash = "sha256:8c3c911fc5208bc1fd8d0a3f1461cacdb5ffd8468459cd615811a2ea7e32e903"

[sections.rootfs.layers.source]
type = "path"
path = "../../../Scarlet/user/std-bin"

[[sections.rootfs.layers]]
kind = "cargo"
bin = "abi-run"
to = "/bin/abi-run"
hash = "sha256:66a3493715c88f4928a5089d7a2e207510dda7b8a65f2f0530dfcca8f06856ea"

[sections.rootfs.layers.source]
type = "path"
path = "../../../Scarlet/user/std-bin"

[[sections.rootfs.layers]]
kind = "cargo"
bin = "ls"
to = "/bin/ls"
hash = "sha256:7bb06e94f08aa62de7cb9729ff7faad4a1fcaf0b9b86e4096da495ca2c988d05"

[sections.rootfs.layers.source]
type = "path"
path = "../../../Scarlet/user/std-bin"

[[sections.rootfs.layers]]
kind = "cargo"
bin = "cat"
to = "/bin/cat"
hash = "sha256:181cb939d8cfe250edfc95fbf44613c67f068952dea05d78f7a98543d5793fa5"

[sections.rootfs.layers.source]
type = "path"
path = "../../../Scarlet/user/std-bin"

[[sections.rootfs.layers]]
kind = "cargo"
bin = "rm"
to = "/bin/rm"
hash = "sha256:a1f129be5fb7ca7619069b395bc20af65ab8925f723e987151619a21b1b147f5"

[sections.rootfs.layers.source]
type = "path"
path = "../../../Scarlet/user/std-bin"

[[sections.rootfs.layers]]
kind = "cargo"
bin = "resolve"
to = "/bin/resolve"
hash = "sha256:c66d8ff6f5f3e0ed1a245f155e69f383915a6be45e77d4737952c0790a73e5a0"

[sections.rootfs.layers.source]
type = "path"
path = "../../../Scarlet/user/std-bin"

[[sections.rootfs.layers]]
kind = "cargo"
bin = "nc"
to = "/bin/nc"
hash = "sha256:1dc1832ff2c0d864fbd46a9ca7b21b058d4443090c5e275ed68c4df61780a046"

[sections.rootfs.layers.source]
type = "path"
path = "../../../Scarlet/user/std-bin"

[[sections.rootfs.layers]]
kind = "cargo"
bin = "ping"
to = "/bin/ping"
hash = "sha256:d93758a8d4ca7b79b4b37d6e75c54d6705840545bbdb19967f8a794f82a2d3d0"

[sections.rootfs.layers.source]
type = "path"
path = "../../../Scarlet/user/std-bin"

[[sections.rootfs.layers]]
kind = "cargo"
bin = "netcfg"
to = "/bin/netcfg"
hash = "sha256:c850854c3f5301ca893cfd0efbd271690ace8ad3f96ed0b8382e770391133e18"

[sections.rootfs.layers.source]
type = "path"
path = "../../../Scarlet/user/std-bin"

[[sections.rootfs.layers]]
kind = "cargo"
bin = "watch"
to = "/bin/watch"
hash = "sha256:237a64e1fe96c431acda86bfc491124e93f0f60a88a1b915e56d720f06220c35"

[sections.rootfs.layers.source]
type = "path"
path = "../../../Scarlet/user/std-bin"

[[sections.rootfs.layers]]
kind = "cargo"
bin = "date"
to = "/bin/date"
hash = "sha256:b7cd382b4d4621cafff56da9882a7de4322e694ad7570a916c68b530977ef06e"

[sections.rootfs.layers.source]
type = "path"
path = "../../../Scarlet/user/std-bin"

[[sections.rootfs.layers]]
kind = "cargo"
bin = "fb-test"
to = "/bin/fb-test"
hash = "sha256:5c400ffb0b1d254bf7fe2621d16ab8450665afa26589bb76d1cf975dbfcd641b"

[sections.rootfs.layers.source]
type = "path"
path = "../../../Scarlet/user/std-bin"

[[sections.rootfs.layers]]
kind = "cargo"
package = "user-bin"
bin = "scarlet-desktop"
to = "/bin/scarlet-desktop"
hash = "sha256:bcb425998c5a4a3f6d14e22ea446854fb51a8bf9a21344826fb18ead09100027"

[sections.rootfs.layers.source]
type = "path"
path = "../../../Scarlet/user/bin"

[[sections.rootfs.layers]]
kind = "cargo"
package = "user-bin"
bin = "desktop-settings"
to = "/bin/desktop-settings"
hash = "sha256:135bbcf6df5a37b69f2714efb4f2fecd91f494f1e041d538e9a39decff48100f"

[sections.rootfs.layers.source]
type = "path"
path = "../../../Scarlet/user/bin"

[[sections.rootfs.layers]]
kind = "cargo"
package = "scarlet-std-bin"
bin = "files"
to = "/bin/files"
hash = "sha256:93b589ff4c1c33b8de217a4a4c7752a326139dc8a6192d9b1f21cc3267f3a20f"

[sections.rootfs.layers.source]
type = "path"
path = "../../../Scarlet/user/std-bin"

[[sections.rootfs.layers]]
kind = "cargo"
package = "scarlet-std-bin"
bin = "notepad"
to = "/bin/notepad"
hash = "sha256:19948352037abd7374c6876204a079e7a9a024e338d42f36fb6dfa3e4ebac2c9"

[sections.rootfs.layers.source]
type = "path"
path = "../../../Scarlet/user/std-bin"

[[sections.rootfs.layers]]
kind = "cargo"
package = "scarlet-std-bin"
bin = "scarlet-shell"
to = "/bin/scarlet-shell"
hash = "sha256:5133dac9e7f472dc052351c01353536779d71b2352e09e674e7ec2f8aac7915d"

[sections.rootfs.layers.source]
type = "path"
path = "../../../Scarlet/user/std-bin"

[[sections.rootfs.layers]]
kind = "cargo"
package = "user-bin"
bin = "terminal"
to = "/bin/terminal"
hash = "sha256:6de8a613f21a353c7bfaab86f77dd559459dc3de2fcfbf11edf05eec9e0b4221"

[sections.rootfs.layers.source]
type = "path"
path = "../../../Scarlet/user/bin"

[[sections.rootfs.layers]]
kind = "cargo"
package = "scarlet-std-bin"
bin = "sws"
to = "/bin/sws"
hash = "sha256:67848a475371dd0beff28391c3cbdbceeb2d95e99a374137bc65c5c9bbb8198e"

[sections.rootfs.layers.source]
type = "path"
path = "../../../Scarlet/user/std-bin"

[[sections.rootfs.layers]]
kind = "cargo"
package = "user-bin"
bin = "sas"
to = "/bin/sas"
hash = "sha256:4adf886869adefb8f8c1cd4b62f57da81db4fcf13fd5fe4561b168423d5adfcf"

[sections.rootfs.layers.source]
type = "path"
path = "../../../Scarlet/user/bin"

[[sections.rootfs.layers]]
kind = "cargo"
bin = "sasctl"
to = "/bin/sasctl"
hash = "sha256:531508380f33fc23174aac8d7686e1b1d35cc5a4aba0eb3e4c6446bc9d9ee4e4"

[sections.rootfs.layers.source]
type = "path"
path = "../../../Scarlet/user/std-bin"

[[sections.rootfs.layers]]
kind = "cargo"
package = "user-bin"
bin = "mplayer"
to = "/bin/mplayer"
hash = "sha256:36f0cada3bd53ca550efc4817b2cb3d08ac42bc8ec1fdee0a591c9a8e09d7a01"

[sections.rootfs.layers.source]
type = "path"
path = "../../../Scarlet/user/bin"

[[sections.rootfs.layers]]
kind = "cargo"
package = "user-bin"
bin = "ui-demo"
to = "/bin/ui-demo"
hash = "sha256:3e9f88aa1b0e4d8ca3304f879aa1b5026e32020b0fb4189e3075ad6c5d2d041d"

[sections.rootfs.layers.source]
type = "path"
path = "../../../Scarlet/user/bin"

[[sections.rootfs.layers]]
kind = "cargo"
package = "user-bin"
bin = "ui-benchmark"
to = "/bin/ui-benchmark"
hash = "sha256:f9c2aec1c1987eec3c6d9d1a31a041607ec81a3e6237e90c27c1b3d634320f4d"

[sections.rootfs.layers.source]
type = "path"
path = "../../../Scarlet/user/bin"

[[sections.rootfs.layers]]
kind = "cargo"
git = "https://github.com/petitstrawberry/scarlet-ui"
git_ref = "8d3beb1a3d6d77a7536fc3aa4f9ab181359588d2"
resolved_rev = "8d3beb1a3d6d77a7536fc3aa4f9ab181359588d2"
package = "scarlet-ui-widget-factory"
bin = "scarlet-ui-widget-factory"
subdir = "examples/widget-factory"
to = "/bin/widget-factory"
hash = "sha256:46577f1d99c7c8ec35ac7dda443f933363a1316e9cc56eaacbcfc43652e8f8e7"

[sections.rootfs.layers.source]
type = "git"
url = "https://github.com/petitstrawberry/scarlet-ui"
rev = "8d3beb1a3d6d77a7536fc3aa4f9ab181359588d2"

[[sections.rootfs.layers]]
kind = "cargo"
bin = "ui-sgfx-showcase"
to = "/bin/ui-sgfx-showcase"
hash = "sha256:bf7fa31b6681dc521219e1a24eb0e9b999f4a947d3736b34d1f3fd99785a39e5"

[sections.rootfs.layers.source]
type = "path"
path = "../../../Scarlet/user/std-bin"

[[sections.rootfs.layers]]
kind = "cargo"
package = "user-bin"
bin = "settings"
to = "/bin/settings"
hash = "sha256:5eac6093c62542d6155b07fe2fdcba8ba62bc3f1f1ce4028f12bc76afc3dd67e"

[sections.rootfs.layers.source]
type = "path"
path = "../../../Scarlet/user/bin"

[[sections.rootfs.layers]]
kind = "cargo"
bin = "task-manager"
to = "/bin/task-manager"
hash = "sha256:881bd3f1e0484edb698811b87f77c24fa8477c275d8274495595b32a607a09f3"

[sections.rootfs.layers.source]
type = "path"
path = "../../../Scarlet/user/std-bin"

[[sections.rootfs.layers]]
kind = "cargo"
package = "user-bin"
bin = "scarlet-skk"
to = "/bin/scarlet-skk"
hash = "sha256:a7bdb0015b06cf4d64873ebfde25b1020fb416719245d528b2f3eb0ff27f7a77"

[sections.rootfs.layers.source]
type = "path"
path = "../../../Scarlet/user/bin"

[[sections.rootfs.layers]]
kind = "script"
to = "/share/skk/SKK-JISYO.L"
output = "../../../Scarlet/bundles/desktop/.scarlet/cache/skk/SKK-JISYO.L"
hash = "sha256:cb3638df4cf621359db4e5aca385deae3cd0e681540da1c788d004374d261a42"

[sections.rootfs.layers.source]
type = "path"
path = "../../../Scarlet/bundles/desktop/tools/fetch_skk_dictionary.sh"

[[sections.rootfs.layers]]
kind = "cargo"
package = "user-bin"
bin = "wayland-bridge"
to = "/bin/wayland-bridge"
hash = "sha256:afa58f7661caba24ebd596f9f67d2c928c183ccd8cacda4efd83ac56162ff9f0"

[sections.rootfs.layers.source]
type = "path"
path = "../../../Scarlet/user/bin"

[[sections.rootfs.layers]]
kind = "cargo"
bin = "ansi-banner"
to = "/bin/ansi-banner"
hash = "sha256:e5904f013fb6d3e4fcdc35b1eec5093e7dda77ad05966de6c28cbfe30d885be8"

[sections.rootfs.layers.source]
type = "path"
path = "../../../Scarlet/user/std-bin"

[[sections.rootfs.layers]]
kind = "cargo"
package = "user-bin"
bin = "sgfx-probe"
to = "/bin/sgfx-probe"
hash = "sha256:0cd21b1c0ba8837a1f7242c19e386b23f0b51a7504a9b4bbdf43015e3b079e8a"

[sections.rootfs.layers.source]
type = "path"
path = "../../../Scarlet/user/bin"

[[sections.rootfs.layers]]
kind = "cargo"
bin = "sgfx-cube"
to = "/bin/sgfx-cube"
hash = "sha256:76fa164478d10c7023a256cd7ca52b83aadc4bed4112384e607a36e236ff8498"

[sections.rootfs.layers.source]
type = "path"
path = "../../../Scarlet/user/std-bin"

[[sections.rootfs.layers]]
kind = "cargo"
bin = "sgfx-texture"
to = "/bin/sgfx-texture"
hash = "sha256:ead9ceddc39733abafe3965533b274cd1e3249277b41f4da8a0e8d86572387c0"

[sections.rootfs.layers.source]
type = "path"
path = "../../../Scarlet/user/std-bin"

[[sections.rootfs.layers]]
kind = "cargo"
bin = "sgfx-showcase"
to = "/bin/sgfx-showcase"
hash = "sha256:c71d27c7387e003eb071690685c5cedff321cc189a5611f12cca49c54f8546be"

[sections.rootfs.layers.source]
type = "path"
path = "../../../Scarlet/user/std-bin"

[[sections.rootfs.layers]]
kind = "cargo"
package = "vulkan-canvas-demo"
bin = "vulkan-canvas-demo"
to = "/bin/vulkan-canvas-demo"
hash = "sha256:5a4cf240cc591c618e95dee54ed9786bc9f05121fb654add8fa1101d7db43053"

[sections.rootfs.layers.source]
type = "path"
path = "../../../Scarlet/user/vulkan-canvas-demo"

[[sections.rootfs.layers]]
kind = "cargo"
bin = "httpd"
to = "/bin/httpd"
hash = "sha256:fd753e3b943267833da6e85df353d046defacb72a74e5243ec4e4c1b89168853"

[sections.rootfs.layers.source]
type = "path"
path = "../../../Scarlet/user/std-bin"

[[sections.rootfs.layers]]
kind = "cargo"
package = "user-bin"
bin = "ushv"
to = "/bin/ushv"
hash = "sha256:1d0fbae21c5dd0f51500c69ca3ad12479a8e236c6e0e0bd7b1e141e8f29f7c92"

[sections.rootfs.layers.source]
type = "path"
path = "../../../Scarlet/user/bin"

[[sections.rootfs.layers]]
kind = "cargo"
bin = "lsm-list"
to = "/bin/lsm-list"
hash = "sha256:9d72d572353ffb3b13fc6aa198e0c05a0a6de007abea5916dbe4bd0c576688c5"

[sections.rootfs.layers.source]
type = "path"
path = "../../../Scarlet/user/std-bin"

[[sections.rootfs.layers]]
kind = "cargo"
bin = "clock"
to = "/bin/clock"
hash = "sha256:51a2a325ad2c8ced29aa120a960658e2cd0a03fd61e36bd3bc02cdbe6a1608d1"

[sections.rootfs.layers.source]
type = "path"
path = "../../../Scarlet/user/std-bin"

[[sections.rootfs.layers]]
kind = "cargo"
bin = "lsm-load"
to = "/bin/lsm-load"
hash = "sha256:8044e0308a1910ec42810e119773e27c9be1038361bec2dd1103afeed3d4c3ec"

[sections.rootfs.layers.source]
type = "path"
path = "../../../Scarlet/user/std-bin"

[[sections.rootfs.layers]]
kind = "cargo"
bin = "lsm-unload"
to = "/bin/lsm-unload"
hash = "sha256:4a8d7ccfa42decfa9cfa25f2b8beaaf0cc64b0f046e0ae0a482376cfe02fe9e4"

[sections.rootfs.layers.source]
type = "path"
path = "../../../Scarlet/user/std-bin"

[[sections.rootfs.layers]]
kind = "cargo"
bin = "input-dump"
to = "/bin/input-dump"
hash = "sha256:6fa5d263bd7ce9a6d4ec3b8847c0e03f7500a516fa03fff32ab674a2501fa111"

[sections.rootfs.layers.source]
type = "path"
path = "../../../Scarlet/user/std-bin"

[[sections.rootfs.layers]]
kind = "cargo"
bin = "displayctl"
to = "/bin/displayctl"
hash = "sha256:4da86a44595b5d7c87d64755d774eec4987ac1dc24eea8ef0dc0a34909555580"

[sections.rootfs.layers.source]
type = "path"
path = "../../../Scarlet/user/std-bin"

[[sections.rootfs.layers]]
kind = "cargo"
bin = "sensor-dump"
to = "/bin/sensor-dump"
hash = "sha256:09a1f51e99c10eb7cd9d2572f593e83f58437cf992eadecc5947dd848c498ae0"

[sections.rootfs.layers.source]
type = "path"
path = "../../../Scarlet/user/std-bin"

[[sections.rootfs.layers]]
kind = "cargo"
bin = "tabletctl"
to = "/bin/tabletctl"
hash = "sha256:69b3865d916454548a4b186d821d398955785347015631a74863f39e24b3c573"

[sections.rootfs.layers.source]
type = "path"
path = "../../../Scarlet/user/std-bin"

[[sections.rootfs.layers]]
kind = "cargo"
bin = "mozc-server"
to = "/bin/mozc-server"
hash = "sha256:bcfd0607303e52d4be5ca86107b5bec79eb7d8c514f84b9f71a817785a680cf4"

[sections.rootfs.layers.source]
type = "path"
path = "../../../Scarlet/user/bin"

[[sections.rootfs.layers]]
kind = "cargo"
package = "user-bin"
bin = "scarlet-mozc"
to = "/bin/scarlet-mozc"
hash = "sha256:888028e2d4c908061731a37975549dd49d47718cee7e7dd59589342d7a431cf7"

[sections.rootfs.layers.source]
type = "path"
path = "../../../Scarlet/user/bin"

[[sections.rootfs.layers]]
kind = "cargo"
package = "user-bin"
bin = "dcp-flip-test"
to = "/bin/dcp-flip-test"
hash = "sha256:efe898e64c1cccb281cb2d3bcec8544e1728e55ce2aba7d43011507e3a8e9b81"

[sections.rootfs.layers.source]
type = "path"
path = "../../../Scarlet/user/bin"

[[sections.rootfs.layers]]
kind = "cargo"
git = "https://github.com/petitstrawberry/carmine"
git_ref = "de71bdc8826b1fd81ec58cca4f901a768755f82c"
resolved_rev = "de71bdc8826b1fd81ec58cca4f901a768755f82c"
package = "carmine"
bin = "carmine"
to = "/bin/carmine"
hash = "sha256:180f92ad8814c0c9a0ed25d78fdecc43d0c87ad9f8cbd65e37edb6b6f4685a27"

[sections.rootfs.layers.source]
type = "git"
url = "https://github.com/petitstrawberry/carmine"
rev = "de71bdc8826b1fd81ec58cca4f901a768755f82c"

[[sections.rootfs.layers]]
kind = "cargo"
git = "https://github.com/petitstrawberry/myrica"
git_ref = "bae87e0a7da998d9c6bd25e30ff566bbc5324169"
resolved_rev = "bae87e0a7da998d9c6bd25e30ff566bbc5324169"
package = "myrica"
bin = "myrica"
to = "/bin/myrica"
hash = "sha256:43e397455e8b8e60e0aff5a712e0bfee9356a63ba2f0baba044615a774175429"

[sections.rootfs.layers.source]
type = "git"
url = "https://github.com/petitstrawberry/myrica"
rev = "bae87e0a7da998d9c6bd25e30ff566bbc5324169"

[[sections.rootfs.layers]]
kind = "cargo"
git = "https://github.com/petitstrawberry/vellum"
git_ref = "6b214d224fb97b26658de29858d6d03292d640bb"
resolved_rev = "6b214d224fb97b26658de29858d6d03292d640bb"
package = "vellum"
bin = "vellum"
to = "/bin/vellum"
hash = "sha256:d5d5d276208c02be5c870a2154b432dc68b37abbda02fec4a2c749615955df5c"

[sections.rootfs.layers.source]
type = "git"
url = "https://github.com/petitstrawberry/vellum"
rev = "6b214d224fb97b26658de29858d6d03292d640bb"

[[sections.rootfs.layers]]
kind = "cargo"
git = "https://github.com/petitstrawberry/boxcraft"
git_ref = "903e890ab91fc120ac1aa5d68e07fdad9f4ac8df"
resolved_rev = "903e890ab91fc120ac1aa5d68e07fdad9f4ac8df"
package = "boxcraft"
bin = "boxcraft"
to = "/bin/boxcraft"
hash = "sha256:35ab8599b033d0702311e5e124db9ffb1343743f42fbc9c2a8798a43a2ec6c1c"

[sections.rootfs.layers.source]
type = "git"
url = "https://github.com/petitstrawberry/boxcraft"
rev = "903e890ab91fc120ac1aa5d68e07fdad9f4ac8df"

[[sections.rootfs.layers]]
kind = "cargo"
bin = "remote-desktop"
to = "/bin/remote-desktop"
hash = "sha256:dd03d5304efacce30f1729be88179a8682149166473fb0887a82194c72c5dc9f"

[sections.rootfs.layers.source]
type = "path"
path = "../../../Scarlet/user/std-bin"

[[sections.rootfs.layers]]
kind = "archive"
to = "/systems/linux-aarch64"
format = "tar-zst"
strip_components = 1
hash = "sha256:4d94a1870a9be510987c61eb7371d35a7d31415ca49a56ecb8df74791a4e2eb0"

[sections.rootfs.layers.source]
type = "archive"
url = "https://github.com/petitstrawberry/scarlet-bundle-linux/releases/download/v0.1.0/rootfs-aarch64-v0.1.0.tar.zst"
sha256 = "sha256:4d94a1870a9be510987c61eb7371d35a7d31415ca49a56ecb8df74791a4e2eb0"

[[sections.rootfs.layers]]
kind = "archive"
to = "/systems/linux-aarch64"
format = "tar-zst"
strip_components = 1
hash = "sha256:727f20be6a009329e0be7c627f4dd07904588825077e4c431c943d9555499c26"

[sections.rootfs.layers.source]
type = "archive"
url = "https://github.com/petitstrawberry/scarlet-bundle-linux/releases/download/v0.1.0/mozc-aarch64-v0.1.0.tar.zst"
sha256 = "sha256:727f20be6a009329e0be7c627f4dd07904588825077e4c431c943d9555499c26"

[[sections.rootfs.layers]]
kind = "cargo"
git = "https://github.com/petitstrawberry/moonlight-scarlet.git"
git_ref = "c36d9b0367fa7b6fc88d9104f0a7a3b03f6755df"
resolved_rev = "c36d9b0367fa7b6fc88d9104f0a7a3b03f6755df"
package = "moonlight"
bin = "moonlight"
to = "/bin/moonlight"
hash = "sha256:9e3882d4f977dc1ee52c8b701ae764b053e6fe528de2ca754069671e314ef8fc"

[sections.rootfs.layers.source]
type = "git"
url = "https://github.com/petitstrawberry/moonlight-scarlet.git"
rev = "c36d9b0367fa7b6fc88d9104f0a7a3b03f6755df"

[[sections.rootfs.layers]]
kind = "cargo"
git = "https://github.com/petitstrawberry/yt-for-scarlet"
git_ref = "5b12d06fb86157829b653d9204bf465114814a0a"
resolved_rev = "5b12d06fb86157829b653d9204bf465114814a0a"
package = "yt"
bin = "yt"
to = "/bin/yt"
hash = "sha256:9e9e8663eb5c0d74e712de13f4daec9197998fe2ea30f0903fb257f34572fd96"

[sections.rootfs.layers.source]
type = "git"
url = "https://github.com/petitstrawberry/yt-for-scarlet"
rev = "5b12d06fb86157829b653d9204bf465114814a0a"

[[sections.rootfs.layers]]
kind = "cargo"
git = "https://github.com/petitstrawberry/yt-for-scarlet"
git_ref = "5b12d06fb86157829b653d9204bf465114814a0a"
resolved_rev = "5b12d06fb86157829b653d9204bf465114814a0a"
package = "yt-gui"
bin = "yt-gui"
to = "/bin/yt-gui"
hash = "sha256:fd84e2be85cbf67c6f8a5fe52ebd919eba89d4ff09a0a0572d87529db3fd9671"

[sections.rootfs.layers.source]
type = "git"
url = "https://github.com/petitstrawberry/yt-for-scarlet"
rev = "5b12d06fb86157829b653d9204bf465114814a0a"

[[sections.rootfs.layers]]
kind = "cargo"
package = "scarlet-std-bin"
bin = "axum-demo"
to = "/bin/axum-demo"
hash = "sha256:38b65c237862c993e45cbf5b5218a9e748c478050f10484c7d5691c0d75ef746"

[sections.rootfs.layers.source]
type = "path"
path = "../../../Scarlet/user/std-bin"

[[sections.rootfs.layers]]
kind = "cargo"
package = "scarlet-std-bin"
bin = "reqwest-demo"
to = "/bin/reqwest-demo"
hash = "sha256:a9232e23dc1422580c60704a4bda5400d7fe08df36d9c153951fd1d1eee4237d"

[sections.rootfs.layers.source]
type = "path"
path = "../../../Scarlet/user/std-bin"

[[sections.rootfs.layers]]
kind = "cargo"
package = "scarlet-tonic-demo"
bin = "tonic-server"
to = "/bin/tonic-server"
hash = "sha256:82a0898cf5578e97c9a5004710abca3e1c8d631c69c9fa27fbaf00dff1495313"

[sections.rootfs.layers.source]
type = "path"
path = "../../../Scarlet/user/tonic-demo"

[[sections.rootfs.layers]]
kind = "cargo"
package = "scarlet-tonic-demo"
bin = "tonic-client"
to = "/bin/tonic-client"
hash = "sha256:ea31777e53a0d7b13153c1140154a8345918320c75133d0108fc8d257697dedf"

[sections.rootfs.layers.source]
type = "path"
path = "../../../Scarlet/user/tonic-demo"

[[sections.rootfs.layers]]
kind = "cargo"
package = "scarlet-websocket-demo"
bin = "ws-server"
to = "/bin/ws-server"
hash = "sha256:2327ddfc288c894c94d7fec993f6734863b61ae2e12e5c0ab5ecfb961b8e660f"

[sections.rootfs.layers.source]
type = "path"
path = "../../../Scarlet/user/websocket-demo"

[[sections.rootfs.layers]]
kind = "cargo"
package = "scarlet-websocket-demo"
bin = "ws-client"
to = "/bin/ws-client"
hash = "sha256:73e43cfb949d39fbc18d19188fe43e127773e956d11155796d74fa7f53b97c29"

[sections.rootfs.layers.source]
type = "path"
path = "../../../Scarlet/user/websocket-demo"

[[sections.rootfs.layers]]
kind = "cargo"
git = "https://github.com/petitstrawberry/blitz"
git_ref = "c26e20dfff971941486ca9f50c8dcd332ec404da"
resolved_rev = "c26e20dfff971941486ca9f50c8dcd332ec404da"
package = "blitz-scarlet-browser"
bin = "blitz"
subdir = "apps/scarlet-browser"
to = "/bin/blitz"
hash = "sha256:d7c040d461b118edb3cf05ba5d212d7e724d860c52290c92561e23d04ac2292f"

[sections.rootfs.layers.source]
type = "git"
url = "https://github.com/petitstrawberry/blitz"
rev = "c26e20dfff971941486ca9f50c8dcd332ec404da"

[[sections.rootfs.layers]]
kind = "cargo"
package = "video_player"
bin = "video-player"
features = [
    "h264-stateless-hw",
    "mp4-aac",
]
default-features = false
to = "/bin/video-player"
hash = "sha256:5a454219e862332a76c21a125c160ca96ca077691cc90dd0978aedde0b02e010"

[sections.rootfs.layers.source]
type = "path"
path = "../../../Scarlet/user/video_player"
