# Generated by cargo-scarlet — do not edit

[sections.initramfs]
hash = "sha256:4793b0a912d2bf2ff1d5cce16f4534a3684188978f5c3849f38582523c6a24ab"

[[sections.initramfs.layers]]
kind = "cargo"
package = "user-bin"
bin = "init"
to = "/init"
hash = "sha256:d2e33a77aa7f1983f4f2976eb1682fa2028f5f9274b27de5e03f2b5f25d84111"

[sections.initramfs.layers.source]
type = "path"
path = "../../../Scarlet/user/bin"

[[sections.initramfs.layers]]
kind = "cargo"
package = "user-bin"
bin = "sh"
to = "/bin/sh"
hash = "sha256:f2efd4ae089ad4d50b9a1defed6589927a5370802f64afee69286b87a2e2912c"

[sections.initramfs.layers.source]
type = "path"
path = "../../../Scarlet/user/bin"

[[sections.initramfs.layers]]
kind = "cargo"
package = "user-bin"
bin = "login"
to = "/bin/login"
hash = "sha256:53bbee17ff6f9dbaefdf7080b3b995b1570f29241fe6eb2679410140b2a3556d"

[sections.initramfs.layers.source]
type = "path"
path = "../../../Scarlet/user/bin"

[[sections.initramfs.layers]]
kind = "cargo"
package = "scarlet-std-bin"
bin = "stemd"
to = "/bin/stemd"
hash = "sha256:165d0273454bf3de6671e6adb1a3a17ac98d8d563a746194c5dd54d3f0180159"

[sections.initramfs.layers.source]
type = "path"
path = "../../../Scarlet/user/std-bin"

[[sections.initramfs.layers]]
kind = "cargo"
package = "scarlet-std-bin"
bin = "logd"
to = "/bin/logd"
hash = "sha256:0baf205e2fdf53e4645dd263fe51ae162ad3f2d10347a04a41d9ff7736c81741"

[sections.initramfs.layers.source]
type = "path"
path = "../../../Scarlet/user/std-bin"

[[sections.initramfs.layers]]
kind = "cargo"
package = "scarlet-std-bin"
bin = "logctl"
to = "/bin/logctl"
hash = "sha256:4bdc7dd3a013b92702df7627e9b32cea0039e58069180d0b06a58f8d28f6245f"

[sections.initramfs.layers.source]
type = "path"
path = "../../../Scarlet/user/std-bin"

[[sections.initramfs.layers]]
kind = "cargo"
package = "user-bin"
bin = "sbusd"
to = "/bin/sbusd"
hash = "sha256:519e075a067d842067ebbef7010bfaa460cf2193e6354125045a8fc5643963c1"

[sections.initramfs.layers.source]
type = "path"
path = "../../../Scarlet/user/bin"

[[sections.initramfs.layers]]
kind = "cargo"
bin = "hello"
to = "/bin/hello"
hash = "sha256:e212ca509f1c16e7bc3f2c215b8c8ec3c486132fa5de0d8dd297125ae0d83594"

[sections.initramfs.layers.source]
type = "path"
path = "../../../Scarlet/user/std-bin"

[[sections.initramfs.layers]]
kind = "cargo"
package = "scarlet-std-bin"
bin = "kernel-info"
to = "/bin/kernel-info"
hash = "sha256:9e7bef11fc30add813b49151af30c61a16e0f6b73a40422de9ddfe89d6de5da6"

[sections.initramfs.layers.source]
type = "path"
path = "../../../Scarlet/user/std-bin"

[[sections.initramfs.layers]]
kind = "cargo"
package = "user-bin"
bin = "ps"
to = "/bin/ps"
hash = "sha256:18b041cef0d6599f540862cee09ccc4ecd0c75efdf2d9d3fee45bdd3adaece66"

[sections.initramfs.layers.source]
type = "path"
path = "../../../Scarlet/user/bin"

[[sections.initramfs.layers]]
kind = "cargo"
bin = "shutdown"
to = "/bin/shutdown"
hash = "sha256:678768269036636aa84baee80e7f9627a127a9c2bb4cea6353c6bc38c57d317e"

[sections.initramfs.layers.source]
type = "path"
path = "../../../Scarlet/user/std-bin"

[[sections.initramfs.layers]]
kind = "cargo"
package = "scarlet-std-bin"
bin = "top"
to = "/bin/top"
hash = "sha256:01879895c35c0dc0db375dd1ac5bb8f5d89734b463919ce9395ccc13a71a3a9d"

[sections.initramfs.layers.source]
type = "path"
path = "../../../Scarlet/user/std-bin"

[[sections.initramfs.layers]]
kind = "cargo"
package = "scarlet-std-bin"
bin = "kill"
to = "/bin/kill"
hash = "sha256:650a3fedc4ca5d021fe5df9d909f215d4921a3afc22c51e77411315420ef3c97"

[sections.initramfs.layers.source]
type = "path"
path = "../../../Scarlet/user/std-bin"

[[sections.initramfs.layers]]
kind = "cargo"
package = "user-bin"
bin = "scpm"
to = "/bin/scpm"
hash = "sha256:2b6ba5a11e6d2ff8911829c7dd711470c57a072ba91d0cf8de4e4fcafd8b0267"

[sections.initramfs.layers.source]
type = "path"
path = "../../../Scarlet/user/bin"

[[sections.initramfs.layers]]
kind = "cargo"
package = "user-bin"
bin = "netcfgd"
to = "/bin/netcfgd"
hash = "sha256:c0338d6814ca041320d914c5e40d0f478b8498ce13a4d8c02148f8dcb0f2c4a3"

[sections.initramfs.layers.source]
type = "path"
path = "../../../Scarlet/user/bin"

[[sections.initramfs.layers]]
kind = "cargo"
package = "user-bin"
bin = "sshd"
to = "/bin/sshd"
hash = "sha256:7429f87b419b416093c1d81ddb699b27eba7c1831a0c6fe0da9d97d44b66cdf4"

[sections.initramfs.layers.source]
type = "path"
path = "../../../Scarlet/user/bin"

[[sections.initramfs.layers]]
kind = "cargo"
bin = "resolverd"
to = "/bin/resolverd"
hash = "sha256:dcda827a7d97b701563e3377751042c24a5fab93afd672184615d4d928d464ac"

[sections.initramfs.layers.source]
type = "path"
path = "../../../Scarlet/user/std-bin"

[[sections.initramfs.layers]]
kind = "cargo"
bin = "cpufreqctl"
to = "/bin/cpufreqctl"
hash = "sha256:b48c49776a47453766432a97be10656268c95cde66752c9d6d4db1eaf58b1fa2"

[sections.initramfs.layers.source]
type = "path"
path = "../../../Scarlet/user/std-bin"

[[sections.initramfs.layers]]
kind = "cargo"
package = "user-bin"
bin = "storage-check"
to = "/bin/storage-check"
hash = "sha256:d242a761c2d6092947b83464b4bbd23093921b46143b39dcdb05455f903baaa4"

[sections.initramfs.layers.source]
type = "path"
path = "../../../Scarlet/user/bin"

[[sections.initramfs.layers]]
kind = "cargo"
bin = "gpu-info"
to = "/bin/gpu-info"
hash = "sha256:d9191df71d34ebe4e87ec99b8d1bc2129f160fc0238a6a666bc04371aff0a714"

[sections.initramfs.layers.source]
type = "path"
path = "../../../Scarlet/user/std-bin"

[[sections.initramfs.layers]]
kind = "cargo"
bin = "abi-run"
to = "/bin/abi-run"
hash = "sha256:8a2106a23ec37347ed9f52cb00b578072a34a169c0ca0405baf1b3ea41dd00a3"

[sections.initramfs.layers.source]
type = "path"
path = "../../../Scarlet/user/std-bin"

[[sections.initramfs.layers]]
kind = "cargo"
bin = "ls"
to = "/bin/ls"
hash = "sha256:24aefcb4342839adecbcdcff6652c29fae86fc22a11c54da2eef762208cfaa8e"

[sections.initramfs.layers.source]
type = "path"
path = "../../../Scarlet/user/std-bin"

[[sections.initramfs.layers]]
kind = "cargo"
bin = "cat"
to = "/bin/cat"
hash = "sha256:dd499e80a973e3a037c64ed4111be7d5cb7eed606336fc1e7597efeb78031a0d"

[sections.initramfs.layers.source]
type = "path"
path = "../../../Scarlet/user/std-bin"

[[sections.initramfs.layers]]
kind = "cargo"
bin = "rm"
to = "/bin/rm"
hash = "sha256:4072560ff2ce4751a05ef8bf00f3860054c27ee64cfad3c3482a5a90ffba0463"

[sections.initramfs.layers.source]
type = "path"
path = "../../../Scarlet/user/std-bin"

[[sections.initramfs.layers]]
kind = "cargo"
bin = "resolve"
to = "/bin/resolve"
hash = "sha256:da0e35ef722c391c34947507e8ae814876438e63bec673f48fe356b96492b808"

[sections.initramfs.layers.source]
type = "path"
path = "../../../Scarlet/user/std-bin"

[[sections.initramfs.layers]]
kind = "cargo"
bin = "nc"
to = "/bin/nc"
hash = "sha256:33e0afa20bc80652a32da70a8f8ea1998983f563aa6218251dbb1576e7e03ccd"

[sections.initramfs.layers.source]
type = "path"
path = "../../../Scarlet/user/std-bin"

[[sections.initramfs.layers]]
kind = "cargo"
bin = "ping"
to = "/bin/ping"
hash = "sha256:5ed5ed34c809893f21ec13d00c2da7443e67cc8a86d001dd7ba8e82fb698c3dc"

[sections.initramfs.layers.source]
type = "path"
path = "../../../Scarlet/user/std-bin"

[[sections.initramfs.layers]]
kind = "cargo"
bin = "netcfg"
to = "/bin/netcfg"
hash = "sha256:2deb0201d05747b41cbc5e92bf3910fcf8926ca49c8928b12ddd34fa0ce25d22"

[sections.initramfs.layers.source]
type = "path"
path = "../../../Scarlet/user/std-bin"

[[sections.initramfs.layers]]
kind = "cargo"
bin = "watch"
to = "/bin/watch"
hash = "sha256:0afa1aa2105e563005ef55c8ecb7c6ff145e373de1ef473e3075395d27b8cf62"

[sections.initramfs.layers.source]
type = "path"
path = "../../../Scarlet/user/std-bin"

[[sections.initramfs.layers]]
kind = "cargo"
bin = "date"
to = "/bin/date"
hash = "sha256:bff46cbed43e9b755d2c3c9f185f4b866e47643c18cfd9532e112fc669c4fcb5"

[sections.initramfs.layers.source]
type = "path"
path = "../../../Scarlet/user/std-bin"

[[sections.initramfs.layers]]
kind = "cargo"
bin = "fb-test"
to = "/bin/fb-test"
hash = "sha256:8c1b614bf257e4eae28786211c5fd3b1de4332751be8a6cd7516b179c5bf2376"

[sections.initramfs.layers.source]
type = "path"
path = "../../../Scarlet/user/std-bin"

[[sections.initramfs.layers]]
kind = "cargo"
package = "user-bin"
bin = "scarlet-desktop"
to = "/bin/scarlet-desktop"
hash = "sha256:ed91ce90428dcec11351aba0c243d356e91e0120ea5771779a6d20ea132e8210"

[sections.initramfs.layers.source]
type = "path"
path = "../../../Scarlet/user/bin"

[[sections.initramfs.layers]]
kind = "cargo"
package = "user-bin"
bin = "desktop-settings"
to = "/bin/desktop-settings"
hash = "sha256:8fd134a08238af592c52bdecaba12fa74e50f9c8ec8366cc861a46c4dc573907"

[sections.initramfs.layers.source]
type = "path"
path = "../../../Scarlet/user/bin"

[[sections.initramfs.layers]]
kind = "cargo"
package = "scarlet-std-bin"
bin = "files"
to = "/bin/files"
hash = "sha256:09270fddcd1d51dfdc57f882ef0d108020d992665f875f23151cc60a236507da"

[sections.initramfs.layers.source]
type = "path"
path = "../../../Scarlet/user/std-bin"

[[sections.initramfs.layers]]
kind = "cargo"
package = "scarlet-std-bin"
bin = "notepad"
to = "/bin/notepad"
hash = "sha256:a4dc42ba9aafcd7cd2220a4b771e620e02bbdeed7c4d6294fcd3a903ddc66798"

[sections.initramfs.layers.source]
type = "path"
path = "../../../Scarlet/user/std-bin"

[[sections.initramfs.layers]]
kind = "cargo"
package = "scarlet-std-bin"
bin = "scarlet-shell"
to = "/bin/scarlet-shell"
hash = "sha256:f724b1d9c74de34fc516372c63d2e8d2369b9813db77409450a4bcd8204ef3f5"

[sections.initramfs.layers.source]
type = "path"
path = "../../../Scarlet/user/std-bin"

[[sections.initramfs.layers]]
kind = "cargo"
package = "user-bin"
bin = "terminal"
to = "/bin/terminal"
hash = "sha256:e15222692fb3aea794f14e2b82dbc9c94c94e30b55019bee4466a6d7cac6ecf2"

[sections.initramfs.layers.source]
type = "path"
path = "../../../Scarlet/user/bin"

[[sections.initramfs.layers]]
kind = "cargo"
package = "scarlet-std-bin"
bin = "sws"
to = "/bin/sws"
hash = "sha256:2513ad9a10497d0707b01cb819dc6e7c07cfbfe07e4144e2e18e42b3a962270b"

[sections.initramfs.layers.source]
type = "path"
path = "../../../Scarlet/user/std-bin"

[[sections.initramfs.layers]]
kind = "cargo"
package = "user-bin"
bin = "sas"
to = "/bin/sas"
hash = "sha256:b1c323f667aaa67be17859cf6892a840277151a901f1a6f2e953d66dbdd2a73d"

[sections.initramfs.layers.source]
type = "path"
path = "../../../Scarlet/user/bin"

[[sections.initramfs.layers]]
kind = "cargo"
bin = "sasctl"
to = "/bin/sasctl"
hash = "sha256:b88d12e102450ed5d07d525044e207b9be39b61a3eedc6d8624b0f9ef3de7fb0"

[sections.initramfs.layers.source]
type = "path"
path = "../../../Scarlet/user/std-bin"

[[sections.initramfs.layers]]
kind = "cargo"
package = "user-bin"
bin = "ui-benchmark"
to = "/bin/ui-benchmark"
hash = "sha256:7d435fec60eb71db59401b1237029727cbc02996692dba076719a5194cf668bd"

[sections.initramfs.layers.source]
type = "path"
path = "../../../Scarlet/user/bin"

[[sections.initramfs.layers]]
kind = "cargo"
bin = "ui-sgfx-showcase"
to = "/bin/ui-sgfx-showcase"
hash = "sha256:f9e4a4594cd145d1d7c455ccf9e0c94b6d6b218a737b1c554de2d16cc7ffc4f1"

[sections.initramfs.layers.source]
type = "path"
path = "../../../Scarlet/user/std-bin"

[[sections.initramfs.layers]]
kind = "cargo"
package = "user-bin"
bin = "settings"
to = "/bin/settings"
hash = "sha256:48c81407d38a60ff87598e899b156c08465861c9c16067d61323bae314f39f70"

[sections.initramfs.layers.source]
type = "path"
path = "../../../Scarlet/user/bin"

[[sections.initramfs.layers]]
kind = "cargo"
bin = "task-manager"
to = "/bin/task-manager"
hash = "sha256:971dc7f01994e06e54cfdd0b47dc45776de04ba2bbc6a8b808a8841229739b05"

[sections.initramfs.layers.source]
type = "path"
path = "../../../Scarlet/user/std-bin"

[[sections.initramfs.layers]]
kind = "cargo"
package = "user-bin"
bin = "sgfx-probe"
to = "/bin/sgfx-probe"
hash = "sha256:ea558083cdb2f49c58f65db83f68c0c519b3ba615c602a212504c724de0ff3d3"

[sections.initramfs.layers.source]
type = "path"
path = "../../../Scarlet/user/bin"

[[sections.initramfs.layers]]
kind = "cargo"
bin = "sgfx-cube"
to = "/bin/sgfx-cube"
hash = "sha256:b070d3615de2d3141c1a700f015a4ffaeed669ff9099a8edd01e4db2ecd9245b"

[sections.initramfs.layers.source]
type = "path"
path = "../../../Scarlet/user/std-bin"

[[sections.initramfs.layers]]
kind = "cargo"
bin = "sgfx-showcase"
to = "/bin/sgfx-showcase"
hash = "sha256:40ff5704e4230499a89226440940813e32582970fd1d90fdd5b44cfc53c23857"

[sections.initramfs.layers.source]
type = "path"
path = "../../../Scarlet/user/std-bin"

[[sections.initramfs.layers]]
kind = "cargo"
bin = "clock"
to = "/bin/clock"
hash = "sha256:d392c588d397ba593661b5e1c6dd33d0c179a632a0866faea6fc550062b3d383"

[sections.initramfs.layers.source]
type = "path"
path = "../../../Scarlet/user/std-bin"

[[sections.initramfs.layers]]
kind = "cargo"
package = "video_player"
bin = "video-player"
features = [
    "h264-stateless-hw",
    "mp4-aac",
]
default-features = false
to = "/bin/video-player"
hash = ""

[sections.initramfs.layers.source]
type = "path"
path = "../../../Scarlet/user/video_player"

[sections.rootfs]
hash = "sha256:b759f2d57547f2227ebf1d18ecf2ffd878eb7e43d5a8f637f4eb25b07ecb0a2b"

[[sections.rootfs.layers]]
kind = "cargo"
package = "user-bin"
bin = "init"
to = "/init"
hash = "sha256:d2e33a77aa7f1983f4f2976eb1682fa2028f5f9274b27de5e03f2b5f25d84111"

[sections.rootfs.layers.source]
type = "path"
path = "../../../Scarlet/user/bin"

[[sections.rootfs.layers]]
kind = "cargo"
package = "user-bin"
bin = "sh"
to = "/bin/sh"
hash = "sha256:f2efd4ae089ad4d50b9a1defed6589927a5370802f64afee69286b87a2e2912c"

[sections.rootfs.layers.source]
type = "path"
path = "../../../Scarlet/user/bin"

[[sections.rootfs.layers]]
kind = "cargo"
package = "user-bin"
bin = "login"
to = "/bin/login"
hash = "sha256:53bbee17ff6f9dbaefdf7080b3b995b1570f29241fe6eb2679410140b2a3556d"

[sections.rootfs.layers.source]
type = "path"
path = "../../../Scarlet/user/bin"

[[sections.rootfs.layers]]
kind = "cargo"
package = "scarlet-std-bin"
bin = "stemd"
to = "/bin/stemd"
hash = "sha256:165d0273454bf3de6671e6adb1a3a17ac98d8d563a746194c5dd54d3f0180159"

[sections.rootfs.layers.source]
type = "path"
path = "../../../Scarlet/user/std-bin"

[[sections.rootfs.layers]]
kind = "cargo"
package = "scarlet-std-bin"
bin = "logd"
to = "/bin/logd"
hash = "sha256:0baf205e2fdf53e4645dd263fe51ae162ad3f2d10347a04a41d9ff7736c81741"

[sections.rootfs.layers.source]
type = "path"
path = "../../../Scarlet/user/std-bin"

[[sections.rootfs.layers]]
kind = "cargo"
package = "scarlet-std-bin"
bin = "logctl"
to = "/bin/logctl"
hash = "sha256:4bdc7dd3a013b92702df7627e9b32cea0039e58069180d0b06a58f8d28f6245f"

[sections.rootfs.layers.source]
type = "path"
path = "../../../Scarlet/user/std-bin"

[[sections.rootfs.layers]]
kind = "cargo"
package = "user-bin"
bin = "sbusd"
to = "/bin/sbusd"
hash = "sha256:519e075a067d842067ebbef7010bfaa460cf2193e6354125045a8fc5643963c1"

[sections.rootfs.layers.source]
type = "path"
path = "../../../Scarlet/user/bin"

[[sections.rootfs.layers]]
kind = "cargo"
bin = "hello"
to = "/bin/hello"
hash = "sha256:e212ca509f1c16e7bc3f2c215b8c8ec3c486132fa5de0d8dd297125ae0d83594"

[sections.rootfs.layers.source]
type = "path"
path = "../../../Scarlet/user/std-bin"

[[sections.rootfs.layers]]
kind = "cargo"
package = "scarlet-std-bin"
bin = "kernel-info"
to = "/bin/kernel-info"
hash = "sha256:9e7bef11fc30add813b49151af30c61a16e0f6b73a40422de9ddfe89d6de5da6"

[sections.rootfs.layers.source]
type = "path"
path = "../../../Scarlet/user/std-bin"

[[sections.rootfs.layers]]
kind = "cargo"
package = "user-bin"
bin = "ps"
to = "/bin/ps"
hash = "sha256:18b041cef0d6599f540862cee09ccc4ecd0c75efdf2d9d3fee45bdd3adaece66"

[sections.rootfs.layers.source]
type = "path"
path = "../../../Scarlet/user/bin"

[[sections.rootfs.layers]]
kind = "cargo"
bin = "shutdown"
to = "/bin/shutdown"
hash = "sha256:678768269036636aa84baee80e7f9627a127a9c2bb4cea6353c6bc38c57d317e"

[sections.rootfs.layers.source]
type = "path"
path = "../../../Scarlet/user/std-bin"

[[sections.rootfs.layers]]
kind = "cargo"
package = "scarlet-std-bin"
bin = "top"
to = "/bin/top"
hash = "sha256:01879895c35c0dc0db375dd1ac5bb8f5d89734b463919ce9395ccc13a71a3a9d"

[sections.rootfs.layers.source]
type = "path"
path = "../../../Scarlet/user/std-bin"

[[sections.rootfs.layers]]
kind = "cargo"
package = "scarlet-std-bin"
bin = "kill"
to = "/bin/kill"
hash = "sha256:650a3fedc4ca5d021fe5df9d909f215d4921a3afc22c51e77411315420ef3c97"

[sections.rootfs.layers.source]
type = "path"
path = "../../../Scarlet/user/std-bin"

[[sections.rootfs.layers]]
kind = "cargo"
package = "user-bin"
bin = "scpm"
to = "/bin/scpm"
hash = "sha256:2b6ba5a11e6d2ff8911829c7dd711470c57a072ba91d0cf8de4e4fcafd8b0267"

[sections.rootfs.layers.source]
type = "path"
path = "../../../Scarlet/user/bin"

[[sections.rootfs.layers]]
kind = "cargo"
package = "user-bin"
bin = "netcfgd"
to = "/bin/netcfgd"
hash = "sha256:c0338d6814ca041320d914c5e40d0f478b8498ce13a4d8c02148f8dcb0f2c4a3"

[sections.rootfs.layers.source]
type = "path"
path = "../../../Scarlet/user/bin"

[[sections.rootfs.layers]]
kind = "cargo"
package = "user-bin"
bin = "sshd"
to = "/bin/sshd"
hash = "sha256:7429f87b419b416093c1d81ddb699b27eba7c1831a0c6fe0da9d97d44b66cdf4"

[sections.rootfs.layers.source]
type = "path"
path = "../../../Scarlet/user/bin"

[[sections.rootfs.layers]]
kind = "cargo"
bin = "resolverd"
to = "/bin/resolverd"
hash = "sha256:dcda827a7d97b701563e3377751042c24a5fab93afd672184615d4d928d464ac"

[sections.rootfs.layers.source]
type = "path"
path = "../../../Scarlet/user/std-bin"

[[sections.rootfs.layers]]
kind = "cargo"
bin = "cpufreqctl"
to = "/bin/cpufreqctl"
hash = "sha256:b48c49776a47453766432a97be10656268c95cde66752c9d6d4db1eaf58b1fa2"

[sections.rootfs.layers.source]
type = "path"
path = "../../../Scarlet/user/std-bin"

[[sections.rootfs.layers]]
kind = "cargo"
package = "user-bin"
bin = "storage-check"
to = "/bin/storage-check"
hash = "sha256:d242a761c2d6092947b83464b4bbd23093921b46143b39dcdb05455f903baaa4"

[sections.rootfs.layers.source]
type = "path"
path = "../../../Scarlet/user/bin"

[[sections.rootfs.layers]]
kind = "cargo"
bin = "gpu-info"
to = "/bin/gpu-info"
hash = "sha256:d9191df71d34ebe4e87ec99b8d1bc2129f160fc0238a6a666bc04371aff0a714"

[sections.rootfs.layers.source]
type = "path"
path = "../../../Scarlet/user/std-bin"

[[sections.rootfs.layers]]
kind = "cargo"
bin = "abi-run"
to = "/bin/abi-run"
hash = "sha256:8a2106a23ec37347ed9f52cb00b578072a34a169c0ca0405baf1b3ea41dd00a3"

[sections.rootfs.layers.source]
type = "path"
path = "../../../Scarlet/user/std-bin"

[[sections.rootfs.layers]]
kind = "cargo"
bin = "ls"
to = "/bin/ls"
hash = "sha256:24aefcb4342839adecbcdcff6652c29fae86fc22a11c54da2eef762208cfaa8e"

[sections.rootfs.layers.source]
type = "path"
path = "../../../Scarlet/user/std-bin"

[[sections.rootfs.layers]]
kind = "cargo"
bin = "cat"
to = "/bin/cat"
hash = "sha256:dd499e80a973e3a037c64ed4111be7d5cb7eed606336fc1e7597efeb78031a0d"

[sections.rootfs.layers.source]
type = "path"
path = "../../../Scarlet/user/std-bin"

[[sections.rootfs.layers]]
kind = "cargo"
bin = "rm"
to = "/bin/rm"
hash = "sha256:4072560ff2ce4751a05ef8bf00f3860054c27ee64cfad3c3482a5a90ffba0463"

[sections.rootfs.layers.source]
type = "path"
path = "../../../Scarlet/user/std-bin"

[[sections.rootfs.layers]]
kind = "cargo"
bin = "resolve"
to = "/bin/resolve"
hash = "sha256:da0e35ef722c391c34947507e8ae814876438e63bec673f48fe356b96492b808"

[sections.rootfs.layers.source]
type = "path"
path = "../../../Scarlet/user/std-bin"

[[sections.rootfs.layers]]
kind = "cargo"
bin = "nc"
to = "/bin/nc"
hash = "sha256:33e0afa20bc80652a32da70a8f8ea1998983f563aa6218251dbb1576e7e03ccd"

[sections.rootfs.layers.source]
type = "path"
path = "../../../Scarlet/user/std-bin"

[[sections.rootfs.layers]]
kind = "cargo"
bin = "ping"
to = "/bin/ping"
hash = "sha256:5ed5ed34c809893f21ec13d00c2da7443e67cc8a86d001dd7ba8e82fb698c3dc"

[sections.rootfs.layers.source]
type = "path"
path = "../../../Scarlet/user/std-bin"

[[sections.rootfs.layers]]
kind = "cargo"
bin = "netcfg"
to = "/bin/netcfg"
hash = "sha256:2deb0201d05747b41cbc5e92bf3910fcf8926ca49c8928b12ddd34fa0ce25d22"

[sections.rootfs.layers.source]
type = "path"
path = "../../../Scarlet/user/std-bin"

[[sections.rootfs.layers]]
kind = "cargo"
bin = "watch"
to = "/bin/watch"
hash = "sha256:0afa1aa2105e563005ef55c8ecb7c6ff145e373de1ef473e3075395d27b8cf62"

[sections.rootfs.layers.source]
type = "path"
path = "../../../Scarlet/user/std-bin"

[[sections.rootfs.layers]]
kind = "cargo"
bin = "date"
to = "/bin/date"
hash = "sha256:bff46cbed43e9b755d2c3c9f185f4b866e47643c18cfd9532e112fc669c4fcb5"

[sections.rootfs.layers.source]
type = "path"
path = "../../../Scarlet/user/std-bin"

[[sections.rootfs.layers]]
kind = "cargo"
bin = "fb-test"
to = "/bin/fb-test"
hash = "sha256:8c1b614bf257e4eae28786211c5fd3b1de4332751be8a6cd7516b179c5bf2376"

[sections.rootfs.layers.source]
type = "path"
path = "../../../Scarlet/user/std-bin"

[[sections.rootfs.layers]]
kind = "cargo"
package = "user-bin"
bin = "scarlet-desktop"
to = "/bin/scarlet-desktop"
hash = "sha256:ed91ce90428dcec11351aba0c243d356e91e0120ea5771779a6d20ea132e8210"

[sections.rootfs.layers.source]
type = "path"
path = "../../../Scarlet/user/bin"

[[sections.rootfs.layers]]
kind = "cargo"
package = "user-bin"
bin = "desktop-settings"
to = "/bin/desktop-settings"
hash = "sha256:8fd134a08238af592c52bdecaba12fa74e50f9c8ec8366cc861a46c4dc573907"

[sections.rootfs.layers.source]
type = "path"
path = "../../../Scarlet/user/bin"

[[sections.rootfs.layers]]
kind = "cargo"
package = "scarlet-std-bin"
bin = "files"
to = "/bin/files"
hash = "sha256:09270fddcd1d51dfdc57f882ef0d108020d992665f875f23151cc60a236507da"

[sections.rootfs.layers.source]
type = "path"
path = "../../../Scarlet/user/std-bin"

[[sections.rootfs.layers]]
kind = "cargo"
package = "scarlet-std-bin"
bin = "notepad"
to = "/bin/notepad"
hash = "sha256:a4dc42ba9aafcd7cd2220a4b771e620e02bbdeed7c4d6294fcd3a903ddc66798"

[sections.rootfs.layers.source]
type = "path"
path = "../../../Scarlet/user/std-bin"

[[sections.rootfs.layers]]
kind = "cargo"
package = "scarlet-std-bin"
bin = "scarlet-shell"
to = "/bin/scarlet-shell"
hash = "sha256:f724b1d9c74de34fc516372c63d2e8d2369b9813db77409450a4bcd8204ef3f5"

[sections.rootfs.layers.source]
type = "path"
path = "../../../Scarlet/user/std-bin"

[[sections.rootfs.layers]]
kind = "cargo"
package = "user-bin"
bin = "terminal"
to = "/bin/terminal"
hash = "sha256:e15222692fb3aea794f14e2b82dbc9c94c94e30b55019bee4466a6d7cac6ecf2"

[sections.rootfs.layers.source]
type = "path"
path = "../../../Scarlet/user/bin"

[[sections.rootfs.layers]]
kind = "cargo"
package = "scarlet-std-bin"
bin = "sws"
to = "/bin/sws"
hash = "sha256:2513ad9a10497d0707b01cb819dc6e7c07cfbfe07e4144e2e18e42b3a962270b"

[sections.rootfs.layers.source]
type = "path"
path = "../../../Scarlet/user/std-bin"

[[sections.rootfs.layers]]
kind = "cargo"
package = "user-bin"
bin = "sas"
to = "/bin/sas"
hash = "sha256:b1c323f667aaa67be17859cf6892a840277151a901f1a6f2e953d66dbdd2a73d"

[sections.rootfs.layers.source]
type = "path"
path = "../../../Scarlet/user/bin"

[[sections.rootfs.layers]]
kind = "cargo"
bin = "sasctl"
to = "/bin/sasctl"
hash = "sha256:b88d12e102450ed5d07d525044e207b9be39b61a3eedc6d8624b0f9ef3de7fb0"

[sections.rootfs.layers.source]
type = "path"
path = "../../../Scarlet/user/std-bin"

[[sections.rootfs.layers]]
kind = "cargo"
package = "user-bin"
bin = "mplayer"
to = "/bin/mplayer"
hash = "sha256:2a05950e5779fcba7200dd48a3cd1f55979ddbde13e9c81b973ff28dc2ab9113"

[sections.rootfs.layers.source]
type = "path"
path = "../../../Scarlet/user/bin"

[[sections.rootfs.layers]]
kind = "cargo"
package = "user-bin"
bin = "ui-demo"
to = "/bin/ui-demo"
hash = "sha256:6c0aecbae0bd4412fce77d27a4bbba525d5efcaf20472adcf1c5750aa88194e7"

[sections.rootfs.layers.source]
type = "path"
path = "../../../Scarlet/user/bin"

[[sections.rootfs.layers]]
kind = "cargo"
package = "user-bin"
bin = "ui-benchmark"
to = "/bin/ui-benchmark"
hash = "sha256:7d435fec60eb71db59401b1237029727cbc02996692dba076719a5194cf668bd"

[sections.rootfs.layers.source]
type = "path"
path = "../../../Scarlet/user/bin"

[[sections.rootfs.layers]]
kind = "cargo"
git = "https://github.com/petitstrawberry/scarlet-ui"
git_ref = "8d3beb1a3d6d77a7536fc3aa4f9ab181359588d2"
resolved_rev = "8d3beb1a3d6d77a7536fc3aa4f9ab181359588d2"
package = "scarlet-ui-widget-factory"
bin = "scarlet-ui-widget-factory"
subdir = "examples/widget-factory"
to = "/bin/widget-factory"
hash = "sha256:1072a4b9b1ceb97711ee891c406613d50838d235e50e75b3d0659e3ba65170a0"

[sections.rootfs.layers.source]
type = "git"
url = "https://github.com/petitstrawberry/scarlet-ui"
rev = "8d3beb1a3d6d77a7536fc3aa4f9ab181359588d2"

[[sections.rootfs.layers]]
kind = "cargo"
bin = "ui-sgfx-showcase"
to = "/bin/ui-sgfx-showcase"
hash = "sha256:f9e4a4594cd145d1d7c455ccf9e0c94b6d6b218a737b1c554de2d16cc7ffc4f1"

[sections.rootfs.layers.source]
type = "path"
path = "../../../Scarlet/user/std-bin"

[[sections.rootfs.layers]]
kind = "cargo"
package = "user-bin"
bin = "settings"
to = "/bin/settings"
hash = "sha256:48c81407d38a60ff87598e899b156c08465861c9c16067d61323bae314f39f70"

[sections.rootfs.layers.source]
type = "path"
path = "../../../Scarlet/user/bin"

[[sections.rootfs.layers]]
kind = "cargo"
bin = "task-manager"
to = "/bin/task-manager"
hash = "sha256:971dc7f01994e06e54cfdd0b47dc45776de04ba2bbc6a8b808a8841229739b05"

[sections.rootfs.layers.source]
type = "path"
path = "../../../Scarlet/user/std-bin"

[[sections.rootfs.layers]]
kind = "cargo"
package = "user-bin"
bin = "scarlet-skk"
to = "/bin/scarlet-skk"
hash = "sha256:f271126409342f532425b67fed4fbd5fefd3ed85a4c5cd321539f217b404cc71"

[sections.rootfs.layers.source]
type = "path"
path = "../../../Scarlet/user/bin"

[[sections.rootfs.layers]]
kind = "script"
to = "/share/skk/SKK-JISYO.L"
output = "../../../Scarlet/bundles/desktop/.scarlet/cache/skk/SKK-JISYO.L"
hash = "sha256:cb3638df4cf621359db4e5aca385deae3cd0e681540da1c788d004374d261a42"

[sections.rootfs.layers.source]
type = "path"
path = "../../../Scarlet/bundles/desktop/tools/fetch_skk_dictionary.sh"

[[sections.rootfs.layers]]
kind = "cargo"
package = "user-bin"
bin = "wayland-bridge"
to = "/bin/wayland-bridge"
hash = "sha256:b920f13ba30020e72fad6382bd6be168668d3cbff2e3bdfedb9d22b8016d81dd"

[sections.rootfs.layers.source]
type = "path"
path = "../../../Scarlet/user/bin"

[[sections.rootfs.layers]]
kind = "cargo"
bin = "ansi-banner"
to = "/bin/ansi-banner"
hash = "sha256:b076b79357b89d4591bad9c34837a3e1b4ce2e3a5411f150435873115ea39bb7"

[sections.rootfs.layers.source]
type = "path"
path = "../../../Scarlet/user/std-bin"

[[sections.rootfs.layers]]
kind = "cargo"
package = "user-bin"
bin = "sgfx-probe"
to = "/bin/sgfx-probe"
hash = "sha256:ea558083cdb2f49c58f65db83f68c0c519b3ba615c602a212504c724de0ff3d3"

[sections.rootfs.layers.source]
type = "path"
path = "../../../Scarlet/user/bin"

[[sections.rootfs.layers]]
kind = "cargo"
bin = "sgfx-cube"
to = "/bin/sgfx-cube"
hash = "sha256:b070d3615de2d3141c1a700f015a4ffaeed669ff9099a8edd01e4db2ecd9245b"

[sections.rootfs.layers.source]
type = "path"
path = "../../../Scarlet/user/std-bin"

[[sections.rootfs.layers]]
kind = "cargo"
bin = "sgfx-texture"
to = "/bin/sgfx-texture"
hash = "sha256:2c34bbc32ad8ac1398eb326f78d6700464c1ff9d3406a5d4c22e2539b2159423"

[sections.rootfs.layers.source]
type = "path"
path = "../../../Scarlet/user/std-bin"

[[sections.rootfs.layers]]
kind = "cargo"
bin = "sgfx-showcase"
to = "/bin/sgfx-showcase"
hash = "sha256:40ff5704e4230499a89226440940813e32582970fd1d90fdd5b44cfc53c23857"

[sections.rootfs.layers.source]
type = "path"
path = "../../../Scarlet/user/std-bin"

[[sections.rootfs.layers]]
kind = "cargo"
package = "vulkan-canvas-demo"
bin = "vulkan-canvas-demo"
to = "/bin/vulkan-canvas-demo"
hash = "sha256:e38a422e1ed40c0d2ab220830a5387d4fbe0667d3b10244a6869cb564c2b4663"

[sections.rootfs.layers.source]
type = "path"
path = "../../../Scarlet/user/vulkan-canvas-demo"

[[sections.rootfs.layers]]
kind = "cargo"
bin = "httpd"
to = "/bin/httpd"
hash = "sha256:c7a478054755af84b1774f6def748a850d2c660463e06f239a9d1bb2dc21d524"

[sections.rootfs.layers.source]
type = "path"
path = "../../../Scarlet/user/std-bin"

[[sections.rootfs.layers]]
kind = "cargo"
package = "user-bin"
bin = "ushv"
to = "/bin/ushv"
hash = "sha256:427e576d2b55617eb9755e7a09e3ac4d4913f1c25654ce431f5b762991e72e9f"

[sections.rootfs.layers.source]
type = "path"
path = "../../../Scarlet/user/bin"

[[sections.rootfs.layers]]
kind = "cargo"
bin = "lsm-list"
to = "/bin/lsm-list"
hash = "sha256:743dc0e886fefa68d0fba995e500aaf7f8cc5d68acda0fa0cb6d1619b65a879a"

[sections.rootfs.layers.source]
type = "path"
path = "../../../Scarlet/user/std-bin"

[[sections.rootfs.layers]]
kind = "cargo"
bin = "clock"
to = "/bin/clock"
hash = "sha256:d392c588d397ba593661b5e1c6dd33d0c179a632a0866faea6fc550062b3d383"

[sections.rootfs.layers.source]
type = "path"
path = "../../../Scarlet/user/std-bin"

[[sections.rootfs.layers]]
kind = "cargo"
bin = "lsm-load"
to = "/bin/lsm-load"
hash = "sha256:798c579b48b8c70b6e3c8229d0d370e998f08d9ab711dab5f3fbbbd8b8add0b8"

[sections.rootfs.layers.source]
type = "path"
path = "../../../Scarlet/user/std-bin"

[[sections.rootfs.layers]]
kind = "cargo"
bin = "lsm-unload"
to = "/bin/lsm-unload"
hash = "sha256:e2e481b04a4ecfe9f3c9d42e2467f9ed21494533627b33bb802622149b0f8762"

[sections.rootfs.layers.source]
type = "path"
path = "../../../Scarlet/user/std-bin"

[[sections.rootfs.layers]]
kind = "cargo"
bin = "input-dump"
to = "/bin/input-dump"
hash = "sha256:0e9741d332a410ee6f54d01f11061b900ecdf739328afbac43e874b35727f42d"

[sections.rootfs.layers.source]
type = "path"
path = "../../../Scarlet/user/std-bin"

[[sections.rootfs.layers]]
kind = "cargo"
bin = "displayctl"
to = "/bin/displayctl"
hash = "sha256:76efdc75ed862de8dba9aac5aa999f7998bf69c57cfb9df626dcc5649cd5cf3d"

[sections.rootfs.layers.source]
type = "path"
path = "../../../Scarlet/user/std-bin"

[[sections.rootfs.layers]]
kind = "cargo"
bin = "sensor-dump"
to = "/bin/sensor-dump"
hash = "sha256:4195fe72f63360d11dde1d6cf47043882fef83ac2d46b3b755b7be4006cbf8c3"

[sections.rootfs.layers.source]
type = "path"
path = "../../../Scarlet/user/std-bin"

[[sections.rootfs.layers]]
kind = "cargo"
bin = "tabletctl"
to = "/bin/tabletctl"
hash = "sha256:615290a2571e511f5885488adea2b58562d29673ff89674d90930da26b71e0d4"

[sections.rootfs.layers.source]
type = "path"
path = "../../../Scarlet/user/std-bin"

[[sections.rootfs.layers]]
kind = "cargo"
bin = "mozc-server"
to = "/bin/mozc-server"
hash = "sha256:f3b7ece3444ce94e7c0ca3b587df2c696000c32ad6deb64276d1880b4716c721"

[sections.rootfs.layers.source]
type = "path"
path = "../../../Scarlet/user/bin"

[[sections.rootfs.layers]]
kind = "cargo"
package = "user-bin"
bin = "scarlet-mozc"
to = "/bin/scarlet-mozc"
hash = "sha256:dfb401ccd06a9d7b21f11021736ea63a0c0ec469415169cdea8db4272478214e"

[sections.rootfs.layers.source]
type = "path"
path = "../../../Scarlet/user/bin"

[[sections.rootfs.layers]]
kind = "cargo"
package = "user-bin"
bin = "dcp-flip-test"
to = "/bin/dcp-flip-test"
hash = "sha256:d49a46d255e2cb68cda51618203028ea6c300f3746bd6f9060c62d42582462c0"

[sections.rootfs.layers.source]
type = "path"
path = "../../../Scarlet/user/bin"

[[sections.rootfs.layers]]
kind = "cargo"
git = "https://github.com/petitstrawberry/carmine"
git_ref = "de71bdc8826b1fd81ec58cca4f901a768755f82c"
resolved_rev = "de71bdc8826b1fd81ec58cca4f901a768755f82c"
package = "carmine"
bin = "carmine"
to = "/bin/carmine"
hash = "sha256:4e3706293ab4c99916d689f0faa05e0530e1f26c7084ccd161c95a11fabd45ae"

[sections.rootfs.layers.source]
type = "git"
url = "https://github.com/petitstrawberry/carmine"
rev = "de71bdc8826b1fd81ec58cca4f901a768755f82c"

[[sections.rootfs.layers]]
kind = "cargo"
git = "https://github.com/petitstrawberry/myrica"
git_ref = "bae87e0a7da998d9c6bd25e30ff566bbc5324169"
resolved_rev = "bae87e0a7da998d9c6bd25e30ff566bbc5324169"
package = "myrica"
bin = "myrica"
to = "/bin/myrica"
hash = "sha256:120ad22dd2ab183ce72310b6b30e46346e3e4ec3fbbacfbe407ce169a87945cf"

[sections.rootfs.layers.source]
type = "git"
url = "https://github.com/petitstrawberry/myrica"
rev = "bae87e0a7da998d9c6bd25e30ff566bbc5324169"

[[sections.rootfs.layers]]
kind = "cargo"
git = "https://github.com/petitstrawberry/vellum"
git_ref = "6b214d224fb97b26658de29858d6d03292d640bb"
resolved_rev = "6b214d224fb97b26658de29858d6d03292d640bb"
package = "vellum"
bin = "vellum"
to = "/bin/vellum"
hash = "sha256:4bd2c6b199467a68ce7b601f240e05755c5cbd38ba59b423ef4ece28183c914e"

[sections.rootfs.layers.source]
type = "git"
url = "https://github.com/petitstrawberry/vellum"
rev = "6b214d224fb97b26658de29858d6d03292d640bb"

[[sections.rootfs.layers]]
kind = "cargo"
git = "https://github.com/petitstrawberry/boxcraft"
git_ref = "903e890ab91fc120ac1aa5d68e07fdad9f4ac8df"
resolved_rev = "903e890ab91fc120ac1aa5d68e07fdad9f4ac8df"
package = "boxcraft"
bin = "boxcraft"
to = "/bin/boxcraft"
hash = "sha256:d4192dd438711e95856941a668ed87d7bc4665aebf408bf7bfa0ab4ba53a36a5"

[sections.rootfs.layers.source]
type = "git"
url = "https://github.com/petitstrawberry/boxcraft"
rev = "903e890ab91fc120ac1aa5d68e07fdad9f4ac8df"

[[sections.rootfs.layers]]
kind = "cargo"
bin = "remote-desktop"
to = "/bin/remote-desktop"
hash = "sha256:edcdf3b9e98b09c8445e225d7e9318b2f2d02ace742e2c57279bd02a693979d5"

[sections.rootfs.layers.source]
type = "path"
path = "../../../Scarlet/user/std-bin"

[[sections.rootfs.layers]]
kind = "archive"
to = "/systems/linux-aarch64"
format = "tar-zst"
strip_components = 1
hash = "sha256:4d94a1870a9be510987c61eb7371d35a7d31415ca49a56ecb8df74791a4e2eb0"

[sections.rootfs.layers.source]
type = "archive"
url = "https://github.com/petitstrawberry/scarlet-bundle-linux/releases/download/v0.1.0/rootfs-aarch64-v0.1.0.tar.zst"
sha256 = "sha256:4d94a1870a9be510987c61eb7371d35a7d31415ca49a56ecb8df74791a4e2eb0"

[[sections.rootfs.layers]]
kind = "archive"
to = "/systems/linux-aarch64"
format = "tar-zst"
strip_components = 1
hash = "sha256:727f20be6a009329e0be7c627f4dd07904588825077e4c431c943d9555499c26"

[sections.rootfs.layers.source]
type = "archive"
url = "https://github.com/petitstrawberry/scarlet-bundle-linux/releases/download/v0.1.0/mozc-aarch64-v0.1.0.tar.zst"
sha256 = "sha256:727f20be6a009329e0be7c627f4dd07904588825077e4c431c943d9555499c26"

[[sections.rootfs.layers]]
kind = "cargo"
git = "https://github.com/petitstrawberry/moonlight-scarlet.git"
git_ref = "c36d9b0367fa7b6fc88d9104f0a7a3b03f6755df"
resolved_rev = "c36d9b0367fa7b6fc88d9104f0a7a3b03f6755df"
package = "moonlight"
bin = "moonlight"
to = "/bin/moonlight"
hash = "sha256:e579c8df494095c386194e21da5bf62ea4158c2c3141aec5e4d9a580687d3a96"

[sections.rootfs.layers.source]
type = "git"
url = "https://github.com/petitstrawberry/moonlight-scarlet.git"
rev = "c36d9b0367fa7b6fc88d9104f0a7a3b03f6755df"

[[sections.rootfs.layers]]
kind = "cargo"
git = "https://github.com/petitstrawberry/yt-for-scarlet"
git_ref = "5b12d06fb86157829b653d9204bf465114814a0a"
resolved_rev = "5b12d06fb86157829b653d9204bf465114814a0a"
package = "yt"
bin = "yt"
to = "/bin/yt"
hash = "sha256:174b78f86a68b3cd5208626f19f3e719e299e41bcb4d84d15d9785be829dcd56"

[sections.rootfs.layers.source]
type = "git"
url = "https://github.com/petitstrawberry/yt-for-scarlet"
rev = "5b12d06fb86157829b653d9204bf465114814a0a"

[[sections.rootfs.layers]]
kind = "cargo"
git = "https://github.com/petitstrawberry/yt-for-scarlet"
git_ref = "5b12d06fb86157829b653d9204bf465114814a0a"
resolved_rev = "5b12d06fb86157829b653d9204bf465114814a0a"
package = "yt-gui"
bin = "yt-gui"
to = "/bin/yt-gui"
hash = "sha256:7207dd788eb2b1db12e8260e3ad9546cb3b508f3c862ce85007069ade02e2910"

[sections.rootfs.layers.source]
type = "git"
url = "https://github.com/petitstrawberry/yt-for-scarlet"
rev = "5b12d06fb86157829b653d9204bf465114814a0a"

[[sections.rootfs.layers]]
kind = "cargo"
package = "scarlet-std-bin"
bin = "axum-demo"
to = "/bin/axum-demo"
hash = "sha256:e375d2a3c3467a9e3e93a65ba8af7f80f362bdadd204681d2f624b2334c711d4"

[sections.rootfs.layers.source]
type = "path"
path = "../../../Scarlet/user/std-bin"

[[sections.rootfs.layers]]
kind = "cargo"
package = "scarlet-std-bin"
bin = "reqwest-demo"
to = "/bin/reqwest-demo"
hash = "sha256:8130d721756e5f3ffc17d6573bd13eb370972cbf9de7b495ea12ca9ae71affc6"

[sections.rootfs.layers.source]
type = "path"
path = "../../../Scarlet/user/std-bin"

[[sections.rootfs.layers]]
kind = "cargo"
package = "scarlet-tonic-demo"
bin = "tonic-server"
to = "/bin/tonic-server"
hash = "sha256:8d1261030c15fe93cc5d6f022559bf58c1c057a01adb4115e4c7ca5026019219"

[sections.rootfs.layers.source]
type = "path"
path = "../../../Scarlet/user/tonic-demo"

[[sections.rootfs.layers]]
kind = "cargo"
package = "scarlet-tonic-demo"
bin = "tonic-client"
to = "/bin/tonic-client"
hash = "sha256:56ea461688fd65a1350ec4d9309b3c2df3a396ca9d46eb2044c4b9042e944333"

[sections.rootfs.layers.source]
type = "path"
path = "../../../Scarlet/user/tonic-demo"

[[sections.rootfs.layers]]
kind = "cargo"
package = "scarlet-websocket-demo"
bin = "ws-server"
to = "/bin/ws-server"
hash = "sha256:798dc7fac67908e38f3d21adafd5c8d3dd676eb461d2b76de132158fdc328329"

[sections.rootfs.layers.source]
type = "path"
path = "../../../Scarlet/user/websocket-demo"

[[sections.rootfs.layers]]
kind = "cargo"
package = "scarlet-websocket-demo"
bin = "ws-client"
to = "/bin/ws-client"
hash = "sha256:cd4f21fa76bdfbccbdd7e07df738917f16c77da04f349ee851fe85cc04e59b36"

[sections.rootfs.layers.source]
type = "path"
path = "../../../Scarlet/user/websocket-demo"

[[sections.rootfs.layers]]
kind = "cargo"
git = "https://github.com/petitstrawberry/blitz"
git_ref = "c26e20dfff971941486ca9f50c8dcd332ec404da"
resolved_rev = "c26e20dfff971941486ca9f50c8dcd332ec404da"
package = "blitz-scarlet-browser"
bin = "blitz"
subdir = "apps/scarlet-browser"
to = "/bin/blitz"
hash = "sha256:3e5393dc6b6f773313c69712cc00be9893f5034bf5384174df6b72f8f7a11e89"

[sections.rootfs.layers.source]
type = "git"
url = "https://github.com/petitstrawberry/blitz"
rev = "c26e20dfff971941486ca9f50c8dcd332ec404da"

[[sections.rootfs.layers]]
kind = "cargo"
package = "video_player"
bin = "video-player"
features = [
    "h264-stateless-hw",
    "mp4-aac",
]
default-features = false
to = "/bin/video-player"
hash = ""

[sections.rootfs.layers.source]
type = "path"
path = "../../../Scarlet/user/video_player"
