# Generated by cargo-scarlet — do not edit

[sections.initramfs]
hash = "sha256:eade60fd5e19bbf072337f694e97d735586b2e9dfb190c21f534a5a72834e19d"

[[sections.initramfs.layers]]
kind = "cargo"
package = "user-bin"
bin = "init"
to = "/init"
hash = "sha256:2924e208014a357c96e1ca4a5bfe9103c46249c4e095b0c390113813dabbd157"

[sections.initramfs.layers.source]
type = "path"
path = "../../../Scarlet/user/bin"

[[sections.initramfs.layers]]
kind = "cargo"
package = "user-bin"
bin = "sh"
to = "/bin/sh"
hash = "sha256:da563b509fdfa6b763c1d56f7f156e6151a855baa8af6a9d3505a273ea5991f7"

[sections.initramfs.layers.source]
type = "path"
path = "../../../Scarlet/user/bin"

[[sections.initramfs.layers]]
kind = "cargo"
package = "user-bin"
bin = "login"
to = "/bin/login"
hash = "sha256:0f6c8448440dd3c70dc67be7f2cbee40ed31fd5a80cc8078919401dab1ff896f"

[sections.initramfs.layers.source]
type = "path"
path = "../../../Scarlet/user/bin"

[[sections.initramfs.layers]]
kind = "cargo"
package = "scarlet-std-bin"
bin = "stemd"
default-features = false
to = "/bin/stemd"
hash = "sha256:e00c7af437f439a4cd4bb0b10eb1e0a005c4be50fb26b9607c9c730d5e5b93c4"

[sections.initramfs.layers.source]
type = "path"
path = "../../../Scarlet/user/std-bin"

[[sections.initramfs.layers]]
kind = "cargo"
package = "scarlet-std-bin"
bin = "logd"
default-features = false
to = "/bin/logd"
hash = "sha256:5a0e6bbf604a3deb39ea3c3274ab503cb4c3b19180ada9f337cef4382d8ec6e7"

[sections.initramfs.layers.source]
type = "path"
path = "../../../Scarlet/user/std-bin"

[[sections.initramfs.layers]]
kind = "cargo"
package = "scarlet-std-bin"
bin = "logctl"
default-features = false
to = "/bin/logctl"
hash = "sha256:02610792b2fa313b7a95a1e3b813f9d7edcbb3855a94a257e37ae1c956ed86c7"

[sections.initramfs.layers.source]
type = "path"
path = "../../../Scarlet/user/std-bin"

[[sections.initramfs.layers]]
kind = "cargo"
package = "user-bin"
bin = "sbusd"
to = "/bin/sbusd"
hash = "sha256:10aacad790d70f0ea00f11f03052ec9549a220609e85e19565014b8dda2bd215"

[sections.initramfs.layers.source]
type = "path"
path = "../../../Scarlet/user/bin"

[[sections.initramfs.layers]]
kind = "cargo"
bin = "hello"
default-features = false
to = "/bin/hello"
hash = "sha256:0567da013ab2d89536fe25f59432bdd6ce918829ac1616ede14bb1fb64ae7fb3"

[sections.initramfs.layers.source]
type = "path"
path = "../../../Scarlet/user/std-bin"

[[sections.initramfs.layers]]
kind = "cargo"
package = "scarlet-std-bin"
bin = "kernel-info"
default-features = false
to = "/bin/kernel-info"
hash = "sha256:ec35271509061799a405cd167cb9f4665ba847956f8ac166dc1158cdd9dadd44"

[sections.initramfs.layers.source]
type = "path"
path = "../../../Scarlet/user/std-bin"

[[sections.initramfs.layers]]
kind = "cargo"
package = "user-bin"
bin = "ps"
to = "/bin/ps"
hash = "sha256:4dea79d60f36398379224d3927546d2db34a96bcf8c2a8d681bac0af160ecd26"

[sections.initramfs.layers.source]
type = "path"
path = "../../../Scarlet/user/bin"

[[sections.initramfs.layers]]
kind = "cargo"
bin = "shutdown"
default-features = false
to = "/bin/shutdown"
hash = "sha256:03fce42e328e35d84c6cc6540e608cb732729c144d8b83ebaef86e46cc379ad1"

[sections.initramfs.layers.source]
type = "path"
path = "../../../Scarlet/user/std-bin"

[[sections.initramfs.layers]]
kind = "cargo"
package = "scarlet-std-bin"
bin = "top"
default-features = false
to = "/bin/top"
hash = "sha256:dd2fe8abee4e0977f84c313c09a0ea7fe0c2878957d45649521c62f98a19a431"

[sections.initramfs.layers.source]
type = "path"
path = "../../../Scarlet/user/std-bin"

[[sections.initramfs.layers]]
kind = "cargo"
package = "scarlet-std-bin"
bin = "kill"
default-features = false
to = "/bin/kill"
hash = "sha256:89e7c23026c3c8c81f71c02be46744bbb0260953fca5984e45e268c9824e163c"

[sections.initramfs.layers.source]
type = "path"
path = "../../../Scarlet/user/std-bin"

[[sections.initramfs.layers]]
kind = "cargo"
package = "user-bin"
bin = "scpm"
to = "/bin/scpm"
hash = "sha256:4cb5637fed5f6845626b04023d7f4adc433379a5f92ecfed64da8d928c7737e4"

[sections.initramfs.layers.source]
type = "path"
path = "../../../Scarlet/user/bin"

[[sections.initramfs.layers]]
kind = "cargo"
package = "user-bin"
bin = "netcfgd"
to = "/bin/netcfgd"
hash = "sha256:561c54c171eaf317ec545916ab4c734b578a0e6c7fe0eb5268dbe02dbf195a33"

[sections.initramfs.layers.source]
type = "path"
path = "../../../Scarlet/user/bin"

[[sections.initramfs.layers]]
kind = "cargo"
package = "user-bin"
bin = "sshd"
to = "/bin/sshd"
hash = "sha256:3692c16500a3dcd8aeee32ba9571be30d91e1c4e51288530181356804e1e6c80"

[sections.initramfs.layers.source]
type = "path"
path = "../../../Scarlet/user/bin"

[[sections.initramfs.layers]]
kind = "cargo"
bin = "resolverd"
default-features = false
to = "/bin/resolverd"
hash = "sha256:ba7d9802db8357b64527ab05dfbf4f7b7be32b02e0d249d86c7fece4f9d0699b"

[sections.initramfs.layers.source]
type = "path"
path = "../../../Scarlet/user/std-bin"

[[sections.initramfs.layers]]
kind = "cargo"
bin = "cpufreqctl"
default-features = false
to = "/bin/cpufreqctl"
hash = "sha256:0335be0652706c997e3737a13fd0a49473dbf4a434c6cebc2bb22b603f33b444"

[sections.initramfs.layers.source]
type = "path"
path = "../../../Scarlet/user/std-bin"

[[sections.initramfs.layers]]
kind = "cargo"
bin = "gpu-info"
default-features = false
to = "/bin/gpu-info"
hash = "sha256:525395c07abb72169d781f660d1f4350c7a540a6f44914d338f14b6d8b334c15"

[sections.initramfs.layers.source]
type = "path"
path = "../../../Scarlet/user/std-bin"

[[sections.initramfs.layers]]
kind = "cargo"
bin = "abi-run"
default-features = false
to = "/bin/abi-run"
hash = "sha256:c97f9f686e0e3adbb58f38a2dd1ebe67f5c910ef21c7254e444b7e9bd0a8f73c"

[sections.initramfs.layers.source]
type = "path"
path = "../../../Scarlet/user/std-bin"

[[sections.initramfs.layers]]
kind = "cargo"
bin = "ls"
default-features = false
to = "/bin/ls"
hash = "sha256:8aa1e781f1c37190b65996ae8efa359f63477ae6a03981da128efb64eac30071"

[sections.initramfs.layers.source]
type = "path"
path = "../../../Scarlet/user/std-bin"

[[sections.initramfs.layers]]
kind = "cargo"
bin = "cat"
default-features = false
to = "/bin/cat"
hash = "sha256:a6b14356e125441d7c4e16d18977b21e74e10ac191732f77fb25c8d344380856"

[sections.initramfs.layers.source]
type = "path"
path = "../../../Scarlet/user/std-bin"

[[sections.initramfs.layers]]
kind = "cargo"
bin = "rm"
default-features = false
to = "/bin/rm"
hash = "sha256:0b3caa54c136f85f5c8bafbe6d84426c67145838c8d7dfecb91066d728971af1"

[sections.initramfs.layers.source]
type = "path"
path = "../../../Scarlet/user/std-bin"

[[sections.initramfs.layers]]
kind = "cargo"
bin = "resolve"
default-features = false
to = "/bin/resolve"
hash = "sha256:6d161b7dfee625d86b1a5e233c89aadba06cd0d8087d00de23c9cde9c38b47a8"

[sections.initramfs.layers.source]
type = "path"
path = "../../../Scarlet/user/std-bin"

[[sections.initramfs.layers]]
kind = "cargo"
bin = "nc"
default-features = false
to = "/bin/nc"
hash = "sha256:0fd61cc504640944c26cc02e45f2ba927c60498e66eb6e95ad2f782567abcee5"

[sections.initramfs.layers.source]
type = "path"
path = "../../../Scarlet/user/std-bin"

[[sections.initramfs.layers]]
kind = "cargo"
bin = "ping"
default-features = false
to = "/bin/ping"
hash = "sha256:e734a3045ccaf96ec05f377ef35d10fc28d155f62a0ce7124f1db718c4d90776"

[sections.initramfs.layers.source]
type = "path"
path = "../../../Scarlet/user/std-bin"

[[sections.initramfs.layers]]
kind = "cargo"
bin = "netcfg"
default-features = false
to = "/bin/netcfg"
hash = "sha256:ba25408b4b185c684525a7fa3dbb48f95084c81fbb1986740ab457820a953844"

[sections.initramfs.layers.source]
type = "path"
path = "../../../Scarlet/user/std-bin"

[[sections.initramfs.layers]]
kind = "cargo"
bin = "watch"
default-features = false
to = "/bin/watch"
hash = "sha256:051980789b24c1b7de56e28726599527ffd9af313ed836c91d752682e9473689"

[sections.initramfs.layers.source]
type = "path"
path = "../../../Scarlet/user/std-bin"

[[sections.initramfs.layers]]
kind = "cargo"
bin = "date"
default-features = false
to = "/bin/date"
hash = "sha256:65aa3c55a40c6343a63e7c39bb580b64bb78cd182efc2ccc1a99506027a31803"

[sections.initramfs.layers.source]
type = "path"
path = "../../../Scarlet/user/std-bin"

[[sections.initramfs.layers]]
kind = "cargo"
bin = "fb-test"
default-features = false
to = "/bin/fb-test"
hash = "sha256:f9f72cfe71ef6f4b0228b0395b17817f26839a7dce2d53f5b22aea8fa19bb621"

[sections.initramfs.layers.source]
type = "path"
path = "../../../Scarlet/user/std-bin"

[[sections.initramfs.layers]]
kind = "cargo"
package = "user-bin"
bin = "scarlet-desktop"
to = "/bin/scarlet-desktop"
hash = "sha256:d12a7362ccb1739cb7e301056c5fa820e2c00726b494cd807fddf072c0ede393"

[sections.initramfs.layers.source]
type = "path"
path = "../../../Scarlet/user/bin"

[[sections.initramfs.layers]]
kind = "cargo"
package = "user-bin"
bin = "desktop-settings"
to = "/bin/desktop-settings"
hash = "sha256:c657a64294c0a5f9c61b5ece1252c777b5a0cffaf5bc350245b11b5ba748974d"

[sections.initramfs.layers.source]
type = "path"
path = "../../../Scarlet/user/bin"

[[sections.initramfs.layers]]
kind = "cargo"
package = "scarlet-std-bin"
bin = "files"
default-features = false
to = "/bin/files"
hash = "sha256:2ff246b08844df44763b06aef6cec5302bc7dd956d48c4c977e50a88180e48c8"

[sections.initramfs.layers.source]
type = "path"
path = "../../../Scarlet/user/std-bin"

[[sections.initramfs.layers]]
kind = "cargo"
package = "scarlet-std-bin"
bin = "notepad"
default-features = false
to = "/bin/notepad"
hash = "sha256:5ccde74d974c8ef22382a41180a87c28fc0c8991256573be0e43b961b35eb327"

[sections.initramfs.layers.source]
type = "path"
path = "../../../Scarlet/user/std-bin"

[[sections.initramfs.layers]]
kind = "cargo"
package = "scarlet-std-bin"
bin = "scarlet-shell"
default-features = false
to = "/bin/scarlet-shell"
hash = "sha256:27cb8e81b84a0f8cebe04d4ebdec26281260a2764696c41087bd346977be323c"

[sections.initramfs.layers.source]
type = "path"
path = "../../../Scarlet/user/std-bin"

[[sections.initramfs.layers]]
kind = "cargo"
package = "user-bin"
bin = "terminal"
to = "/bin/terminal"
hash = "sha256:2154c82462421b01cd0c1152f6f6890a9313aa1f9b685bd51bfe3f3a287a1730"

[sections.initramfs.layers.source]
type = "path"
path = "../../../Scarlet/user/bin"

[[sections.initramfs.layers]]
kind = "cargo"
package = "scarlet-std-bin"
bin = "sws"
default-features = false
to = "/bin/sws"
hash = "sha256:03d6cee93a376d40d3ec9ec86e130aa2686d2e102344cea7ed090cba2f8cf859"

[sections.initramfs.layers.source]
type = "path"
path = "../../../Scarlet/user/std-bin"

[[sections.initramfs.layers]]
kind = "cargo"
package = "user-bin"
bin = "sas"
to = "/bin/sas"
hash = "sha256:aef7f0b4482caa5d4592c4ee6c0c8983777b81821b43e9d31942e177c8dc96ee"

[sections.initramfs.layers.source]
type = "path"
path = "../../../Scarlet/user/bin"

[[sections.initramfs.layers]]
kind = "cargo"
bin = "sasctl"
default-features = false
to = "/bin/sasctl"
hash = "sha256:0548a1652cf69cbcdc811f00830b550dad9b33cb5aac5a5f56525f2de1f5ac22"

[sections.initramfs.layers.source]
type = "path"
path = "../../../Scarlet/user/std-bin"

[[sections.initramfs.layers]]
kind = "cargo"
package = "user-bin"
bin = "ui-benchmark"
to = "/bin/ui-benchmark"
hash = "sha256:d26df950ac0d0ad1f193ec8c84e2553077a523c38895263e2fbcb700246f38dd"

[sections.initramfs.layers.source]
type = "path"
path = "../../../Scarlet/user/bin"

[[sections.initramfs.layers]]
kind = "cargo"
bin = "ui-sgfx-showcase"
default-features = false
to = "/bin/ui-sgfx-showcase"
hash = "sha256:da923c5b9f42112923cca0a3977d162e6a7a322404dbcb6e96e5f50040feed3d"

[sections.initramfs.layers.source]
type = "path"
path = "../../../Scarlet/user/std-bin"

[[sections.initramfs.layers]]
kind = "cargo"
package = "user-bin"
bin = "settings"
to = "/bin/settings"
hash = "sha256:20c93658a9919fdf64d8ea0cfe3f088493f2e4dac45ec16b76f546a778632a08"

[sections.initramfs.layers.source]
type = "path"
path = "../../../Scarlet/user/bin"

[[sections.initramfs.layers]]
kind = "cargo"
bin = "task-manager"
default-features = false
to = "/bin/task-manager"
hash = "sha256:1830e3faee6bad72eae1b3bbd9283b3abe0659b0d1f06a09502e44bde428f966"

[sections.initramfs.layers.source]
type = "path"
path = "../../../Scarlet/user/std-bin"

[[sections.initramfs.layers]]
kind = "cargo"
package = "user-bin"
bin = "sgfx-probe"
to = "/bin/sgfx-probe"
hash = "sha256:eb7a794d1d754b86d569ac4336f121e641388dbeb380247f5fa900620fb5e7a8"

[sections.initramfs.layers.source]
type = "path"
path = "../../../Scarlet/user/bin"

[[sections.initramfs.layers]]
kind = "cargo"
bin = "sgfx-cube"
default-features = false
to = "/bin/sgfx-cube"
hash = "sha256:69e7f098cb996ea9de06aaa8c719c30a261b4d50e571794937001bba92458bba"

[sections.initramfs.layers.source]
type = "path"
path = "../../../Scarlet/user/std-bin"

[[sections.initramfs.layers]]
kind = "cargo"
bin = "sgfx-showcase"
default-features = false
to = "/bin/sgfx-showcase"
hash = "sha256:e8af5763a22adaf8d5b0b9b36af7cbeb9017367d6c05c42de3276f5eebcd514c"

[sections.initramfs.layers.source]
type = "path"
path = "../../../Scarlet/user/std-bin"

[[sections.initramfs.layers]]
kind = "cargo"
bin = "clock"
default-features = false
to = "/bin/clock"
hash = "sha256:c37c92d7084d530a3d55c60b41ecb68807a030674e6328f5f5e101018031a8b3"

[sections.initramfs.layers.source]
type = "path"
path = "../../../Scarlet/user/std-bin"
