# This file is automatically @generated by Cargo.
# It is not intended for manual editing.
version = 4

[[package]]
name = "input-panel-qa"
version = "0.1.0"
dependencies = [
 "scarlet-os",
 "sws-client",
 "sws-protocol",
]

[[package]]
name = "scarlet-abi"
version = "1.0.0"
source = "git+https://github.com/petitstrawberry/Scarlet?rev=d3b1c05127d4df3616f988b81a99f616e8a88064#d3b1c05127d4df3616f988b81a99f616e8a88064"

[[package]]
name = "scarlet-os"
version = "1.0.0"
source = "git+https://github.com/petitstrawberry/Scarlet?rev=d3b1c05127d4df3616f988b81a99f616e8a88064#d3b1c05127d4df3616f988b81a99f616e8a88064"
dependencies = [
 "scarlet-abi",
 "scarlet-sys",
]

[[package]]
name = "scarlet-sys"
version = "1.0.0"
source = "git+https://github.com/petitstrawberry/Scarlet?rev=d3b1c05127d4df3616f988b81a99f616e8a88064#d3b1c05127d4df3616f988b81a99f616e8a88064"
dependencies = [
 "scarlet-abi",
]

[[package]]
name = "sws-client"
version = "1.0.0"
source = "git+https://github.com/petitstrawberry/Scarlet?rev=d3b1c05127d4df3616f988b81a99f616e8a88064#d3b1c05127d4df3616f988b81a99f616e8a88064"
dependencies = [
 "scarlet-os",
 "sws-protocol",
]

[[package]]
name = "sws-protocol"
version = "1.0.0"
source = "git+https://github.com/petitstrawberry/Scarlet?rev=d3b1c05127d4df3616f988b81a99f616e8a88064#d3b1c05127d4df3616f988b81a99f616e8a88064"
