# Generated by cargo-scarlet — do not edit

[sections.initramfs]
hash = "sha256:6d2a5fc2eaf3dccafd67942dcdcc5602ce006287f1d174f5084d607a99fa733e"

[[sections.initramfs.layers]]
kind = "cargo"
package = "user-bin"
bin = "init"
to = "/init"
hash = "sha256:13140139a0eb31fe3abe10bbfeeba2347f3e26564437aecbcea2a5bdf2987298"

[sections.initramfs.layers.source]
type = "path"
path = "../../.cache/sources/scarlet-distribution/c06ddda3a341f17bcadaa63dea6af21243424b69/user/bin"

[[sections.initramfs.layers]]
kind = "cargo"
package = "user-bin"
bin = "sh"
to = "/bin/sh"
hash = "sha256:d2f3563e40d9c1d77f65683e025de64d6d9ee622caf8287c4454c23419cf66cb"

[sections.initramfs.layers.source]
type = "path"
path = "../../.cache/sources/scarlet-distribution/c06ddda3a341f17bcadaa63dea6af21243424b69/user/bin"

[[sections.initramfs.layers]]
kind = "cargo"
package = "user-bin"
bin = "login"
to = "/bin/login"
hash = "sha256:26ba9175bc024bfdb467ae075e28fd0bc0a0158601b918da89e64c9cfc86c5f6"

[sections.initramfs.layers.source]
type = "path"
path = "../../.cache/sources/scarlet-distribution/c06ddda3a341f17bcadaa63dea6af21243424b69/user/bin"

[[sections.initramfs.layers]]
kind = "cargo"
package = "scarlet-std-bin"
bin = "stemd"
to = "/bin/stemd"
hash = "sha256:401fe5808c89b354314f3132ef28158672634c2019f83c1750c9a0c8968e83ae"

[sections.initramfs.layers.source]
type = "path"
path = "../../.cache/sources/scarlet-distribution/c06ddda3a341f17bcadaa63dea6af21243424b69/user/std-bin"

[[sections.initramfs.layers]]
kind = "cargo"
package = "scarlet-std-bin"
bin = "logd"
to = "/bin/logd"
hash = "sha256:2ebc7a722404aaae080d4d1793be292958c2406c59a4018a1c56eb27f67c4a61"

[sections.initramfs.layers.source]
type = "path"
path = "../../.cache/sources/scarlet-distribution/c06ddda3a341f17bcadaa63dea6af21243424b69/user/std-bin"

[[sections.initramfs.layers]]
kind = "cargo"
package = "scarlet-std-bin"
bin = "logctl"
to = "/bin/logctl"
hash = "sha256:8385e27be0832f46a31ebb522be170d5ba2ffd8da73a692e1c086a61f6005259"

[sections.initramfs.layers.source]
type = "path"
path = "../../.cache/sources/scarlet-distribution/c06ddda3a341f17bcadaa63dea6af21243424b69/user/std-bin"

[[sections.initramfs.layers]]
kind = "cargo"
package = "user-bin"
bin = "sbusd"
to = "/bin/sbusd"
hash = "sha256:853610915f8825d88f00c846ee40198b6ba39caa11dee9633fa56da1cd069cf2"

[sections.initramfs.layers.source]
type = "path"
path = "../../.cache/sources/scarlet-distribution/c06ddda3a341f17bcadaa63dea6af21243424b69/user/bin"

[[sections.initramfs.layers]]
kind = "cargo"
bin = "hello"
to = "/bin/hello"
hash = "sha256:209eb7e438c0f3eb4241695fdf76bcc07380a8c8b8f5e2edb0b78e35e5fe2675"

[sections.initramfs.layers.source]
type = "path"
path = "../../.cache/sources/scarlet-distribution/c06ddda3a341f17bcadaa63dea6af21243424b69/user/std-bin"

[[sections.initramfs.layers]]
kind = "cargo"
package = "scarlet-std-bin"
bin = "kernel-info"
to = "/bin/kernel-info"
hash = "sha256:849e9ee76b60477c642793a9775d4a78ea0b0553eee1c52090e0a087e509eb37"

[sections.initramfs.layers.source]
type = "path"
path = "../../.cache/sources/scarlet-distribution/c06ddda3a341f17bcadaa63dea6af21243424b69/user/std-bin"

[[sections.initramfs.layers]]
kind = "cargo"
package = "user-bin"
bin = "ps"
to = "/bin/ps"
hash = "sha256:4f3eaee11705615476cfa65a22f3e23204ae951fd8c5ef25cb118ba3f1c07e09"

[sections.initramfs.layers.source]
type = "path"
path = "../../.cache/sources/scarlet-distribution/c06ddda3a341f17bcadaa63dea6af21243424b69/user/bin"

[[sections.initramfs.layers]]
kind = "cargo"
bin = "shutdown"
to = "/bin/shutdown"
hash = "sha256:e9554b7a54f702c6984fa91baf31af720e338c9f65edf1b2319e65406a906840"

[sections.initramfs.layers.source]
type = "path"
path = "../../.cache/sources/scarlet-distribution/c06ddda3a341f17bcadaa63dea6af21243424b69/user/std-bin"

[[sections.initramfs.layers]]
kind = "cargo"
package = "scarlet-std-bin"
bin = "top"
to = "/bin/top"
hash = "sha256:5f74eaf63a0a9bd3eeeb0fbaa74b09e69884ac8fb32a6748ad21f69c7eee359e"

[sections.initramfs.layers.source]
type = "path"
path = "../../.cache/sources/scarlet-distribution/c06ddda3a341f17bcadaa63dea6af21243424b69/user/std-bin"

[[sections.initramfs.layers]]
kind = "cargo"
package = "scarlet-std-bin"
bin = "kill"
to = "/bin/kill"
hash = "sha256:7715921bccb0b95a27a77e594e7dcbb7111e1fa769dea2bac51afb24c36568e6"

[sections.initramfs.layers.source]
type = "path"
path = "../../.cache/sources/scarlet-distribution/c06ddda3a341f17bcadaa63dea6af21243424b69/user/std-bin"

[[sections.initramfs.layers]]
kind = "cargo"
package = "user-bin"
bin = "scpm"
to = "/bin/scpm"
hash = "sha256:aed7dcb509e395f197b783d0dbb02d296e1018d0afad72a276e11105b29594e0"

[sections.initramfs.layers.source]
type = "path"
path = "../../.cache/sources/scarlet-distribution/c06ddda3a341f17bcadaa63dea6af21243424b69/user/bin"

[[sections.initramfs.layers]]
kind = "cargo"
package = "user-bin"
bin = "netcfgd"
to = "/bin/netcfgd"
hash = "sha256:5baad0c224abb5053fcdb6f37b7378581b9586023b33fad403802329df3860cc"

[sections.initramfs.layers.source]
type = "path"
path = "../../.cache/sources/scarlet-distribution/c06ddda3a341f17bcadaa63dea6af21243424b69/user/bin"

[[sections.initramfs.layers]]
kind = "cargo"
package = "user-bin"
bin = "sshd"
to = "/bin/sshd"
hash = "sha256:def35343653298325b9257260afb9ef32419f898dd5a97564ef5a231d19ed243"

[sections.initramfs.layers.source]
type = "path"
path = "../../.cache/sources/scarlet-distribution/c06ddda3a341f17bcadaa63dea6af21243424b69/user/bin"

[[sections.initramfs.layers]]
kind = "cargo"
bin = "resolverd"
to = "/bin/resolverd"
hash = "sha256:548fb1b10b52a8caa8b00ac1327957f2ac093e0fc800567a3394440b2492f9f3"

[sections.initramfs.layers.source]
type = "path"
path = "../../.cache/sources/scarlet-distribution/c06ddda3a341f17bcadaa63dea6af21243424b69/user/std-bin"

[[sections.initramfs.layers]]
kind = "cargo"
bin = "ntpd"
to = "/bin/ntpd"
hash = "sha256:ad948423df744c165d939453129d995c5a7fcdf5c6ef607499311b28c3e1cdd8"

[sections.initramfs.layers.source]
type = "path"
path = "../../.cache/sources/scarlet-distribution/c06ddda3a341f17bcadaa63dea6af21243424b69/user/std-bin"

[[sections.initramfs.layers]]
kind = "cargo"
bin = "cpufreqctl"
to = "/bin/cpufreqctl"
hash = "sha256:bd207cc9afdf7f9389245a1db1da95c60aab1c94fae20680f3af6a270c8aad91"

[sections.initramfs.layers.source]
type = "path"
path = "../../.cache/sources/scarlet-distribution/c06ddda3a341f17bcadaa63dea6af21243424b69/user/std-bin"

[[sections.initramfs.layers]]
kind = "cargo"
package = "user-bin"
bin = "storage-check"
to = "/bin/storage-check"
hash = "sha256:63cdf2318046e55cc4019ac9bdcaa9335ae585e645f02e2b8a0bf5ee1ccfc793"

[sections.initramfs.layers.source]
type = "path"
path = "../../.cache/sources/scarlet-distribution/c06ddda3a341f17bcadaa63dea6af21243424b69/user/bin"

[[sections.initramfs.layers]]
kind = "cargo"
bin = "gpu-info"
to = "/bin/gpu-info"
hash = "sha256:2f503b5609fe7104ed4715ffb653e3d727998f52e518ba74423edb202c1d8fa9"

[sections.initramfs.layers.source]
type = "path"
path = "../../.cache/sources/scarlet-distribution/c06ddda3a341f17bcadaa63dea6af21243424b69/user/std-bin"

[[sections.initramfs.layers]]
kind = "cargo"
bin = "power-info"
to = "/bin/power-info"
hash = "sha256:f115b911fc62065b5009c18b83ef7e0ce85827c541700737788605cd34fe7995"

[sections.initramfs.layers.source]
type = "path"
path = "../../.cache/sources/scarlet-distribution/c06ddda3a341f17bcadaa63dea6af21243424b69/user/std-bin"

[[sections.initramfs.layers]]
kind = "cargo"
bin = "abi-run"
to = "/bin/abi-run"
hash = "sha256:fd15e7c176dc84eb6960079b6fc059b905f5bed20375c2871b9b380c7495e01d"

[sections.initramfs.layers.source]
type = "path"
path = "../../.cache/sources/scarlet-distribution/c06ddda3a341f17bcadaa63dea6af21243424b69/user/std-bin"

[[sections.initramfs.layers]]
kind = "cargo"
bin = "ls"
to = "/bin/ls"
hash = "sha256:ed8fb8e190f1f468c90527dbed1e7171d1857ab0c2efd73f4c95c52bb91a6e05"

[sections.initramfs.layers.source]
type = "path"
path = "../../.cache/sources/scarlet-distribution/c06ddda3a341f17bcadaa63dea6af21243424b69/user/std-bin"

[[sections.initramfs.layers]]
kind = "cargo"
bin = "cat"
to = "/bin/cat"
hash = "sha256:88127e52c5a85cf162670d860620eb2c235bc719e968b059a49ea047d0249410"

[sections.initramfs.layers.source]
type = "path"
path = "../../.cache/sources/scarlet-distribution/c06ddda3a341f17bcadaa63dea6af21243424b69/user/std-bin"

[[sections.initramfs.layers]]
kind = "cargo"
bin = "rm"
to = "/bin/rm"
hash = "sha256:96004ec59c2dfb9b669c137be991c29f73d7ef2caecd4d427f1bad35a23d9f7f"

[sections.initramfs.layers.source]
type = "path"
path = "../../.cache/sources/scarlet-distribution/c06ddda3a341f17bcadaa63dea6af21243424b69/user/std-bin"

[[sections.initramfs.layers]]
kind = "cargo"
bin = "resolve"
to = "/bin/resolve"
hash = "sha256:80ae8a7e9306e588acfb09f610d95343a56237c30563229715acc0cf0f26dc49"

[sections.initramfs.layers.source]
type = "path"
path = "../../.cache/sources/scarlet-distribution/c06ddda3a341f17bcadaa63dea6af21243424b69/user/std-bin"

[[sections.initramfs.layers]]
kind = "cargo"
bin = "nc"
to = "/bin/nc"
hash = "sha256:8f6dd4b5f87be2c2f931d2fc894d8e20bad48cbf04478efbe341315a9b093fad"

[sections.initramfs.layers.source]
type = "path"
path = "../../.cache/sources/scarlet-distribution/c06ddda3a341f17bcadaa63dea6af21243424b69/user/std-bin"

[[sections.initramfs.layers]]
kind = "cargo"
bin = "ping"
to = "/bin/ping"
hash = "sha256:0d6ff6d59be57ae58b19c077747ca14dae8925d085760c3d737bf14e5fe093c1"

[sections.initramfs.layers.source]
type = "path"
path = "../../.cache/sources/scarlet-distribution/c06ddda3a341f17bcadaa63dea6af21243424b69/user/std-bin"

[[sections.initramfs.layers]]
kind = "cargo"
bin = "netcfg"
to = "/bin/netcfg"
hash = "sha256:b5e7d9d0f44876f95335beabdf526331a169d0648044570bd4d203deeeca1c9e"

[sections.initramfs.layers.source]
type = "path"
path = "../../.cache/sources/scarlet-distribution/c06ddda3a341f17bcadaa63dea6af21243424b69/user/std-bin"

[[sections.initramfs.layers]]
kind = "cargo"
bin = "watch"
to = "/bin/watch"
hash = "sha256:d75c4fa1175c5b605df6f8e5c63fd6d925cff564f158c9e8946b86d1f5dd27c9"

[sections.initramfs.layers.source]
type = "path"
path = "../../.cache/sources/scarlet-distribution/c06ddda3a341f17bcadaa63dea6af21243424b69/user/std-bin"

[[sections.initramfs.layers]]
kind = "cargo"
bin = "date"
to = "/bin/date"
hash = "sha256:6b0a07c8c0af1d2219a96597240acad163f97a325facb47301fdeb1e97066def"

[sections.initramfs.layers.source]
type = "path"
path = "../../.cache/sources/scarlet-distribution/c06ddda3a341f17bcadaa63dea6af21243424b69/user/std-bin"

[[sections.initramfs.layers]]
kind = "cargo"
bin = "fb-test"
to = "/bin/fb-test"
hash = "sha256:76206d9cb79bc17bb49f8b6e9ebbce2dae6ef5c3c306c8b1314e14eeac4e42ae"

[sections.initramfs.layers.source]
type = "path"
path = "../../.cache/sources/scarlet-distribution/c06ddda3a341f17bcadaa63dea6af21243424b69/user/std-bin"

[sections.rootfs]
hash = "sha256:cb8a7a39008af6d15d577089406a35a130892b9730167cdec057cd6bafd44b6a"

[[sections.rootfs.layers]]
kind = "cargo"
package = "user-bin"
bin = "init"
to = "/init"
hash = "sha256:13140139a0eb31fe3abe10bbfeeba2347f3e26564437aecbcea2a5bdf2987298"

[sections.rootfs.layers.source]
type = "path"
path = "../../.cache/sources/scarlet-distribution/c06ddda3a341f17bcadaa63dea6af21243424b69/user/bin"

[[sections.rootfs.layers]]
kind = "cargo"
package = "user-bin"
bin = "sh"
to = "/bin/sh"
hash = "sha256:d2f3563e40d9c1d77f65683e025de64d6d9ee622caf8287c4454c23419cf66cb"

[sections.rootfs.layers.source]
type = "path"
path = "../../.cache/sources/scarlet-distribution/c06ddda3a341f17bcadaa63dea6af21243424b69/user/bin"

[[sections.rootfs.layers]]
kind = "cargo"
package = "user-bin"
bin = "login"
to = "/bin/login"
hash = "sha256:26ba9175bc024bfdb467ae075e28fd0bc0a0158601b918da89e64c9cfc86c5f6"

[sections.rootfs.layers.source]
type = "path"
path = "../../.cache/sources/scarlet-distribution/c06ddda3a341f17bcadaa63dea6af21243424b69/user/bin"

[[sections.rootfs.layers]]
kind = "cargo"
package = "scarlet-std-bin"
bin = "stemd"
to = "/bin/stemd"
hash = "sha256:401fe5808c89b354314f3132ef28158672634c2019f83c1750c9a0c8968e83ae"

[sections.rootfs.layers.source]
type = "path"
path = "../../.cache/sources/scarlet-distribution/c06ddda3a341f17bcadaa63dea6af21243424b69/user/std-bin"

[[sections.rootfs.layers]]
kind = "cargo"
package = "scarlet-std-bin"
bin = "logd"
to = "/bin/logd"
hash = "sha256:2ebc7a722404aaae080d4d1793be292958c2406c59a4018a1c56eb27f67c4a61"

[sections.rootfs.layers.source]
type = "path"
path = "../../.cache/sources/scarlet-distribution/c06ddda3a341f17bcadaa63dea6af21243424b69/user/std-bin"

[[sections.rootfs.layers]]
kind = "cargo"
package = "scarlet-std-bin"
bin = "logctl"
to = "/bin/logctl"
hash = "sha256:8385e27be0832f46a31ebb522be170d5ba2ffd8da73a692e1c086a61f6005259"

[sections.rootfs.layers.source]
type = "path"
path = "../../.cache/sources/scarlet-distribution/c06ddda3a341f17bcadaa63dea6af21243424b69/user/std-bin"

[[sections.rootfs.layers]]
kind = "cargo"
package = "user-bin"
bin = "sbusd"
to = "/bin/sbusd"
hash = "sha256:853610915f8825d88f00c846ee40198b6ba39caa11dee9633fa56da1cd069cf2"

[sections.rootfs.layers.source]
type = "path"
path = "../../.cache/sources/scarlet-distribution/c06ddda3a341f17bcadaa63dea6af21243424b69/user/bin"

[[sections.rootfs.layers]]
kind = "cargo"
bin = "hello"
to = "/bin/hello"
hash = "sha256:209eb7e438c0f3eb4241695fdf76bcc07380a8c8b8f5e2edb0b78e35e5fe2675"

[sections.rootfs.layers.source]
type = "path"
path = "../../.cache/sources/scarlet-distribution/c06ddda3a341f17bcadaa63dea6af21243424b69/user/std-bin"

[[sections.rootfs.layers]]
kind = "cargo"
package = "scarlet-std-bin"
bin = "kernel-info"
to = "/bin/kernel-info"
hash = "sha256:849e9ee76b60477c642793a9775d4a78ea0b0553eee1c52090e0a087e509eb37"

[sections.rootfs.layers.source]
type = "path"
path = "../../.cache/sources/scarlet-distribution/c06ddda3a341f17bcadaa63dea6af21243424b69/user/std-bin"

[[sections.rootfs.layers]]
kind = "cargo"
package = "user-bin"
bin = "ps"
to = "/bin/ps"
hash = "sha256:4f3eaee11705615476cfa65a22f3e23204ae951fd8c5ef25cb118ba3f1c07e09"

[sections.rootfs.layers.source]
type = "path"
path = "../../.cache/sources/scarlet-distribution/c06ddda3a341f17bcadaa63dea6af21243424b69/user/bin"

[[sections.rootfs.layers]]
kind = "cargo"
bin = "shutdown"
to = "/bin/shutdown"
hash = "sha256:e9554b7a54f702c6984fa91baf31af720e338c9f65edf1b2319e65406a906840"

[sections.rootfs.layers.source]
type = "path"
path = "../../.cache/sources/scarlet-distribution/c06ddda3a341f17bcadaa63dea6af21243424b69/user/std-bin"

[[sections.rootfs.layers]]
kind = "cargo"
package = "scarlet-std-bin"
bin = "top"
to = "/bin/top"
hash = "sha256:5f74eaf63a0a9bd3eeeb0fbaa74b09e69884ac8fb32a6748ad21f69c7eee359e"

[sections.rootfs.layers.source]
type = "path"
path = "../../.cache/sources/scarlet-distribution/c06ddda3a341f17bcadaa63dea6af21243424b69/user/std-bin"

[[sections.rootfs.layers]]
kind = "cargo"
package = "scarlet-std-bin"
bin = "kill"
to = "/bin/kill"
hash = "sha256:7715921bccb0b95a27a77e594e7dcbb7111e1fa769dea2bac51afb24c36568e6"

[sections.rootfs.layers.source]
type = "path"
path = "../../.cache/sources/scarlet-distribution/c06ddda3a341f17bcadaa63dea6af21243424b69/user/std-bin"

[[sections.rootfs.layers]]
kind = "cargo"
package = "user-bin"
bin = "scpm"
to = "/bin/scpm"
hash = "sha256:aed7dcb509e395f197b783d0dbb02d296e1018d0afad72a276e11105b29594e0"

[sections.rootfs.layers.source]
type = "path"
path = "../../.cache/sources/scarlet-distribution/c06ddda3a341f17bcadaa63dea6af21243424b69/user/bin"

[[sections.rootfs.layers]]
kind = "cargo"
package = "user-bin"
bin = "netcfgd"
to = "/bin/netcfgd"
hash = "sha256:5baad0c224abb5053fcdb6f37b7378581b9586023b33fad403802329df3860cc"

[sections.rootfs.layers.source]
type = "path"
path = "../../.cache/sources/scarlet-distribution/c06ddda3a341f17bcadaa63dea6af21243424b69/user/bin"

[[sections.rootfs.layers]]
kind = "cargo"
package = "user-bin"
bin = "sshd"
to = "/bin/sshd"
hash = "sha256:def35343653298325b9257260afb9ef32419f898dd5a97564ef5a231d19ed243"

[sections.rootfs.layers.source]
type = "path"
path = "../../.cache/sources/scarlet-distribution/c06ddda3a341f17bcadaa63dea6af21243424b69/user/bin"

[[sections.rootfs.layers]]
kind = "cargo"
bin = "resolverd"
to = "/bin/resolverd"
hash = "sha256:548fb1b10b52a8caa8b00ac1327957f2ac093e0fc800567a3394440b2492f9f3"

[sections.rootfs.layers.source]
type = "path"
path = "../../.cache/sources/scarlet-distribution/c06ddda3a341f17bcadaa63dea6af21243424b69/user/std-bin"

[[sections.rootfs.layers]]
kind = "cargo"
bin = "ntpd"
to = "/bin/ntpd"
hash = "sha256:ad948423df744c165d939453129d995c5a7fcdf5c6ef607499311b28c3e1cdd8"

[sections.rootfs.layers.source]
type = "path"
path = "../../.cache/sources/scarlet-distribution/c06ddda3a341f17bcadaa63dea6af21243424b69/user/std-bin"

[[sections.rootfs.layers]]
kind = "cargo"
bin = "cpufreqctl"
to = "/bin/cpufreqctl"
hash = "sha256:bd207cc9afdf7f9389245a1db1da95c60aab1c94fae20680f3af6a270c8aad91"

[sections.rootfs.layers.source]
type = "path"
path = "../../.cache/sources/scarlet-distribution/c06ddda3a341f17bcadaa63dea6af21243424b69/user/std-bin"

[[sections.rootfs.layers]]
kind = "cargo"
package = "user-bin"
bin = "storage-check"
to = "/bin/storage-check"
hash = "sha256:63cdf2318046e55cc4019ac9bdcaa9335ae585e645f02e2b8a0bf5ee1ccfc793"

[sections.rootfs.layers.source]
type = "path"
path = "../../.cache/sources/scarlet-distribution/c06ddda3a341f17bcadaa63dea6af21243424b69/user/bin"

[[sections.rootfs.layers]]
kind = "cargo"
bin = "gpu-info"
to = "/bin/gpu-info"
hash = "sha256:2f503b5609fe7104ed4715ffb653e3d727998f52e518ba74423edb202c1d8fa9"

[sections.rootfs.layers.source]
type = "path"
path = "../../.cache/sources/scarlet-distribution/c06ddda3a341f17bcadaa63dea6af21243424b69/user/std-bin"

[[sections.rootfs.layers]]
kind = "cargo"
bin = "power-info"
to = "/bin/power-info"
hash = "sha256:f115b911fc62065b5009c18b83ef7e0ce85827c541700737788605cd34fe7995"

[sections.rootfs.layers.source]
type = "path"
path = "../../.cache/sources/scarlet-distribution/c06ddda3a341f17bcadaa63dea6af21243424b69/user/std-bin"

[[sections.rootfs.layers]]
kind = "cargo"
bin = "abi-run"
to = "/bin/abi-run"
hash = "sha256:fd15e7c176dc84eb6960079b6fc059b905f5bed20375c2871b9b380c7495e01d"

[sections.rootfs.layers.source]
type = "path"
path = "../../.cache/sources/scarlet-distribution/c06ddda3a341f17bcadaa63dea6af21243424b69/user/std-bin"

[[sections.rootfs.layers]]
kind = "cargo"
bin = "ls"
to = "/bin/ls"
hash = "sha256:ed8fb8e190f1f468c90527dbed1e7171d1857ab0c2efd73f4c95c52bb91a6e05"

[sections.rootfs.layers.source]
type = "path"
path = "../../.cache/sources/scarlet-distribution/c06ddda3a341f17bcadaa63dea6af21243424b69/user/std-bin"

[[sections.rootfs.layers]]
kind = "cargo"
bin = "cat"
to = "/bin/cat"
hash = "sha256:88127e52c5a85cf162670d860620eb2c235bc719e968b059a49ea047d0249410"

[sections.rootfs.layers.source]
type = "path"
path = "../../.cache/sources/scarlet-distribution/c06ddda3a341f17bcadaa63dea6af21243424b69/user/std-bin"

[[sections.rootfs.layers]]
kind = "cargo"
bin = "rm"
to = "/bin/rm"
hash = "sha256:96004ec59c2dfb9b669c137be991c29f73d7ef2caecd4d427f1bad35a23d9f7f"

[sections.rootfs.layers.source]
type = "path"
path = "../../.cache/sources/scarlet-distribution/c06ddda3a341f17bcadaa63dea6af21243424b69/user/std-bin"

[[sections.rootfs.layers]]
kind = "cargo"
bin = "resolve"
to = "/bin/resolve"
hash = "sha256:80ae8a7e9306e588acfb09f610d95343a56237c30563229715acc0cf0f26dc49"

[sections.rootfs.layers.source]
type = "path"
path = "../../.cache/sources/scarlet-distribution/c06ddda3a341f17bcadaa63dea6af21243424b69/user/std-bin"

[[sections.rootfs.layers]]
kind = "cargo"
bin = "nc"
to = "/bin/nc"
hash = "sha256:8f6dd4b5f87be2c2f931d2fc894d8e20bad48cbf04478efbe341315a9b093fad"

[sections.rootfs.layers.source]
type = "path"
path = "../../.cache/sources/scarlet-distribution/c06ddda3a341f17bcadaa63dea6af21243424b69/user/std-bin"

[[sections.rootfs.layers]]
kind = "cargo"
bin = "ping"
to = "/bin/ping"
hash = "sha256:0d6ff6d59be57ae58b19c077747ca14dae8925d085760c3d737bf14e5fe093c1"

[sections.rootfs.layers.source]
type = "path"
path = "../../.cache/sources/scarlet-distribution/c06ddda3a341f17bcadaa63dea6af21243424b69/user/std-bin"

[[sections.rootfs.layers]]
kind = "cargo"
bin = "netcfg"
to = "/bin/netcfg"
hash = "sha256:b5e7d9d0f44876f95335beabdf526331a169d0648044570bd4d203deeeca1c9e"

[sections.rootfs.layers.source]
type = "path"
path = "../../.cache/sources/scarlet-distribution/c06ddda3a341f17bcadaa63dea6af21243424b69/user/std-bin"

[[sections.rootfs.layers]]
kind = "cargo"
bin = "watch"
to = "/bin/watch"
hash = "sha256:d75c4fa1175c5b605df6f8e5c63fd6d925cff564f158c9e8946b86d1f5dd27c9"

[sections.rootfs.layers.source]
type = "path"
path = "../../.cache/sources/scarlet-distribution/c06ddda3a341f17bcadaa63dea6af21243424b69/user/std-bin"

[[sections.rootfs.layers]]
kind = "cargo"
bin = "date"
to = "/bin/date"
hash = "sha256:6b0a07c8c0af1d2219a96597240acad163f97a325facb47301fdeb1e97066def"

[sections.rootfs.layers.source]
type = "path"
path = "../../.cache/sources/scarlet-distribution/c06ddda3a341f17bcadaa63dea6af21243424b69/user/std-bin"

[[sections.rootfs.layers]]
kind = "cargo"
bin = "fb-test"
to = "/bin/fb-test"
hash = "sha256:76206d9cb79bc17bb49f8b6e9ebbce2dae6ef5c3c306c8b1314e14eeac4e42ae"

[sections.rootfs.layers.source]
type = "path"
path = "../../.cache/sources/scarlet-distribution/c06ddda3a341f17bcadaa63dea6af21243424b69/user/std-bin"

[[sections.rootfs.layers]]
kind = "cargo"
package = "user-bin"
bin = "scarlet-desktop"
to = "/bin/scarlet-desktop"
hash = "sha256:8c2c07e5e55eddae806c8dd10a2cdf51cbc5b859cbd955acdd572b71ddb7bed3"

[sections.rootfs.layers.source]
type = "path"
path = "../../.cache/sources/scarlet-distribution/c06ddda3a341f17bcadaa63dea6af21243424b69/user/bin"

[[sections.rootfs.layers]]
kind = "cargo"
package = "user-bin"
bin = "desktop-settings"
to = "/bin/desktop-settings"
hash = "sha256:964e9fcba4c52e8bc0898396a072f133fa7a4b0f469711398c5c36c0a8887d67"

[sections.rootfs.layers.source]
type = "path"
path = "../../.cache/sources/scarlet-distribution/c06ddda3a341f17bcadaa63dea6af21243424b69/user/bin"

[[sections.rootfs.layers]]
kind = "cargo"
package = "scarlet-std-bin"
bin = "files"
to = "/bin/files"
hash = "sha256:5ba2d1b991465962442285b59735abfce9e46d294241cf30a64aec5ce626c051"

[sections.rootfs.layers.source]
type = "path"
path = "../../.cache/sources/scarlet-distribution/c06ddda3a341f17bcadaa63dea6af21243424b69/user/std-bin"

[[sections.rootfs.layers]]
kind = "cargo"
package = "scarlet-std-bin"
bin = "notepad"
to = "/bin/notepad"
hash = "sha256:99a3f426133158746b485ff60f909ce8276279d289a7e5b3beef9e04d53ee125"

[sections.rootfs.layers.source]
type = "path"
path = "../../.cache/sources/scarlet-distribution/c06ddda3a341f17bcadaa63dea6af21243424b69/user/std-bin"

[[sections.rootfs.layers]]
kind = "cargo"
package = "scarlet-std-bin"
bin = "scarlet-shell"
to = "/bin/scarlet-shell"
hash = "sha256:78306cfbeed1779d732d1746d970d7245c4cc6c9f9665d5d74556f89d4c82671"

[sections.rootfs.layers.source]
type = "path"
path = "../../.cache/sources/scarlet-distribution/c06ddda3a341f17bcadaa63dea6af21243424b69/user/std-bin"

[[sections.rootfs.layers]]
kind = "cargo"
package = "user-bin"
bin = "terminal"
to = "/bin/terminal"
hash = "sha256:80a08e75f03bd8a1a3ff976d44008b9a76fd9c2b0663f1888be8b55ed4957b7f"

[sections.rootfs.layers.source]
type = "path"
path = "../../.cache/sources/scarlet-distribution/c06ddda3a341f17bcadaa63dea6af21243424b69/user/bin"

[[sections.rootfs.layers]]
kind = "cargo"
package = "scarlet-std-bin"
bin = "sws"
to = "/bin/sws"
hash = "sha256:7215230b2cfbc88169ade8719f67ff2e431bc32981de35730f0adca6ddcdf6ab"

[sections.rootfs.layers.source]
type = "path"
path = "../../.cache/sources/scarlet-distribution/c06ddda3a341f17bcadaa63dea6af21243424b69/user/std-bin"

[[sections.rootfs.layers]]
kind = "cargo"
package = "user-bin"
bin = "sas"
to = "/bin/sas"
hash = "sha256:169b4c420487ca69378c27bde7e570b23321d3deb6d1f5a2d99f1f8c5cccdb2e"

[sections.rootfs.layers.source]
type = "path"
path = "../../.cache/sources/scarlet-distribution/c06ddda3a341f17bcadaa63dea6af21243424b69/user/bin"

[[sections.rootfs.layers]]
kind = "cargo"
bin = "sasctl"
to = "/bin/sasctl"
hash = "sha256:b66081998fcd0fcf8b9aed6e72e43588381df12951eeb581e2a9ad5e51e57e04"

[sections.rootfs.layers.source]
type = "path"
path = "../../.cache/sources/scarlet-distribution/c06ddda3a341f17bcadaa63dea6af21243424b69/user/std-bin"

[[sections.rootfs.layers]]
kind = "cargo"
package = "user-bin"
bin = "mplayer"
to = "/bin/mplayer"
hash = "sha256:0af43cb23bb9dbc88b100efa2e6a18bf1b1e0a3419d7a0ad57e3441c0c01739e"

[sections.rootfs.layers.source]
type = "path"
path = "../../.cache/sources/scarlet-distribution/c06ddda3a341f17bcadaa63dea6af21243424b69/user/bin"

[[sections.rootfs.layers]]
kind = "cargo"
package = "user-bin"
bin = "ui-demo"
to = "/bin/ui-demo"
hash = "sha256:6e503680acd55fcbe2fbdf87c111cd95419b0cf7eb282a3c2112e5ec706c044f"

[sections.rootfs.layers.source]
type = "path"
path = "../../.cache/sources/scarlet-distribution/c06ddda3a341f17bcadaa63dea6af21243424b69/user/bin"

[[sections.rootfs.layers]]
kind = "cargo"
package = "user-bin"
bin = "ui-benchmark"
to = "/bin/ui-benchmark"
hash = "sha256:05c7ce1c59f059374678c8177a56df048649d36b18cf22b276f48a042387e6f1"

[sections.rootfs.layers.source]
type = "path"
path = "../../.cache/sources/scarlet-distribution/c06ddda3a341f17bcadaa63dea6af21243424b69/user/bin"

[[sections.rootfs.layers]]
kind = "cargo"
package = "scarlet-ui-widget-factory"
bin = "scarlet-ui-widget-factory"
subdir = "examples/widget-factory"
to = "/bin/widget-factory"
hash = "sha256:32740776b322f12dc8d40ea4d3110b5b1a4a7bbc58733bd4e9f40d2dd5dfa1fa"

[sections.rootfs.layers.source]
type = "path"
path = "../../.cache/sources/scarlet-ui/e6e00f11c95de371057899ec05b7a832d04adc7f"

[[sections.rootfs.layers]]
kind = "cargo"
bin = "ui-sgfx-showcase"
to = "/bin/ui-sgfx-showcase"
hash = "sha256:8ec2031ca189ccfadfc270d3879e224dfec512996f849a4dfacad0c728a97020"

[sections.rootfs.layers.source]
type = "path"
path = "../../.cache/sources/scarlet-distribution/c06ddda3a341f17bcadaa63dea6af21243424b69/user/std-bin"

[[sections.rootfs.layers]]
kind = "cargo"
package = "user-bin"
bin = "settings"
to = "/bin/settings"
hash = "sha256:5f36cd6e67b90192217f3f1d13a267ad199debe150ce933b7b675e64d47c9572"

[sections.rootfs.layers.source]
type = "path"
path = "../../.cache/sources/scarlet-distribution/c06ddda3a341f17bcadaa63dea6af21243424b69/user/bin"

[[sections.rootfs.layers]]
kind = "cargo"
bin = "task-manager"
to = "/bin/task-manager"
hash = "sha256:58e2e7900889676a8b42164f7931fd23d33c58f5ef823db7fcecdd04692f794a"

[sections.rootfs.layers.source]
type = "path"
path = "../../.cache/sources/scarlet-distribution/c06ddda3a341f17bcadaa63dea6af21243424b69/user/std-bin"

[[sections.rootfs.layers]]
kind = "cargo"
package = "user-bin"
bin = "scarlet-skk"
to = "/bin/scarlet-skk"
hash = "sha256:7bd722fd13b8cc2db08aa25c6402ce581eba3c1356af2af5e1a4d72fa7f868c7"

[sections.rootfs.layers.source]
type = "path"
path = "../../.cache/sources/scarlet-distribution/c06ddda3a341f17bcadaa63dea6af21243424b69/user/bin"

[[sections.rootfs.layers]]
kind = "script"
to = "/share/skk/SKK-JISYO.L"
output = ".scarlet/.scarlet/cache/skk/SKK-JISYO.L"
hash = "sha256:cb3638df4cf621359db4e5aca385deae3cd0e681540da1c788d004374d261a42"

[sections.rootfs.layers.source]
type = "path"
path = "../../.cache/sources/scarlet-distribution/c06ddda3a341f17bcadaa63dea6af21243424b69/bundles/desktop/tools/fetch_skk_dictionary.sh"

[[sections.rootfs.layers]]
kind = "cargo"
package = "user-bin"
bin = "wayland-bridge"
to = "/bin/wayland-bridge"
hash = "sha256:76fc0987d3d4fca0ea7d79068a0703189ce26f76635c0416408ce399879cb351"

[sections.rootfs.layers.source]
type = "path"
path = "../../.cache/sources/scarlet-distribution/c06ddda3a341f17bcadaa63dea6af21243424b69/user/bin"

[[sections.rootfs.layers]]
kind = "cargo"
bin = "ansi-banner"
to = "/bin/ansi-banner"
hash = "sha256:59c4fd907a24bb2a8f469845ba62b572e1995b93b9920a6cfeff48c4e277f297"

[sections.rootfs.layers.source]
type = "path"
path = "../../.cache/sources/scarlet-distribution/c06ddda3a341f17bcadaa63dea6af21243424b69/user/std-bin"

[[sections.rootfs.layers]]
kind = "cargo"
package = "user-bin"
bin = "sgfx-probe"
to = "/bin/sgfx-probe"
hash = "sha256:5cd2413166db9a89ef7e350e1bcfe1b4695aeab542ef5dc1f055ce4600b9a733"

[sections.rootfs.layers.source]
type = "path"
path = "../../.cache/sources/scarlet-distribution/c06ddda3a341f17bcadaa63dea6af21243424b69/user/bin"

[[sections.rootfs.layers]]
kind = "cargo"
bin = "sgfx-cube"
to = "/bin/sgfx-cube"
hash = "sha256:749eb67588d7f5d267488ef070173d65c61d8d69f0b2999182d81fff6e4ad4ca"

[sections.rootfs.layers.source]
type = "path"
path = "../../.cache/sources/scarlet-distribution/c06ddda3a341f17bcadaa63dea6af21243424b69/user/std-bin"

[[sections.rootfs.layers]]
kind = "cargo"
bin = "sgfx-texture"
to = "/bin/sgfx-texture"
hash = "sha256:9c9053812e6061da0ebb96811c40dbadd7390bb18eebdc27eded01982d4d1cc5"

[sections.rootfs.layers.source]
type = "path"
path = "../../.cache/sources/scarlet-distribution/c06ddda3a341f17bcadaa63dea6af21243424b69/user/std-bin"

[[sections.rootfs.layers]]
kind = "cargo"
bin = "sgfx-showcase"
to = "/bin/sgfx-showcase"
hash = "sha256:7a37d0954370e82496965ebcb1fd0c965fb9df6b6e2f0c16b2d2f43379c818de"

[sections.rootfs.layers.source]
type = "path"
path = "../../.cache/sources/scarlet-distribution/c06ddda3a341f17bcadaa63dea6af21243424b69/user/std-bin"

[[sections.rootfs.layers]]
kind = "cargo"
package = "vulkan-canvas-demo"
bin = "vulkan-canvas-demo"
to = "/bin/vulkan-canvas-demo"
hash = "sha256:600b7d6e1e641c12677ea75fc66eabc059faf1f4ee191a0369c424980c261462"

[sections.rootfs.layers.source]
type = "path"
path = "../../.cache/sources/scarlet-distribution/c06ddda3a341f17bcadaa63dea6af21243424b69/user/vulkan-canvas-demo"

[[sections.rootfs.layers]]
kind = "cargo"
bin = "httpd"
to = "/bin/httpd"
hash = "sha256:bd91136b742545d3af891f65adc8fcb4e122b5d87aa0b073339171674fd521a7"

[sections.rootfs.layers.source]
type = "path"
path = "../../.cache/sources/scarlet-distribution/c06ddda3a341f17bcadaa63dea6af21243424b69/user/std-bin"

[[sections.rootfs.layers]]
kind = "cargo"
package = "user-bin"
bin = "ushv"
to = "/bin/ushv"
hash = "sha256:1851a76fe0d8ca75270d9dc2f508a6c1d75bd9a7c369cb086eb6f8b7281ea588"

[sections.rootfs.layers.source]
type = "path"
path = "../../.cache/sources/scarlet-distribution/c06ddda3a341f17bcadaa63dea6af21243424b69/user/bin"

[[sections.rootfs.layers]]
kind = "cargo"
bin = "lsm-list"
to = "/bin/lsm-list"
hash = "sha256:265bcf7269a69673696ff94d6dcb5ad07c00c108f196816e2c1df6e9c52394d9"

[sections.rootfs.layers.source]
type = "path"
path = "../../.cache/sources/scarlet-distribution/c06ddda3a341f17bcadaa63dea6af21243424b69/user/std-bin"

[[sections.rootfs.layers]]
kind = "cargo"
bin = "clock"
to = "/bin/clock"
hash = "sha256:d1c55e52f82bf3712b97dcd9fb70a37b9a387bd008526c04ead4bfb6e11ba19d"

[sections.rootfs.layers.source]
type = "path"
path = "../../.cache/sources/scarlet-distribution/c06ddda3a341f17bcadaa63dea6af21243424b69/user/std-bin"

[[sections.rootfs.layers]]
kind = "cargo"
bin = "lsm-load"
to = "/bin/lsm-load"
hash = "sha256:8771a848d86e44bb2e16be0c2400b280028852dad263f433adaa143860f91600"

[sections.rootfs.layers.source]
type = "path"
path = "../../.cache/sources/scarlet-distribution/c06ddda3a341f17bcadaa63dea6af21243424b69/user/std-bin"

[[sections.rootfs.layers]]
kind = "cargo"
bin = "lsm-unload"
to = "/bin/lsm-unload"
hash = "sha256:fa0bbd890ca9a73fb03b698390d9b069a8515c805ab37a76ffec2f2522492c73"

[sections.rootfs.layers.source]
type = "path"
path = "../../.cache/sources/scarlet-distribution/c06ddda3a341f17bcadaa63dea6af21243424b69/user/std-bin"

[[sections.rootfs.layers]]
kind = "cargo"
bin = "input-dump"
to = "/bin/input-dump"
hash = "sha256:719d3b1d53f73040967d6d8999db961fc86ae1cfe3f445085d6068691bb50223"

[sections.rootfs.layers.source]
type = "path"
path = "../../.cache/sources/scarlet-distribution/c06ddda3a341f17bcadaa63dea6af21243424b69/user/std-bin"

[[sections.rootfs.layers]]
kind = "cargo"
bin = "displayctl"
to = "/bin/displayctl"
hash = "sha256:0b2e648699f71cc5ee3a6e1cf35ff85c59dbfc817e437b0468c3a733474ca9ab"

[sections.rootfs.layers.source]
type = "path"
path = "../../.cache/sources/scarlet-distribution/c06ddda3a341f17bcadaa63dea6af21243424b69/user/std-bin"

[[sections.rootfs.layers]]
kind = "cargo"
bin = "sensor-dump"
to = "/bin/sensor-dump"
hash = "sha256:c5f21951c176b79989eb903d4e76f58783aa982fd5edfe05c5eec63e311fa95e"

[sections.rootfs.layers.source]
type = "path"
path = "../../.cache/sources/scarlet-distribution/c06ddda3a341f17bcadaa63dea6af21243424b69/user/std-bin"

[[sections.rootfs.layers]]
kind = "cargo"
bin = "tabletctl"
to = "/bin/tabletctl"
hash = "sha256:ba1d4d0e26b506ecc4e5b9c9cd8fe9ba2c0f15549fbaaa29845c21bb805d884f"

[sections.rootfs.layers.source]
type = "path"
path = "../../.cache/sources/scarlet-distribution/c06ddda3a341f17bcadaa63dea6af21243424b69/user/std-bin"

[[sections.rootfs.layers]]
kind = "cargo"
bin = "mozc-server"
to = "/bin/mozc-server"
hash = "sha256:3a0c04235950be6bf654c8e5ead0e9275f7cdbb0958e56a84c3814f5da95b851"

[sections.rootfs.layers.source]
type = "path"
path = "../../.cache/sources/scarlet-distribution/c06ddda3a341f17bcadaa63dea6af21243424b69/user/bin"

[[sections.rootfs.layers]]
kind = "cargo"
package = "user-bin"
bin = "scarlet-mozc"
to = "/bin/scarlet-mozc"
hash = "sha256:60c13c7f88b71124984762994e0856224a72c26b82917e5a24dc4e88a868ec4d"

[sections.rootfs.layers.source]
type = "path"
path = "../../.cache/sources/scarlet-distribution/c06ddda3a341f17bcadaa63dea6af21243424b69/user/bin"

[[sections.rootfs.layers]]
kind = "cargo"
package = "user-bin"
bin = "dcp-flip-test"
to = "/bin/dcp-flip-test"
hash = "sha256:8a252a51e92dad1caee2e1457b5926caa07384242ab6d0024acfa3fc53ceb837"

[sections.rootfs.layers.source]
type = "path"
path = "../../.cache/sources/scarlet-distribution/c06ddda3a341f17bcadaa63dea6af21243424b69/user/bin"

[[sections.rootfs.layers]]
kind = "cargo"
package = "carmine"
bin = "carmine"
to = "/bin/carmine"
hash = "sha256:369a666f2dab41be9fc1ce194fea978f62ad92e28f98f2873935545a72ddfd78"

[sections.rootfs.layers.source]
type = "path"
path = "../../.cache/sources/carmine/5ed3e9270b4949e4ee27052e62d12443770d1884"

[[sections.rootfs.layers]]
kind = "cargo"
package = "myrica"
bin = "myrica"
to = "/bin/myrica"
hash = "sha256:e899e4388e1b4a4f682997a6ac804520bb61cc378db712c515a76a830a906148"

[sections.rootfs.layers.source]
type = "path"
path = "../../.cache/sources/myrica/37a34c4195def793923cfb5868f41780aaded167"

[[sections.rootfs.layers]]
kind = "cargo"
package = "vellum"
bin = "vellum"
to = "/bin/vellum"
hash = "sha256:a2de08a9d7e2f3e193680fb9554579cc70b21fbcc9466061592c97ff18d6e2a6"

[sections.rootfs.layers.source]
type = "path"
path = "../../.cache/sources/vellum/98dfc25b60a0b179ad8f0b65738f0d2191f160ea"

[[sections.rootfs.layers]]
kind = "cargo"
package = "boxcraft"
bin = "boxcraft"
to = "/bin/boxcraft"
hash = "sha256:ea9333ccaea39d1628cf28131b0d151d0cbc44209f1156faf247ad55dca342ae"

[sections.rootfs.layers.source]
type = "path"
path = "../../.cache/sources/boxcraft/859bb7b41c0c8fa46bc3cd3e54a0b607fb26f90e"

[[sections.rootfs.layers]]
kind = "cargo"
bin = "remote-desktop"
to = "/bin/remote-desktop"
hash = "sha256:a036c5abfc834a69eab3027e0d376475274ebd839039bdf301209c40a70ae9d6"

[sections.rootfs.layers.source]
type = "path"
path = "../../.cache/sources/scarlet-distribution/c06ddda3a341f17bcadaa63dea6af21243424b69/user/std-bin"

[[sections.rootfs.layers]]
kind = "cargo"
package = "scarlet-std-bin"
bin = "soft-keyboard"
to = "/bin/soft-keyboard"
hash = "sha256:da7ebaa69c1b91d990d02e803252a9ac327777a19b622ec14c7203f228591cfe"

[sections.rootfs.layers.source]
type = "path"
path = "../../.cache/sources/scarlet-distribution/c06ddda3a341f17bcadaa63dea6af21243424b69/user/std-bin"

[[sections.rootfs.layers]]
kind = "archive"
to = "/systems/linux-aarch64"
format = "tar-zst"
strip_components = 1
hash = "sha256:4d94a1870a9be510987c61eb7371d35a7d31415ca49a56ecb8df74791a4e2eb0"

[sections.rootfs.layers.source]
type = "archive"
url = "https://github.com/petitstrawberry/scarlet-bundle-linux/releases/download/v0.1.0/rootfs-aarch64-v0.1.0.tar.zst"
sha256 = "sha256:4d94a1870a9be510987c61eb7371d35a7d31415ca49a56ecb8df74791a4e2eb0"

[[sections.rootfs.layers]]
kind = "archive"
to = "/systems/linux-aarch64"
format = "tar-zst"
strip_components = 1
hash = "sha256:727f20be6a009329e0be7c627f4dd07904588825077e4c431c943d9555499c26"

[sections.rootfs.layers.source]
type = "archive"
url = "https://github.com/petitstrawberry/scarlet-bundle-linux/releases/download/v0.1.0/mozc-aarch64-v0.1.0.tar.zst"
sha256 = "sha256:727f20be6a009329e0be7c627f4dd07904588825077e4c431c943d9555499c26"

[[sections.rootfs.layers]]
kind = "cargo"
package = "moonlight"
bin = "moonlight"
to = "/bin/moonlight"
hash = "sha256:796d37efa019eb9e8e2b2b1917665dc696f1936110f02cf90c3d1382d1a2b2f4"

[sections.rootfs.layers.source]
type = "path"
path = "../../.cache/sources/moonlight-scarlet/d0e1ce9e661a9f76c18deacbdcc13357a3c350af"

[[sections.rootfs.layers]]
kind = "cargo"
package = "yt"
bin = "yt"
to = "/bin/yt"
hash = "sha256:43d50bb01de217dce4f74a5e9fa0c9b130476d6890049cfbe9a5343ecd3bf3c7"

[sections.rootfs.layers.source]
type = "path"
path = "../../.cache/sources/yt-for-scarlet/660b9d82dfa6dc5b434b9ac662de3e4e6009f6b8"

[[sections.rootfs.layers]]
kind = "cargo"
package = "yt-gui"
bin = "yt-gui"
to = "/bin/yt-gui"
hash = "sha256:2d5c33c882750bef7fb9bc9a511b6f9f39fd4c6aa163df01ebec3b807a27ea97"

[sections.rootfs.layers.source]
type = "path"
path = "../../.cache/sources/yt-for-scarlet/660b9d82dfa6dc5b434b9ac662de3e4e6009f6b8"

[[sections.rootfs.layers]]
kind = "cargo"
package = "scarlet-std-bin"
bin = "axum-demo"
to = "/bin/axum-demo"
hash = "sha256:a36a37c8cdd47c1a18e1b6ee5c2777adbc4b2d7ef154cc937d66869b83898cad"

[sections.rootfs.layers.source]
type = "path"
path = "../../.cache/sources/scarlet-distribution/c06ddda3a341f17bcadaa63dea6af21243424b69/user/std-bin"

[[sections.rootfs.layers]]
kind = "cargo"
package = "scarlet-std-bin"
bin = "reqwest-demo"
to = "/bin/reqwest-demo"
hash = "sha256:a68954c207a092aa2b2a6dca268cf9cc336f0b55ac14a3c103dc60c4a618b960"

[sections.rootfs.layers.source]
type = "path"
path = "../../.cache/sources/scarlet-distribution/c06ddda3a341f17bcadaa63dea6af21243424b69/user/std-bin"

[[sections.rootfs.layers]]
kind = "cargo"
package = "scarlet-tonic-demo"
bin = "tonic-server"
to = "/bin/tonic-server"
hash = "sha256:dd0a4116c5c1ab6a7efff1e365a6e5fb7cc91eb3e47f21db0e589dbb264b69ae"

[sections.rootfs.layers.source]
type = "path"
path = "../../.cache/sources/scarlet-distribution/c06ddda3a341f17bcadaa63dea6af21243424b69/user/tonic-demo"

[[sections.rootfs.layers]]
kind = "cargo"
package = "scarlet-tonic-demo"
bin = "tonic-client"
to = "/bin/tonic-client"
hash = "sha256:db1d4a444f4bffed6312498799f6e85bfa4f51435cd545c336de0459bff30aa5"

[sections.rootfs.layers.source]
type = "path"
path = "../../.cache/sources/scarlet-distribution/c06ddda3a341f17bcadaa63dea6af21243424b69/user/tonic-demo"

[[sections.rootfs.layers]]
kind = "cargo"
package = "scarlet-websocket-demo"
bin = "ws-server"
to = "/bin/ws-server"
hash = "sha256:28140cefbf1231a241d06fa5ab9f570b5ca5ad16ad4597b26f7e8a26b77cfde2"

[sections.rootfs.layers.source]
type = "path"
path = "../../.cache/sources/scarlet-distribution/c06ddda3a341f17bcadaa63dea6af21243424b69/user/websocket-demo"

[[sections.rootfs.layers]]
kind = "cargo"
package = "scarlet-websocket-demo"
bin = "ws-client"
to = "/bin/ws-client"
hash = "sha256:e1f9018d67528006e5cab7c52b4ead2913cabd4b9dbdab136f8c16dfe80a819b"

[sections.rootfs.layers.source]
type = "path"
path = "../../.cache/sources/scarlet-distribution/c06ddda3a341f17bcadaa63dea6af21243424b69/user/websocket-demo"

[[sections.rootfs.layers]]
kind = "cargo"
package = "blitz-scarlet-browser"
bin = "blitz"
subdir = "apps/scarlet-browser"
to = "/bin/blitz"
hash = "sha256:51d00e273118b61cc7a8520949b07bcb19c5efb78cb7337be13de4e1fc4b4f1e"

[sections.rootfs.layers.source]
type = "path"
path = "../../.cache/sources/blitz/808409712e7f77ac1cf8f00f3a43d15af574d95b"

[[sections.rootfs.layers]]
kind = "cargo"
package = "video_player"
bin = "video-player"
features = [
    "h264-stateless-hw",
    "mp4-aac",
]
default-features = false
to = "/bin/video-player"
hash = "sha256:5225c890dbc1ed5100afdf184980adec8db48065eea9d9250384560e4f666cb8"

[sections.rootfs.layers.source]
type = "path"
path = "../../.cache/sources/scarlet-distribution/c06ddda3a341f17bcadaa63dea6af21243424b69/user/video_player"
