# Generated by cargo-scarlet — do not edit

[sections.initramfs]
hash = "sha256:26da1d99bfdd3acab7ed101f629ed183111cfeaa81f8807ccc5f6c51fd14f31d"

[[sections.initramfs.layers]]
kind = "script"
to = "/etc/ssl/certs/ca-certificates.crt"
hash = ""

[sections.initramfs.layers.source]
type = "path"
path = "../../../Scarlet/tools/install-ca-certificates.sh"

[[sections.initramfs.layers]]
kind = "cargo"
package = "scarlet-ld"
bin = "scarlet-ld"
to = "/bin/scarlet-ld"
hash = "sha256:76233e6916a3499e32865810633a8078728fabbca81abec248daf8b6319f2f84"

[sections.initramfs.layers.source]
type = "path"
path = "../../../Scarlet/user/scarlet-ld"

[[sections.initramfs.layers]]
kind = "cargo"
package = "user-bin"
bin = "init"
to = "/init"
hash = "sha256:5b4b63327c4b2d78e64ae3a20e42a0d3d0405759f10bbfb3e3a1d66a8ff17fe6"

[sections.initramfs.layers.source]
type = "path"
path = "../../../Scarlet/user/bin"

[[sections.initramfs.layers]]
kind = "cargo"
package = "user-bin"
bin = "sh"
to = "/bin/sh"
hash = "sha256:2d045b0e3a5cfd1ea477d2fddd425a22608406d791557c5bb02ca695f8dfa914"

[sections.initramfs.layers.source]
type = "path"
path = "../../../Scarlet/user/bin"

[[sections.initramfs.layers]]
kind = "cargo"
package = "user-bin"
bin = "login"
to = "/bin/login"
hash = "sha256:45474691862c4743038dc93b526694032920d8eed83444eded350cb1fdd206db"

[sections.initramfs.layers.source]
type = "path"
path = "../../../Scarlet/user/bin"

[[sections.initramfs.layers]]
kind = "cargo"
package = "scarlet-std-bin"
bin = "stemd"
to = "/bin/stemd"
hash = "sha256:a06155e60dc471fca8fbba3ca60a0a931e484ec29c9a22ac1e88bfcc472fed96"

[sections.initramfs.layers.source]
type = "path"
path = "../../../Scarlet/user/std-bin"

[[sections.initramfs.layers]]
kind = "cargo"
package = "scarlet-std-bin"
bin = "logd"
to = "/bin/logd"
hash = "sha256:dc77e7ab7fa1abf90e5694e95e4be8b9c5464067a3753f114be42d2349ec04f8"

[sections.initramfs.layers.source]
type = "path"
path = "../../../Scarlet/user/std-bin"

[[sections.initramfs.layers]]
kind = "cargo"
package = "scarlet-std-bin"
bin = "logctl"
to = "/bin/logctl"
hash = "sha256:02d5d92bb809d022aea80bf26aaf11e18a4dee3b4e5290b0efb8ab2c04522aac"

[sections.initramfs.layers.source]
type = "path"
path = "../../../Scarlet/user/std-bin"

[[sections.initramfs.layers]]
kind = "cargo"
package = "user-bin"
bin = "sbusd"
to = "/bin/sbusd"
hash = "sha256:c0962a3b95540464eb8dcb40914d035856d7ea7dc19e27f498b518684a715f40"

[sections.initramfs.layers.source]
type = "path"
path = "../../../Scarlet/user/bin"

[[sections.initramfs.layers]]
kind = "cargo"
bin = "hello"
to = "/bin/hello"
hash = "sha256:e2187aedb147b4f92f18609e02041b609a91ca4589260641215f37adcd21921a"

[sections.initramfs.layers.source]
type = "path"
path = "../../../Scarlet/user/std-bin"

[[sections.initramfs.layers]]
kind = "cargo"
package = "scarlet-std-bin"
bin = "kernel-info"
to = "/bin/kernel-info"
hash = "sha256:b15570443f6583be78fa75e9ddb107e201ee7cf4771243cf411e133d53be732e"

[sections.initramfs.layers.source]
type = "path"
path = "../../../Scarlet/user/std-bin"

[[sections.initramfs.layers]]
kind = "cargo"
package = "user-bin"
bin = "ps"
to = "/bin/ps"
hash = "sha256:ac216aae52231de6ed75ac353decbdc831bfd9ea2eba6480c465633baced220d"

[sections.initramfs.layers.source]
type = "path"
path = "../../../Scarlet/user/bin"

[[sections.initramfs.layers]]
kind = "cargo"
bin = "shutdown"
to = "/bin/shutdown"
hash = "sha256:d5044df77e40684f5c3896acbfae41da8364dd7c37bdc8d02448f8cf8f5c1d50"

[sections.initramfs.layers.source]
type = "path"
path = "../../../Scarlet/user/std-bin"

[[sections.initramfs.layers]]
kind = "cargo"
package = "scarlet-std-bin"
bin = "top"
to = "/bin/top"
hash = "sha256:e47f661d1c195c9067c059c53439c8f991cf85ef74cc964e79649e42b1f715ce"

[sections.initramfs.layers.source]
type = "path"
path = "../../../Scarlet/user/std-bin"

[[sections.initramfs.layers]]
kind = "cargo"
package = "scarlet-std-bin"
bin = "kill"
to = "/bin/kill"
hash = "sha256:a83f44fe58253876086f59f58f65294f0c4c736c15cb347647c07199cee5ef5f"

[sections.initramfs.layers.source]
type = "path"
path = "../../../Scarlet/user/std-bin"

[[sections.initramfs.layers]]
kind = "cargo"
package = "user-bin"
bin = "scpm"
to = "/bin/scpm"
hash = "sha256:d55d752ccf99206dc0f7f5a769a9dcae545431c2f8bccebf2bc1be1444999a5f"

[sections.initramfs.layers.source]
type = "path"
path = "../../../Scarlet/user/bin"

[[sections.initramfs.layers]]
kind = "cargo"
package = "user-bin"
bin = "netcfgd"
to = "/bin/netcfgd"
hash = "sha256:b658b830ef9c2a390a0e3db990f874ef58fa51d75167dedd03a38424e1b4a594"

[sections.initramfs.layers.source]
type = "path"
path = "../../../Scarlet/user/bin"

[[sections.initramfs.layers]]
kind = "cargo"
package = "user-bin"
bin = "sshd"
to = "/bin/sshd"
hash = "sha256:6862194cc75c8b12cf516b49194de53733f546227b3b01e154aa62f5795378d0"

[sections.initramfs.layers.source]
type = "path"
path = "../../../Scarlet/user/bin"

[[sections.initramfs.layers]]
kind = "cargo"
bin = "resolverd"
to = "/bin/resolverd"
hash = "sha256:7821ecc1bacbb2a2f57e0069eea7e3a7461e27a180127b1ed382c9db44a397c7"

[sections.initramfs.layers.source]
type = "path"
path = "../../../Scarlet/user/std-bin"

[[sections.initramfs.layers]]
kind = "cargo"
bin = "ntpd"
to = "/bin/ntpd"
hash = "sha256:d2b7e83ed8d9aecb19d0d5a4300850b5e434b9c539592488c4bcad03fc2ff4bf"

[sections.initramfs.layers.source]
type = "path"
path = "../../../Scarlet/user/std-bin"

[[sections.initramfs.layers]]
kind = "cargo"
bin = "cpufreqctl"
to = "/bin/cpufreqctl"
hash = "sha256:9fa151209a6100d434a3117150870b02354fb305a75c693e8374a86681fd1785"

[sections.initramfs.layers.source]
type = "path"
path = "../../../Scarlet/user/std-bin"

[[sections.initramfs.layers]]
kind = "cargo"
package = "user-bin"
bin = "storage-check"
to = "/bin/storage-check"
hash = "sha256:cea9e647f232f514b7b582b4988f6d0546364e93926b0dc7ea8f7774e1696d3f"

[sections.initramfs.layers.source]
type = "path"
path = "../../../Scarlet/user/bin"

[[sections.initramfs.layers]]
kind = "cargo"
bin = "gpu-info"
to = "/bin/gpu-info"
hash = "sha256:2f2524481a5df6f9e86eb9fa2119bdf65e3b4c046a483fc6a26e6ca3eb6689de"

[sections.initramfs.layers.source]
type = "path"
path = "../../../Scarlet/user/std-bin"

[[sections.initramfs.layers]]
kind = "cargo"
bin = "power-info"
to = "/bin/power-info"
hash = "sha256:8b20884ae4b5ca5b49d4eb155f5af2e21736d64fa7ccccec21b3b72e3b6e49bb"

[sections.initramfs.layers.source]
type = "path"
path = "../../../Scarlet/user/std-bin"

[[sections.initramfs.layers]]
kind = "cargo"
bin = "abi-run"
to = "/bin/abi-run"
hash = "sha256:8a954934030ae27c51f0dd22813a3773662d29d382856d3411971e84a3dedd8e"

[sections.initramfs.layers.source]
type = "path"
path = "../../../Scarlet/user/std-bin"

[[sections.initramfs.layers]]
kind = "cargo"
bin = "ls"
to = "/bin/ls"
hash = "sha256:277c16c05ed579e3330af84809392b93d7f92e4fbcb21cfcae17bfb0aac948cf"

[sections.initramfs.layers.source]
type = "path"
path = "../../../Scarlet/user/std-bin"

[[sections.initramfs.layers]]
kind = "cargo"
bin = "cat"
to = "/bin/cat"
hash = "sha256:331e22136ab2fc46c1deca508739c4f976ea098151d2fb46e0319c2242fe2f9d"

[sections.initramfs.layers.source]
type = "path"
path = "../../../Scarlet/user/std-bin"

[[sections.initramfs.layers]]
kind = "cargo"
bin = "rm"
to = "/bin/rm"
hash = "sha256:32f53bf23642bf0539c66a741f86e53236d00a76c173f412f22e565d1ec67d8a"

[sections.initramfs.layers.source]
type = "path"
path = "../../../Scarlet/user/std-bin"

[[sections.initramfs.layers]]
kind = "cargo"
bin = "resolve"
to = "/bin/resolve"
hash = "sha256:5f54a2463b0ff2e6d44ff6b6e850875ea31c7ff3adb6070100ea422ba4931deb"

[sections.initramfs.layers.source]
type = "path"
path = "../../../Scarlet/user/std-bin"

[[sections.initramfs.layers]]
kind = "cargo"
bin = "nc"
to = "/bin/nc"
hash = "sha256:928cb0be88606abc1cecd418a1b6dc43ba855b88a96fe8ce188039b4d9952a10"

[sections.initramfs.layers.source]
type = "path"
path = "../../../Scarlet/user/std-bin"

[[sections.initramfs.layers]]
kind = "cargo"
bin = "ping"
to = "/bin/ping"
hash = "sha256:3853cad8fd8ad48098ed1eb2be72d578ed11979cc8e963fd3d8a4ed23b453e76"

[sections.initramfs.layers.source]
type = "path"
path = "../../../Scarlet/user/std-bin"

[[sections.initramfs.layers]]
kind = "cargo"
bin = "netcfg"
to = "/bin/netcfg"
hash = "sha256:55eeb47f0e8d13afe5fcfee26a0d85f6ca06a9b9b14561a7071aab3536623533"

[sections.initramfs.layers.source]
type = "path"
path = "../../../Scarlet/user/std-bin"

[[sections.initramfs.layers]]
kind = "cargo"
bin = "watch"
to = "/bin/watch"
hash = "sha256:70bdca8cb93e2907434dd670dfadafbba91af90e294623f11c8aaf231397d80b"

[sections.initramfs.layers.source]
type = "path"
path = "../../../Scarlet/user/std-bin"

[[sections.initramfs.layers]]
kind = "cargo"
bin = "date"
to = "/bin/date"
hash = "sha256:3bf6f687a836289d6de1afe4437d6d0360710241f8c0131fb67cd95c9b786082"

[sections.initramfs.layers.source]
type = "path"
path = "../../../Scarlet/user/std-bin"

[[sections.initramfs.layers]]
kind = "cargo"
bin = "fb-test"
to = "/bin/fb-test"
hash = "sha256:c21410b165eb0e1f576f0a7f9ab4cd21ce553e9ac65b7e34f343ca35a333f965"

[sections.initramfs.layers.source]
type = "path"
path = "../../../Scarlet/user/std-bin"

[sections.rootfs]
hash = "sha256:3f2902152deb15108a25c332438357c513d9f07cd5ef82f5d09d25f6ad678345"

[[sections.rootfs.layers]]
kind = "script"
to = "/etc/ssl/certs/ca-certificates.crt"
hash = ""

[sections.rootfs.layers.source]
type = "path"
path = "../../../Scarlet/tools/install-ca-certificates.sh"

[[sections.rootfs.layers]]
kind = "cargo"
package = "scarlet-ld"
bin = "scarlet-ld"
to = "/bin/scarlet-ld"
hash = "sha256:76233e6916a3499e32865810633a8078728fabbca81abec248daf8b6319f2f84"

[sections.rootfs.layers.source]
type = "path"
path = "../../../Scarlet/user/scarlet-ld"

[[sections.rootfs.layers]]
kind = "cargo"
package = "user-bin"
bin = "init"
to = "/init"
hash = "sha256:5b4b63327c4b2d78e64ae3a20e42a0d3d0405759f10bbfb3e3a1d66a8ff17fe6"

[sections.rootfs.layers.source]
type = "path"
path = "../../../Scarlet/user/bin"

[[sections.rootfs.layers]]
kind = "cargo"
package = "user-bin"
bin = "sh"
to = "/bin/sh"
hash = "sha256:2d045b0e3a5cfd1ea477d2fddd425a22608406d791557c5bb02ca695f8dfa914"

[sections.rootfs.layers.source]
type = "path"
path = "../../../Scarlet/user/bin"

[[sections.rootfs.layers]]
kind = "cargo"
package = "user-bin"
bin = "login"
to = "/bin/login"
hash = "sha256:45474691862c4743038dc93b526694032920d8eed83444eded350cb1fdd206db"

[sections.rootfs.layers.source]
type = "path"
path = "../../../Scarlet/user/bin"

[[sections.rootfs.layers]]
kind = "cargo"
package = "scarlet-std-bin"
bin = "stemd"
to = "/bin/stemd"
hash = "sha256:a06155e60dc471fca8fbba3ca60a0a931e484ec29c9a22ac1e88bfcc472fed96"

[sections.rootfs.layers.source]
type = "path"
path = "../../../Scarlet/user/std-bin"

[[sections.rootfs.layers]]
kind = "cargo"
package = "scarlet-std-bin"
bin = "logd"
to = "/bin/logd"
hash = "sha256:dc77e7ab7fa1abf90e5694e95e4be8b9c5464067a3753f114be42d2349ec04f8"

[sections.rootfs.layers.source]
type = "path"
path = "../../../Scarlet/user/std-bin"

[[sections.rootfs.layers]]
kind = "cargo"
package = "scarlet-std-bin"
bin = "logctl"
to = "/bin/logctl"
hash = "sha256:02d5d92bb809d022aea80bf26aaf11e18a4dee3b4e5290b0efb8ab2c04522aac"

[sections.rootfs.layers.source]
type = "path"
path = "../../../Scarlet/user/std-bin"

[[sections.rootfs.layers]]
kind = "cargo"
package = "user-bin"
bin = "sbusd"
to = "/bin/sbusd"
hash = "sha256:c0962a3b95540464eb8dcb40914d035856d7ea7dc19e27f498b518684a715f40"

[sections.rootfs.layers.source]
type = "path"
path = "../../../Scarlet/user/bin"

[[sections.rootfs.layers]]
kind = "cargo"
bin = "hello"
to = "/bin/hello"
hash = "sha256:e2187aedb147b4f92f18609e02041b609a91ca4589260641215f37adcd21921a"

[sections.rootfs.layers.source]
type = "path"
path = "../../../Scarlet/user/std-bin"

[[sections.rootfs.layers]]
kind = "cargo"
package = "scarlet-std-bin"
bin = "kernel-info"
to = "/bin/kernel-info"
hash = "sha256:b15570443f6583be78fa75e9ddb107e201ee7cf4771243cf411e133d53be732e"

[sections.rootfs.layers.source]
type = "path"
path = "../../../Scarlet/user/std-bin"

[[sections.rootfs.layers]]
kind = "cargo"
package = "user-bin"
bin = "ps"
to = "/bin/ps"
hash = "sha256:ac216aae52231de6ed75ac353decbdc831bfd9ea2eba6480c465633baced220d"

[sections.rootfs.layers.source]
type = "path"
path = "../../../Scarlet/user/bin"

[[sections.rootfs.layers]]
kind = "cargo"
bin = "shutdown"
to = "/bin/shutdown"
hash = "sha256:d5044df77e40684f5c3896acbfae41da8364dd7c37bdc8d02448f8cf8f5c1d50"

[sections.rootfs.layers.source]
type = "path"
path = "../../../Scarlet/user/std-bin"

[[sections.rootfs.layers]]
kind = "cargo"
package = "scarlet-std-bin"
bin = "top"
to = "/bin/top"
hash = "sha256:e47f661d1c195c9067c059c53439c8f991cf85ef74cc964e79649e42b1f715ce"

[sections.rootfs.layers.source]
type = "path"
path = "../../../Scarlet/user/std-bin"

[[sections.rootfs.layers]]
kind = "cargo"
package = "scarlet-std-bin"
bin = "kill"
to = "/bin/kill"
hash = "sha256:a83f44fe58253876086f59f58f65294f0c4c736c15cb347647c07199cee5ef5f"

[sections.rootfs.layers.source]
type = "path"
path = "../../../Scarlet/user/std-bin"

[[sections.rootfs.layers]]
kind = "cargo"
package = "user-bin"
bin = "scpm"
to = "/bin/scpm"
hash = "sha256:d55d752ccf99206dc0f7f5a769a9dcae545431c2f8bccebf2bc1be1444999a5f"

[sections.rootfs.layers.source]
type = "path"
path = "../../../Scarlet/user/bin"

[[sections.rootfs.layers]]
kind = "cargo"
package = "user-bin"
bin = "netcfgd"
to = "/bin/netcfgd"
hash = "sha256:b658b830ef9c2a390a0e3db990f874ef58fa51d75167dedd03a38424e1b4a594"

[sections.rootfs.layers.source]
type = "path"
path = "../../../Scarlet/user/bin"

[[sections.rootfs.layers]]
kind = "cargo"
package = "user-bin"
bin = "sshd"
to = "/bin/sshd"
hash = "sha256:6862194cc75c8b12cf516b49194de53733f546227b3b01e154aa62f5795378d0"

[sections.rootfs.layers.source]
type = "path"
path = "../../../Scarlet/user/bin"

[[sections.rootfs.layers]]
kind = "cargo"
bin = "resolverd"
to = "/bin/resolverd"
hash = "sha256:7821ecc1bacbb2a2f57e0069eea7e3a7461e27a180127b1ed382c9db44a397c7"

[sections.rootfs.layers.source]
type = "path"
path = "../../../Scarlet/user/std-bin"

[[sections.rootfs.layers]]
kind = "cargo"
bin = "ntpd"
to = "/bin/ntpd"
hash = "sha256:d2b7e83ed8d9aecb19d0d5a4300850b5e434b9c539592488c4bcad03fc2ff4bf"

[sections.rootfs.layers.source]
type = "path"
path = "../../../Scarlet/user/std-bin"

[[sections.rootfs.layers]]
kind = "cargo"
bin = "cpufreqctl"
to = "/bin/cpufreqctl"
hash = "sha256:9fa151209a6100d434a3117150870b02354fb305a75c693e8374a86681fd1785"

[sections.rootfs.layers.source]
type = "path"
path = "../../../Scarlet/user/std-bin"

[[sections.rootfs.layers]]
kind = "cargo"
package = "user-bin"
bin = "storage-check"
to = "/bin/storage-check"
hash = "sha256:cea9e647f232f514b7b582b4988f6d0546364e93926b0dc7ea8f7774e1696d3f"

[sections.rootfs.layers.source]
type = "path"
path = "../../../Scarlet/user/bin"

[[sections.rootfs.layers]]
kind = "cargo"
bin = "gpu-info"
to = "/bin/gpu-info"
hash = "sha256:2f2524481a5df6f9e86eb9fa2119bdf65e3b4c046a483fc6a26e6ca3eb6689de"

[sections.rootfs.layers.source]
type = "path"
path = "../../../Scarlet/user/std-bin"

[[sections.rootfs.layers]]
kind = "cargo"
bin = "power-info"
to = "/bin/power-info"
hash = "sha256:8b20884ae4b5ca5b49d4eb155f5af2e21736d64fa7ccccec21b3b72e3b6e49bb"

[sections.rootfs.layers.source]
type = "path"
path = "../../../Scarlet/user/std-bin"

[[sections.rootfs.layers]]
kind = "cargo"
bin = "abi-run"
to = "/bin/abi-run"
hash = "sha256:8a954934030ae27c51f0dd22813a3773662d29d382856d3411971e84a3dedd8e"

[sections.rootfs.layers.source]
type = "path"
path = "../../../Scarlet/user/std-bin"

[[sections.rootfs.layers]]
kind = "cargo"
bin = "ls"
to = "/bin/ls"
hash = "sha256:277c16c05ed579e3330af84809392b93d7f92e4fbcb21cfcae17bfb0aac948cf"

[sections.rootfs.layers.source]
type = "path"
path = "../../../Scarlet/user/std-bin"

[[sections.rootfs.layers]]
kind = "cargo"
bin = "cat"
to = "/bin/cat"
hash = "sha256:331e22136ab2fc46c1deca508739c4f976ea098151d2fb46e0319c2242fe2f9d"

[sections.rootfs.layers.source]
type = "path"
path = "../../../Scarlet/user/std-bin"

[[sections.rootfs.layers]]
kind = "cargo"
bin = "rm"
to = "/bin/rm"
hash = "sha256:32f53bf23642bf0539c66a741f86e53236d00a76c173f412f22e565d1ec67d8a"

[sections.rootfs.layers.source]
type = "path"
path = "../../../Scarlet/user/std-bin"

[[sections.rootfs.layers]]
kind = "cargo"
bin = "resolve"
to = "/bin/resolve"
hash = "sha256:5f54a2463b0ff2e6d44ff6b6e850875ea31c7ff3adb6070100ea422ba4931deb"

[sections.rootfs.layers.source]
type = "path"
path = "../../../Scarlet/user/std-bin"

[[sections.rootfs.layers]]
kind = "cargo"
bin = "nc"
to = "/bin/nc"
hash = "sha256:928cb0be88606abc1cecd418a1b6dc43ba855b88a96fe8ce188039b4d9952a10"

[sections.rootfs.layers.source]
type = "path"
path = "../../../Scarlet/user/std-bin"

[[sections.rootfs.layers]]
kind = "cargo"
bin = "ping"
to = "/bin/ping"
hash = "sha256:3853cad8fd8ad48098ed1eb2be72d578ed11979cc8e963fd3d8a4ed23b453e76"

[sections.rootfs.layers.source]
type = "path"
path = "../../../Scarlet/user/std-bin"

[[sections.rootfs.layers]]
kind = "cargo"
bin = "netcfg"
to = "/bin/netcfg"
hash = "sha256:55eeb47f0e8d13afe5fcfee26a0d85f6ca06a9b9b14561a7071aab3536623533"

[sections.rootfs.layers.source]
type = "path"
path = "../../../Scarlet/user/std-bin"

[[sections.rootfs.layers]]
kind = "cargo"
bin = "watch"
to = "/bin/watch"
hash = "sha256:70bdca8cb93e2907434dd670dfadafbba91af90e294623f11c8aaf231397d80b"

[sections.rootfs.layers.source]
type = "path"
path = "../../../Scarlet/user/std-bin"

[[sections.rootfs.layers]]
kind = "cargo"
bin = "date"
to = "/bin/date"
hash = "sha256:3bf6f687a836289d6de1afe4437d6d0360710241f8c0131fb67cd95c9b786082"

[sections.rootfs.layers.source]
type = "path"
path = "../../../Scarlet/user/std-bin"

[[sections.rootfs.layers]]
kind = "cargo"
bin = "fb-test"
to = "/bin/fb-test"
hash = "sha256:c21410b165eb0e1f576f0a7f9ab4cd21ce553e9ac65b7e34f343ca35a333f965"

[sections.rootfs.layers.source]
type = "path"
path = "../../../Scarlet/user/std-bin"

[[sections.rootfs.layers]]
kind = "cargo"
package = "user-bin"
bin = "scarlet-desktop"
to = "/bin/scarlet-desktop"
hash = "sha256:d3979afde0dd03224919d4e66390e4fab3bf23eaeff7de8a0cc76ae0f0ca1c8f"

[sections.rootfs.layers.source]
type = "path"
path = "../../../Scarlet/user/bin"

[[sections.rootfs.layers]]
kind = "cargo"
package = "user-bin"
bin = "desktop-settings"
to = "/bin/desktop-settings"
hash = "sha256:6996d02a4ac76e70409680c2bfd757b648cac0e965576cbf06fa0c265cd8ec90"

[sections.rootfs.layers.source]
type = "path"
path = "../../../Scarlet/user/bin"

[[sections.rootfs.layers]]
kind = "cargo"
package = "scarlet-std-bin"
bin = "files"
to = "/bin/files"
hash = "sha256:60c66f2a482c453b982ce5cfca11737c0e353806fa38f503220f132c891315b0"

[sections.rootfs.layers.source]
type = "path"
path = "../../../Scarlet/user/std-bin"

[[sections.rootfs.layers]]
kind = "cargo"
package = "scarlet-std-bin"
bin = "notepad"
to = "/bin/notepad"
hash = "sha256:9833ca4947ac4eaa1ce0993a41c74907f0be241a357ae30494d40e6f6c10ad71"

[sections.rootfs.layers.source]
type = "path"
path = "../../../Scarlet/user/std-bin"

[[sections.rootfs.layers]]
kind = "cargo"
package = "scarlet-std-bin"
bin = "scarlet-shell"
to = "/bin/scarlet-shell"
hash = "sha256:239f2eed890123e605f0f83d942b2f071d9b8c7feb533c892e619a403470b7b2"

[sections.rootfs.layers.source]
type = "path"
path = "../../../Scarlet/user/std-bin"

[[sections.rootfs.layers]]
kind = "cargo"
package = "user-bin"
bin = "terminal"
to = "/bin/terminal"
hash = "sha256:1d3d2b900e774601ceca63c1775371188db84c55d516d82c8cdf7e5ba54d4e7e"

[sections.rootfs.layers.source]
type = "path"
path = "../../../Scarlet/user/bin"

[[sections.rootfs.layers]]
kind = "cargo"
package = "scarlet-std-bin"
bin = "sws"
to = "/bin/sws"
hash = "sha256:c4a75e774e23dcfac73e1fd1bb9f7e862e5f2bf6dc5d0d307164cba994cbbe39"

[sections.rootfs.layers.source]
type = "path"
path = "../../../Scarlet/user/std-bin"

[[sections.rootfs.layers]]
kind = "cargo"
package = "user-bin"
bin = "sas"
to = "/bin/sas"
hash = "sha256:a5a5d0fa6611bb95c159cb21f9519927d7bc7fb632f3b9bbdf278ce69f92cb18"

[sections.rootfs.layers.source]
type = "path"
path = "../../../Scarlet/user/bin"

[[sections.rootfs.layers]]
kind = "cargo"
bin = "sasctl"
to = "/bin/sasctl"
hash = "sha256:02bdcdf9b009716ce32073a267af52c132c140bb59369fd5ab51883ba9183baf"

[sections.rootfs.layers.source]
type = "path"
path = "../../../Scarlet/user/std-bin"

[[sections.rootfs.layers]]
kind = "cargo"
package = "user-bin"
bin = "mplayer"
to = "/bin/mplayer"
hash = "sha256:238939a224da92ccd7ab39f216ec101568db1782f5213ac1ace12526df93d955"

[sections.rootfs.layers.source]
type = "path"
path = "../../../Scarlet/user/bin"

[[sections.rootfs.layers]]
kind = "cargo"
package = "user-bin"
bin = "ui-demo"
to = "/bin/ui-demo"
hash = "sha256:abd0a7901194003e227e519e80e50c5338c3fb79785ca4fd444535d2a79f3096"

[sections.rootfs.layers.source]
type = "path"
path = "../../../Scarlet/user/bin"

[[sections.rootfs.layers]]
kind = "cargo"
package = "user-bin"
bin = "ui-benchmark"
to = "/bin/ui-benchmark"
hash = "sha256:b73167ebc26beb996d1fdb90085c570fb518e236554c29d52fa3000df6f3c804"

[sections.rootfs.layers.source]
type = "path"
path = "../../../Scarlet/user/bin"

[[sections.rootfs.layers]]
kind = "cargo"
package = "scarlet-ui-widget-factory"
bin = "scarlet-ui-widget-factory"
subdir = "examples/widget-factory"
to = "/bin/widget-factory"
hash = ""

[sections.rootfs.layers.source]
type = "path"
path = "../../.cache/sources/scarlet-ui/91238ed12c3379c0aea7e7ba86e73139cfb1f550"

[[sections.rootfs.layers]]
kind = "cargo"
bin = "ui-sgfx-showcase"
to = "/bin/ui-sgfx-showcase"
hash = "sha256:b85095f21c66b2c49ff6984339ea98e4393d423d94595f026957f1e3facad609"

[sections.rootfs.layers.source]
type = "path"
path = "../../../Scarlet/user/std-bin"

[[sections.rootfs.layers]]
kind = "cargo"
package = "user-bin"
bin = "settings"
to = "/bin/settings"
hash = "sha256:a3a84a1867d086bdc805608212fcbbf4890be9006a395efa02fa934851e191cc"

[sections.rootfs.layers.source]
type = "path"
path = "../../../Scarlet/user/bin"

[[sections.rootfs.layers]]
kind = "cargo"
bin = "task-manager"
to = "/bin/task-manager"
hash = "sha256:b28c01158ee8221fdb3c4cfc22292fb42281f35e8be4de0b825cc0fde8aa1c37"

[sections.rootfs.layers.source]
type = "path"
path = "../../../Scarlet/user/std-bin"

[[sections.rootfs.layers]]
kind = "cargo"
package = "user-bin"
bin = "scarlet-skk"
to = "/bin/scarlet-skk"
hash = "sha256:e050f25275bd8744dac88134103c8c1acbe7b73cd8e21b4ffab9ab421d432dea"

[sections.rootfs.layers.source]
type = "path"
path = "../../../Scarlet/user/bin"

[[sections.rootfs.layers]]
kind = "script"
to = "/share/skk/SKK-JISYO.L"
output = ".scarlet/.scarlet/cache/skk/SKK-JISYO.L"
hash = "sha256:cb3638df4cf621359db4e5aca385deae3cd0e681540da1c788d004374d261a42"

[sections.rootfs.layers.source]
type = "path"
path = "../../../Scarlet/bundles/desktop/tools/fetch_skk_dictionary.sh"

[[sections.rootfs.layers]]
kind = "cargo"
package = "user-bin"
bin = "wayland-bridge"
to = "/bin/wayland-bridge"
hash = "sha256:d511a7f2f8dd43180c8f03b896500e2628436defe68ed79b75f7bcd6a0ab513d"

[sections.rootfs.layers.source]
type = "path"
path = "../../../Scarlet/user/bin"

[[sections.rootfs.layers]]
kind = "cargo"
bin = "ansi-banner"
to = "/bin/ansi-banner"
hash = "sha256:0288c83924c3c3f5eaabcf8374a445a17a70b41825b1af3c4c59764a743c2598"

[sections.rootfs.layers.source]
type = "path"
path = "../../../Scarlet/user/std-bin"

[[sections.rootfs.layers]]
kind = "cargo"
package = "scarlet-std-bin"
bin = "sgfx-probe"
to = "/bin/sgfx-probe"
hash = ""

[sections.rootfs.layers.source]
type = "path"
path = "../../../Scarlet/user/std-bin"

[[sections.rootfs.layers]]
kind = "cargo"
bin = "sgfx-cube"
to = "/bin/sgfx-cube"
hash = "sha256:4e4d82b75d607aa9840f2a6a18cecbda027b4ac95c8971dd7d4b2c187ef12efb"

[sections.rootfs.layers.source]
type = "path"
path = "../../../Scarlet/user/std-bin"

[[sections.rootfs.layers]]
kind = "cargo"
bin = "sgfx-texture"
to = "/bin/sgfx-texture"
hash = "sha256:fb6ea280a9ea89f8eee88b44b935ae3e4cba059637fb7390e29e4826b40d5bde"

[sections.rootfs.layers.source]
type = "path"
path = "../../../Scarlet/user/std-bin"

[[sections.rootfs.layers]]
kind = "cargo"
bin = "sgfx-showcase"
to = "/bin/sgfx-showcase"
hash = "sha256:17505218c0635a210150311543c379c0875962e627370c78b6cd266d73a7bdd1"

[sections.rootfs.layers.source]
type = "path"
path = "../../../Scarlet/user/std-bin"

[[sections.rootfs.layers]]
kind = "cargo"
package = "vulkan-canvas-demo"
bin = "vulkan-canvas-demo"
to = "/bin/vulkan-canvas-demo"
hash = "sha256:89a1cf4939858d63f08b80a8c17c1b979654b724949567faab3e48803a164889"

[sections.rootfs.layers.source]
type = "path"
path = "../../../Scarlet/user/vulkan-canvas-demo"

[[sections.rootfs.layers]]
kind = "cargo"
bin = "httpd"
to = "/bin/httpd"
hash = "sha256:551a2651876873c88a6f69ca52e1251cd57860a9ef88d28a061405d373122bbc"

[sections.rootfs.layers.source]
type = "path"
path = "../../../Scarlet/user/std-bin"

[[sections.rootfs.layers]]
kind = "cargo"
package = "user-bin"
bin = "ushv"
to = "/bin/ushv"
hash = "sha256:34ddd12ec4b3cab79a8d50c87e6fb7788f2e8558cae7281c95fddd99643cf200"

[sections.rootfs.layers.source]
type = "path"
path = "../../../Scarlet/user/bin"

[[sections.rootfs.layers]]
kind = "cargo"
bin = "lsm-list"
to = "/bin/lsm-list"
hash = "sha256:e3103f5daaf3675d63032e6007cb8c75c6ddb8bf36799e5ba4d1dc0a884cc1f0"

[sections.rootfs.layers.source]
type = "path"
path = "../../../Scarlet/user/std-bin"

[[sections.rootfs.layers]]
kind = "cargo"
bin = "clock"
to = "/bin/clock"
hash = "sha256:c877359e8cfd429a160b65abdce0c3d35e830e9d22570258379128f33192510f"

[sections.rootfs.layers.source]
type = "path"
path = "../../../Scarlet/user/std-bin"

[[sections.rootfs.layers]]
kind = "cargo"
bin = "lsm-load"
to = "/bin/lsm-load"
hash = "sha256:10e4861804acfce1edffb1d51e27d0780892f7c91972fc9b846ddc4931a3e839"

[sections.rootfs.layers.source]
type = "path"
path = "../../../Scarlet/user/std-bin"

[[sections.rootfs.layers]]
kind = "cargo"
bin = "lsm-unload"
to = "/bin/lsm-unload"
hash = "sha256:61e14a9e322fbfb3d82f89fae01befd2974e2ed2e6660689164bb97f4be47dce"

[sections.rootfs.layers.source]
type = "path"
path = "../../../Scarlet/user/std-bin"

[[sections.rootfs.layers]]
kind = "cargo"
bin = "input-dump"
to = "/bin/input-dump"
hash = "sha256:eeb5d6768fe96047cf986f9d5836d1ec08079701275ae0e9ed55ef2d1d8dfdf9"

[sections.rootfs.layers.source]
type = "path"
path = "../../../Scarlet/user/std-bin"

[[sections.rootfs.layers]]
kind = "cargo"
bin = "displayctl"
to = "/bin/displayctl"
hash = "sha256:0bc8e04ca68450074c19408aea14e9b2bbcfa5f4a21a9332347c8956f98aefc5"

[sections.rootfs.layers.source]
type = "path"
path = "../../../Scarlet/user/std-bin"

[[sections.rootfs.layers]]
kind = "cargo"
bin = "sensor-dump"
to = "/bin/sensor-dump"
hash = "sha256:e6c27c88faedaa20524f9e13aae7fefe823d4a0dbf1595b6e1d9728b995069fa"

[sections.rootfs.layers.source]
type = "path"
path = "../../../Scarlet/user/std-bin"

[[sections.rootfs.layers]]
kind = "cargo"
bin = "tabletctl"
to = "/bin/tabletctl"
hash = "sha256:75c7d22639301351b48924ba237f14c79585f1fdaa133e642255a8fe05db1a64"

[sections.rootfs.layers.source]
type = "path"
path = "../../../Scarlet/user/std-bin"

[[sections.rootfs.layers]]
kind = "cargo"
bin = "mozc-server"
to = "/bin/mozc-server"
hash = "sha256:12f1cd1e58988d42dd755e7abe69be4f877980009a718ebf08dcdaf91cdf9060"

[sections.rootfs.layers.source]
type = "path"
path = "../../../Scarlet/user/bin"

[[sections.rootfs.layers]]
kind = "cargo"
package = "user-bin"
bin = "scarlet-mozc"
to = "/bin/scarlet-mozc"
hash = "sha256:5be23d7e27a99d41da840039af0d1c31e2d4b8746e58126087854012eb80a465"

[sections.rootfs.layers.source]
type = "path"
path = "../../../Scarlet/user/bin"

[[sections.rootfs.layers]]
kind = "cargo"
package = "user-bin"
bin = "dcp-flip-test"
to = "/bin/dcp-flip-test"
hash = "sha256:de660b6c3b8843be1496cbe85c6a2eb1ad0834b37453b4783fa16c0eaa6edf39"

[sections.rootfs.layers.source]
type = "path"
path = "../../../Scarlet/user/bin"

[[sections.rootfs.layers]]
kind = "cargo"
package = "carmine"
bin = "carmine"
to = "/bin/carmine"
hash = ""

[sections.rootfs.layers.source]
type = "path"
path = "../../.cache/sources/carmine/691a5428fde08fee41146c7e3888a68cc7169e62"

[[sections.rootfs.layers]]
kind = "cargo"
package = "vellum"
bin = "vellum"
to = "/bin/vellum"
hash = ""

[sections.rootfs.layers.source]
type = "path"
path = "../../.cache/sources/vellum/cfecdca809385abfbe5056af1512fc43332ff36c"

[[sections.rootfs.layers]]
kind = "cargo"
package = "boxcraft"
bin = "boxcraft"
to = "/bin/boxcraft"
hash = ""

[sections.rootfs.layers.source]
type = "path"
path = "../../.cache/sources/boxcraft/3e215e2c963ad44857918db717e4d1629fd5040e"

[[sections.rootfs.layers]]
kind = "cargo"
bin = "remote-desktop"
to = "/bin/remote-desktop"
hash = "sha256:5c57b9e16010328547ee43850e12e9ecfa8ef5495426b226c5f012b2daa9fdbf"

[sections.rootfs.layers.source]
type = "path"
path = "../../../Scarlet/user/std-bin"

[[sections.rootfs.layers]]
kind = "cargo"
package = "scarlet-std-bin"
bin = "soft-keyboard"
to = "/bin/soft-keyboard"
hash = "sha256:8f6b0ea7389be3570c60da8fe320d6036b36077d70c0d259d165b79da77d12da"

[sections.rootfs.layers.source]
type = "path"
path = "../../../Scarlet/user/std-bin"

[[sections.rootfs.layers]]
kind = "archive"
to = "/systems/linux-aarch64"
format = "tar-zst"
strip_components = 1
hash = "sha256:4d94a1870a9be510987c61eb7371d35a7d31415ca49a56ecb8df74791a4e2eb0"

[sections.rootfs.layers.source]
type = "archive"
url = "https://github.com/petitstrawberry/scarlet-bundle-linux/releases/download/v0.1.0/rootfs-aarch64-v0.1.0.tar.zst"
sha256 = "sha256:4d94a1870a9be510987c61eb7371d35a7d31415ca49a56ecb8df74791a4e2eb0"

[[sections.rootfs.layers]]
kind = "archive"
to = "/systems/linux-aarch64"
format = "tar-zst"
strip_components = 1
hash = "sha256:727f20be6a009329e0be7c627f4dd07904588825077e4c431c943d9555499c26"

[sections.rootfs.layers.source]
type = "archive"
url = "https://github.com/petitstrawberry/scarlet-bundle-linux/releases/download/v0.1.0/mozc-aarch64-v0.1.0.tar.zst"
sha256 = "sha256:727f20be6a009329e0be7c627f4dd07904588825077e4c431c943d9555499c26"

[[sections.rootfs.layers]]
kind = "cargo"
package = "myrica"
bin = "myrica"
to = "/bin/myrica"
hash = ""

[sections.rootfs.layers.source]
type = "path"
path = "../../../myrica"

[[sections.rootfs.layers]]
kind = "cargo"
package = "moonlight"
bin = "moonlight"
to = "/bin/moonlight"
hash = ""

[sections.rootfs.layers.source]
type = "path"
path = "../../.cache/sources/moonlight-scarlet/6d531a0d5a19d544ee501564b6d26926af4366c3"

[[sections.rootfs.layers]]
kind = "cargo"
package = "yt"
bin = "yt"
to = "/bin/yt"
hash = ""

[sections.rootfs.layers.source]
type = "path"
path = "../../.cache/sources/yt-for-scarlet/961d2f3dfc0505571d42a1c29207ad2baae981fa"

[[sections.rootfs.layers]]
kind = "cargo"
package = "yt-gui"
bin = "yt-gui"
to = "/bin/yt-gui"
hash = ""

[sections.rootfs.layers.source]
type = "path"
path = "../../.cache/sources/yt-for-scarlet/961d2f3dfc0505571d42a1c29207ad2baae981fa"

[[sections.rootfs.layers]]
kind = "cargo"
package = "scarlet-std-bin"
bin = "axum-demo"
to = "/bin/axum-demo"
hash = "sha256:14bb538566dd448f950352fbdc723fcc3c21b2b0a29995d38360e0c7967f504b"

[sections.rootfs.layers.source]
type = "path"
path = "../../../Scarlet/user/std-bin"

[[sections.rootfs.layers]]
kind = "cargo"
package = "scarlet-std-bin"
bin = "reqwest-demo"
to = "/bin/reqwest-demo"
hash = "sha256:2d6bde778810446b1febf773fd79c271eaa9d21cd863f0172b7d198ed2f21cc7"

[sections.rootfs.layers.source]
type = "path"
path = "../../../Scarlet/user/std-bin"

[[sections.rootfs.layers]]
kind = "cargo"
package = "scarlet-tonic-demo"
bin = "tonic-server"
to = "/bin/tonic-server"
hash = "sha256:e339b5cd5b43f21aaf9f52115a4ad0415b8cfa1bb0ebaee5067a1dda4899e623"

[sections.rootfs.layers.source]
type = "path"
path = "../../../Scarlet/user/tonic-demo"

[[sections.rootfs.layers]]
kind = "cargo"
package = "scarlet-tonic-demo"
bin = "tonic-client"
to = "/bin/tonic-client"
hash = "sha256:a128c44bd1edf919839a0ffb45a6c7d19a5e05928f90e20cc817774970056c34"

[sections.rootfs.layers.source]
type = "path"
path = "../../../Scarlet/user/tonic-demo"

[[sections.rootfs.layers]]
kind = "cargo"
package = "scarlet-websocket-demo"
bin = "ws-server"
to = "/bin/ws-server"
hash = "sha256:92fb1a4703ded25d73ec88cc8dc409e682fc723e8b848d0e7f64298c78a9204e"

[sections.rootfs.layers.source]
type = "path"
path = "../../../Scarlet/user/websocket-demo"

[[sections.rootfs.layers]]
kind = "cargo"
package = "scarlet-websocket-demo"
bin = "ws-client"
to = "/bin/ws-client"
hash = "sha256:759d759a0fb7558a8370013164b95e0b51349dc51bf726814dc83ee8ecf3df0e"

[sections.rootfs.layers.source]
type = "path"
path = "../../../Scarlet/user/websocket-demo"

[[sections.rootfs.layers]]
kind = "cargo"
package = "blitz-scarlet-browser"
bin = "blitz"
subdir = "apps/scarlet-browser"
to = "/bin/blitz"
hash = ""

[sections.rootfs.layers.source]
type = "path"
path = "../../.cache/sources/blitz/2ff62c576f2648b8d44f4bae53ec328030ded8ae"

[[sections.rootfs.layers]]
kind = "archive"
to = "/opt/scarlet/toolchains/rust/v0.1.0-dev.825856ca4819"
format = "tar-zst"
strip_components = 1
hash = "sha256:bcd6c090278c3ff8ce20be4f225a33cd0b0837cb90f37f1240444bc22b7dc320"

[sections.rootfs.layers.source]
type = "archive"
url = "https://github.com/petitstrawberry/scarlet-rust-nix/releases/download/v0.1.0-dev.825856ca4819/native-rust-aarch64-v0.1.0-dev.825856ca4819.tar.zst"
sha256 = "sha256:bcd6c090278c3ff8ce20be4f225a33cd0b0837cb90f37f1240444bc22b7dc320"

[[sections.rootfs.layers]]
kind = "cargo"
package = "video_player"
bin = "video-player"
features = [
    "h264-stateless-hw",
    "mp4-aac",
]
default-features = false
to = "/bin/video-player"
hash = "sha256:a0e387c39da484a76d778ed088b474b643e79911ddfa89d2fc3d17e428665b9f"

[sections.rootfs.layers.source]
type = "path"
path = "../../../Scarlet/user/video_player"
