# Generated by cargo-scarlet — do not edit

[sections.initramfs]
hash = "sha256:8847922f47d5ee4662490b81d9c7dba3fb846286b8f9a8f11fd343c0b751cfa6"

[[sections.initramfs.layers]]
kind = "script"
to = "/etc/ssl/certs/ca-certificates.crt"
hash = "sha256:2404c5ebc7d236b368d6a2f00b9ac5e01d6e55a75cdf44e4839f5876f45c249b"

[sections.initramfs.layers.source]
type = "path"
path = "../../.cache/sources/scarlet-distribution/07fefb250020fa72952cca519e554f20c7b5f210/tools/install-ca-certificates.sh"

[[sections.initramfs.layers]]
kind = "cargo"
package = "scarlet-ld"
bin = "scarlet-ld"
to = "/bin/scarlet-ld"
hash = "sha256:a5abecf10a0542d3895a59218d553ce5c0885632f1beb48e720fedf80c597518"

[sections.initramfs.layers.source]
type = "path"
path = "../../.cache/sources/scarlet-distribution/07fefb250020fa72952cca519e554f20c7b5f210/user/scarlet-ld"

[[sections.initramfs.layers]]
kind = "cargo"
package = "user-bin"
bin = "init"
to = "/init"
hash = "sha256:5f386565e64df0d44fc0b6c9e4a4520794bc4842b55a3b1fd32abd0d6c0f91c6"

[sections.initramfs.layers.source]
type = "path"
path = "../../.cache/sources/scarlet-distribution/07fefb250020fa72952cca519e554f20c7b5f210/user/bin"

[[sections.initramfs.layers]]
kind = "cargo"
package = "user-bin"
bin = "sh"
to = "/bin/sh"
hash = "sha256:e2410e04c9772c6f5dd250fc500f7e9e6e4802b9ab8bbd7ed006cd866c585fc7"

[sections.initramfs.layers.source]
type = "path"
path = "../../.cache/sources/scarlet-distribution/07fefb250020fa72952cca519e554f20c7b5f210/user/bin"

[[sections.initramfs.layers]]
kind = "cargo"
package = "user-bin"
bin = "login"
to = "/bin/login"
hash = "sha256:a648ab96a3993d8fe6ddbc1f75484a22c3a028b0355768f6d28a13db148bf02f"

[sections.initramfs.layers.source]
type = "path"
path = "../../.cache/sources/scarlet-distribution/07fefb250020fa72952cca519e554f20c7b5f210/user/bin"

[[sections.initramfs.layers]]
kind = "cargo"
package = "scarlet-std-bin"
bin = "stemd"
to = "/bin/stemd"
hash = "sha256:4945b899b7f7f6e6a467bcc4759f2ddb8dc98df0be3572e522a30ba87371a99c"

[sections.initramfs.layers.source]
type = "path"
path = "../../.cache/sources/scarlet-distribution/07fefb250020fa72952cca519e554f20c7b5f210/user/std-bin"

[[sections.initramfs.layers]]
kind = "cargo"
package = "scarlet-std-bin"
bin = "logd"
to = "/bin/logd"
hash = "sha256:7c4983e1974473f6ea4e377107148e6bcd8c78117f57b1ac0b730fc6df5da103"

[sections.initramfs.layers.source]
type = "path"
path = "../../.cache/sources/scarlet-distribution/07fefb250020fa72952cca519e554f20c7b5f210/user/std-bin"

[[sections.initramfs.layers]]
kind = "cargo"
package = "scarlet-std-bin"
bin = "logctl"
to = "/bin/logctl"
hash = "sha256:a90ba24625f35d09e4ef3d1ff947ee923681b22f71b71c5e23f0dee0a0933c50"

[sections.initramfs.layers.source]
type = "path"
path = "../../.cache/sources/scarlet-distribution/07fefb250020fa72952cca519e554f20c7b5f210/user/std-bin"

[[sections.initramfs.layers]]
kind = "cargo"
package = "user-bin"
bin = "sbusd"
to = "/bin/sbusd"
hash = "sha256:d4df07a86c4e9a3305443e98492a9dde8b967433c0f5a916fa4a24bf70a02ffd"

[sections.initramfs.layers.source]
type = "path"
path = "../../.cache/sources/scarlet-distribution/07fefb250020fa72952cca519e554f20c7b5f210/user/bin"

[[sections.initramfs.layers]]
kind = "cargo"
bin = "hello"
to = "/bin/hello"
hash = "sha256:915090620f4986c8036b17b3995e021f7807bffbdc22120a0f8e727ce689a653"

[sections.initramfs.layers.source]
type = "path"
path = "../../.cache/sources/scarlet-distribution/07fefb250020fa72952cca519e554f20c7b5f210/user/std-bin"

[[sections.initramfs.layers]]
kind = "cargo"
package = "scarlet-std-bin"
bin = "kernel-info"
to = "/bin/kernel-info"
hash = "sha256:a3502e038d8bf531039469e09b264c401a686190d64783cb15e6dae4acd5c420"

[sections.initramfs.layers.source]
type = "path"
path = "../../.cache/sources/scarlet-distribution/07fefb250020fa72952cca519e554f20c7b5f210/user/std-bin"

[[sections.initramfs.layers]]
kind = "cargo"
package = "user-bin"
bin = "ps"
to = "/bin/ps"
hash = "sha256:0b87e4708f95360196de3c45ad7750b2b970705c03932892cedd860d5df6a407"

[sections.initramfs.layers.source]
type = "path"
path = "../../.cache/sources/scarlet-distribution/07fefb250020fa72952cca519e554f20c7b5f210/user/bin"

[[sections.initramfs.layers]]
kind = "cargo"
bin = "shutdown"
to = "/bin/shutdown"
hash = "sha256:1b9d5933203292da047f4f0fc159ed9663e839c713fce7b21da98ff343378c1e"

[sections.initramfs.layers.source]
type = "path"
path = "../../.cache/sources/scarlet-distribution/07fefb250020fa72952cca519e554f20c7b5f210/user/std-bin"

[[sections.initramfs.layers]]
kind = "cargo"
package = "scarlet-std-bin"
bin = "top"
to = "/bin/top"
hash = "sha256:5e7fe626eb473e25324fbfb56119c74fa415e8429f977b049ff77c72bcc8ad27"

[sections.initramfs.layers.source]
type = "path"
path = "../../.cache/sources/scarlet-distribution/07fefb250020fa72952cca519e554f20c7b5f210/user/std-bin"

[[sections.initramfs.layers]]
kind = "cargo"
package = "scarlet-std-bin"
bin = "kill"
to = "/bin/kill"
hash = "sha256:25e11bbb04267a63a522c168d69bfb43766ec4914001ba2e461124e5b99ac832"

[sections.initramfs.layers.source]
type = "path"
path = "../../.cache/sources/scarlet-distribution/07fefb250020fa72952cca519e554f20c7b5f210/user/std-bin"

[[sections.initramfs.layers]]
kind = "cargo"
package = "user-bin"
bin = "scpm"
to = "/bin/scpm"
hash = "sha256:b00a9b20aff9e0d1a83e527f836eb5df63bdd2676041d4761d572eeb8ad01783"

[sections.initramfs.layers.source]
type = "path"
path = "../../.cache/sources/scarlet-distribution/07fefb250020fa72952cca519e554f20c7b5f210/user/bin"

[[sections.initramfs.layers]]
kind = "cargo"
package = "user-bin"
bin = "netcfgd"
to = "/bin/netcfgd"
hash = "sha256:0f6fb345c178cda73d902926538a6b267435c0f9d0bb85c2c3de35df6eb20baf"

[sections.initramfs.layers.source]
type = "path"
path = "../../.cache/sources/scarlet-distribution/07fefb250020fa72952cca519e554f20c7b5f210/user/bin"

[[sections.initramfs.layers]]
kind = "cargo"
package = "user-bin"
bin = "sshd"
to = "/bin/sshd"
hash = "sha256:bd15b18f795cc572a19b364cde2899bc4df103cfb86b95351b6cd68455075415"

[sections.initramfs.layers.source]
type = "path"
path = "../../.cache/sources/scarlet-distribution/07fefb250020fa72952cca519e554f20c7b5f210/user/bin"

[[sections.initramfs.layers]]
kind = "cargo"
bin = "resolverd"
to = "/bin/resolverd"
hash = "sha256:d0b03a5d8339e4d337a7ae0d014c52a6b98f69da1683ced05d1dad4686349b36"

[sections.initramfs.layers.source]
type = "path"
path = "../../.cache/sources/scarlet-distribution/07fefb250020fa72952cca519e554f20c7b5f210/user/std-bin"

[[sections.initramfs.layers]]
kind = "cargo"
bin = "ntpd"
to = "/bin/ntpd"
hash = "sha256:1027c5e82988be55c6cb116b1bdfdb90b20ca7a0194348630766366590edd245"

[sections.initramfs.layers.source]
type = "path"
path = "../../.cache/sources/scarlet-distribution/07fefb250020fa72952cca519e554f20c7b5f210/user/std-bin"

[[sections.initramfs.layers]]
kind = "cargo"
bin = "cpufreqctl"
to = "/bin/cpufreqctl"
hash = "sha256:6dc0047c8a47836642bd6ad27a86ff88c4d2468d80c6729a7bb25213a7fa8369"

[sections.initramfs.layers.source]
type = "path"
path = "../../.cache/sources/scarlet-distribution/07fefb250020fa72952cca519e554f20c7b5f210/user/std-bin"

[[sections.initramfs.layers]]
kind = "cargo"
package = "user-bin"
bin = "storage-check"
to = "/bin/storage-check"
hash = "sha256:40f97ab9e46043cfc4a5317a401dae6d9ed97ddc2c9f43b3458f184ac74d41e5"

[sections.initramfs.layers.source]
type = "path"
path = "../../.cache/sources/scarlet-distribution/07fefb250020fa72952cca519e554f20c7b5f210/user/bin"

[[sections.initramfs.layers]]
kind = "cargo"
bin = "gpu-info"
to = "/bin/gpu-info"
hash = "sha256:adebae30dad177c2fc085f2c685a2610f73fd0356037442eadf1c6494b5353dd"

[sections.initramfs.layers.source]
type = "path"
path = "../../.cache/sources/scarlet-distribution/07fefb250020fa72952cca519e554f20c7b5f210/user/std-bin"

[[sections.initramfs.layers]]
kind = "cargo"
bin = "power-info"
to = "/bin/power-info"
hash = "sha256:d65dc7829b483f610f95778f4e68ce4b6e329a0bcc62f14681f437c8d5add7f6"

[sections.initramfs.layers.source]
type = "path"
path = "../../.cache/sources/scarlet-distribution/07fefb250020fa72952cca519e554f20c7b5f210/user/std-bin"

[[sections.initramfs.layers]]
kind = "cargo"
bin = "abi-run"
to = "/bin/abi-run"
hash = "sha256:b0f4894642b35ea03443193fa9b25b409916db62406fa3d6c7b74c82c78e2a80"

[sections.initramfs.layers.source]
type = "path"
path = "../../.cache/sources/scarlet-distribution/07fefb250020fa72952cca519e554f20c7b5f210/user/std-bin"

[[sections.initramfs.layers]]
kind = "cargo"
bin = "ls"
to = "/bin/ls"
hash = "sha256:8210ec17cdff29c5aca9a3114e716d078b8d5835d565462e6eb97c7447981fc3"

[sections.initramfs.layers.source]
type = "path"
path = "../../.cache/sources/scarlet-distribution/07fefb250020fa72952cca519e554f20c7b5f210/user/std-bin"

[[sections.initramfs.layers]]
kind = "cargo"
bin = "cat"
to = "/bin/cat"
hash = "sha256:20af88d1d2f2935cb990d9a7431d19137569f4922299433890fcc1ee34719bc0"

[sections.initramfs.layers.source]
type = "path"
path = "../../.cache/sources/scarlet-distribution/07fefb250020fa72952cca519e554f20c7b5f210/user/std-bin"

[[sections.initramfs.layers]]
kind = "cargo"
bin = "rm"
to = "/bin/rm"
hash = "sha256:bfacd0e7a0d21f32b27cd975c711dd79d9af4bfe288d176a3fc3a16f43a48b32"

[sections.initramfs.layers.source]
type = "path"
path = "../../.cache/sources/scarlet-distribution/07fefb250020fa72952cca519e554f20c7b5f210/user/std-bin"

[[sections.initramfs.layers]]
kind = "cargo"
bin = "resolve"
to = "/bin/resolve"
hash = "sha256:922ca1baf33e1436a8c7c1623b2c4ef90f71e2d9b96964c77664b401aadd2845"

[sections.initramfs.layers.source]
type = "path"
path = "../../.cache/sources/scarlet-distribution/07fefb250020fa72952cca519e554f20c7b5f210/user/std-bin"

[[sections.initramfs.layers]]
kind = "cargo"
bin = "nc"
to = "/bin/nc"
hash = "sha256:dc8199d09463be5750bb5d0507b6174652505bf23b9ca83ed194c66d244d7bfb"

[sections.initramfs.layers.source]
type = "path"
path = "../../.cache/sources/scarlet-distribution/07fefb250020fa72952cca519e554f20c7b5f210/user/std-bin"

[[sections.initramfs.layers]]
kind = "cargo"
bin = "ping"
to = "/bin/ping"
hash = "sha256:d80f54d87199a7052ab80f71e6251c7ffa2321732e692513c722119e4ef824f4"

[sections.initramfs.layers.source]
type = "path"
path = "../../.cache/sources/scarlet-distribution/07fefb250020fa72952cca519e554f20c7b5f210/user/std-bin"

[[sections.initramfs.layers]]
kind = "cargo"
bin = "netcfg"
to = "/bin/netcfg"
hash = "sha256:1a7d525c72b4bdc63908e869e76ed4e3f40f37b8d54b8c74b6198ac4342f3375"

[sections.initramfs.layers.source]
type = "path"
path = "../../.cache/sources/scarlet-distribution/07fefb250020fa72952cca519e554f20c7b5f210/user/std-bin"

[[sections.initramfs.layers]]
kind = "cargo"
bin = "watch"
to = "/bin/watch"
hash = "sha256:407e8609168c59d5c84fb21fb54e4c3cbb3a7af6c53c3ee4c12461a604a6fa61"

[sections.initramfs.layers.source]
type = "path"
path = "../../.cache/sources/scarlet-distribution/07fefb250020fa72952cca519e554f20c7b5f210/user/std-bin"

[[sections.initramfs.layers]]
kind = "cargo"
bin = "date"
to = "/bin/date"
hash = "sha256:cb30ce630e85fa87d1e7f714cb82a42008e24f7a772b48c3cb2948142a8ed7ee"

[sections.initramfs.layers.source]
type = "path"
path = "../../.cache/sources/scarlet-distribution/07fefb250020fa72952cca519e554f20c7b5f210/user/std-bin"

[[sections.initramfs.layers]]
kind = "cargo"
bin = "fb-test"
to = "/bin/fb-test"
hash = "sha256:d56ef41031db994405bbd9fc0ceb197d67a778485975cc73bd440e9f31b62160"

[sections.initramfs.layers.source]
type = "path"
path = "../../.cache/sources/scarlet-distribution/07fefb250020fa72952cca519e554f20c7b5f210/user/std-bin"

[[sections.initramfs.layers]]
kind = "script"
to = "/system/lib/sgfx"
hash = "sha256:fdf992444baeb0369eeae16db7c79774e159563316025b2d17f8c59ae7628d4e"

[sections.initramfs.layers.source]
type = "path"
path = "../../scripts/install-sgfx-maxwell.sh"

[[sections.initramfs.layers]]
kind = "cargo"
package = "user-bin"
bin = "scarlet-desktop"
to = "/bin/scarlet-desktop"
hash = "sha256:3df317a44aa77ef5436f260c8feb1ed13b0498fa1e90213ca2fbfbbe245ae5d8"

[sections.initramfs.layers.source]
type = "path"
path = "../../.cache/sources/scarlet-distribution/07fefb250020fa72952cca519e554f20c7b5f210/user/bin"

[[sections.initramfs.layers]]
kind = "cargo"
package = "scarlet-std-bin"
bin = "sws"
to = "/bin/sws"
hash = "sha256:1ebcff3d4fcbc71dbaf228bbed2659aaa133352b2b37169fa7c7e021f82556f4"

[sections.initramfs.layers.source]
type = "path"
path = "../../.cache/sources/scarlet-distribution/07fefb250020fa72952cca519e554f20c7b5f210/user/std-bin"

[[sections.initramfs.layers]]
kind = "cargo"
package = "user-bin"
bin = "sas"
to = "/bin/sas"
hash = "sha256:826a1948fbdfe6586095b8a7688a7b4d99244cea91130987515865a59b94aa1e"

[sections.initramfs.layers.source]
type = "path"
path = "../../.cache/sources/scarlet-distribution/07fefb250020fa72952cca519e554f20c7b5f210/user/bin"

[[sections.initramfs.layers]]
kind = "cargo"
bin = "task-manager"
to = "/bin/task-manager"
hash = "sha256:9e67a1576b1327cffa33f3203079a5449a4ec3d4f2eaf881318b0bc99f3bab15"

[sections.initramfs.layers.source]
type = "path"
path = "../../.cache/sources/scarlet-distribution/07fefb250020fa72952cca519e554f20c7b5f210/user/std-bin"

[[sections.initramfs.layers]]
kind = "cargo"
package = "scarlet-std-bin"
bin = "sgfx-probe"
to = "/bin/sgfx-probe"
hash = "sha256:bc2ad56a63c1f5652a7f50b94f41b148a20495e09b703d85d5f9db71deb16cc6"

[sections.initramfs.layers.source]
type = "path"
path = "../../.cache/sources/scarlet-distribution/07fefb250020fa72952cca519e554f20c7b5f210/user/std-bin"

[[sections.initramfs.layers]]
kind = "cargo"
bin = "sgfx-cube"
to = "/bin/sgfx-cube"
hash = "sha256:747e7efee56df485b84bde5e037dbd3d00e00529701fbbc6ced4887cee912201"

[sections.initramfs.layers.source]
type = "path"
path = "../../.cache/sources/scarlet-distribution/07fefb250020fa72952cca519e554f20c7b5f210/user/std-bin"

[[sections.initramfs.layers]]
kind = "cargo"
bin = "sgfx-texture"
to = "/bin/sgfx-texture"
hash = "sha256:31f471915614c90160be87393e5a38cfff1039cae55f6225369327db2d9cbf4f"

[sections.initramfs.layers.source]
type = "path"
path = "../../.cache/sources/scarlet-distribution/07fefb250020fa72952cca519e554f20c7b5f210/user/std-bin"

[sections.rootfs]
hash = "sha256:f85f9d05b075adb5d4dc570bbd6c14b94d781328e36bfc8fd05ea0699b071001"

[[sections.rootfs.layers]]
kind = "script"
to = "/etc/ssl/certs/ca-certificates.crt"
hash = "sha256:2404c5ebc7d236b368d6a2f00b9ac5e01d6e55a75cdf44e4839f5876f45c249b"

[sections.rootfs.layers.source]
type = "path"
path = "../../.cache/sources/scarlet-distribution/ca9fdafe1e633d752cb3a335d795496d5df5d272/tools/install-ca-certificates.sh"

[[sections.rootfs.layers]]
kind = "cargo"
package = "scarlet-ld"
bin = "scarlet-ld"
to = "/bin/scarlet-ld"
hash = "sha256:6a95bed4f2cbe568631bec5713eacbc2ddf8b6d957c8548167356c17ee8a6434"

[sections.rootfs.layers.source]
type = "path"
path = "../../.cache/sources/scarlet-distribution/ca9fdafe1e633d752cb3a335d795496d5df5d272/user/scarlet-ld"

[[sections.rootfs.layers]]
kind = "cargo"
package = "user-bin"
bin = "init"
to = "/init"
hash = "sha256:bd184ef741536957a2e3ebb325305ac2b0cf251c112da92cb509649eabf43da3"

[sections.rootfs.layers.source]
type = "path"
path = "../../.cache/sources/scarlet-distribution/ca9fdafe1e633d752cb3a335d795496d5df5d272/user/bin"

[[sections.rootfs.layers]]
kind = "cargo"
package = "user-bin"
bin = "sh"
to = "/bin/sh"
hash = "sha256:b34c08f984d558dbe65120acec51cded5a1ebca72b78f4cff422c7372f3401d7"

[sections.rootfs.layers.source]
type = "path"
path = "../../.cache/sources/scarlet-distribution/ca9fdafe1e633d752cb3a335d795496d5df5d272/user/bin"

[[sections.rootfs.layers]]
kind = "cargo"
package = "user-bin"
bin = "login"
to = "/bin/login"
hash = "sha256:eb0543decb09aa8d1d04a93abdc19a31132d209b4cc9b09f611b9d26339c91df"

[sections.rootfs.layers.source]
type = "path"
path = "../../.cache/sources/scarlet-distribution/ca9fdafe1e633d752cb3a335d795496d5df5d272/user/bin"

[[sections.rootfs.layers]]
kind = "cargo"
package = "scarlet-std-bin"
bin = "stemd"
to = "/bin/stemd"
hash = "sha256:0af5f248d200681b92288827ac38841c4619bd7996f7affb391a652232f76b54"

[sections.rootfs.layers.source]
type = "path"
path = "../../.cache/sources/scarlet-distribution/ca9fdafe1e633d752cb3a335d795496d5df5d272/user/std-bin"

[[sections.rootfs.layers]]
kind = "cargo"
package = "scarlet-std-bin"
bin = "logd"
to = "/bin/logd"
hash = "sha256:277804776d3d9377f1011ccc1a19a174e792cd7dba81eca5436e8c86c1a6e91b"

[sections.rootfs.layers.source]
type = "path"
path = "../../.cache/sources/scarlet-distribution/ca9fdafe1e633d752cb3a335d795496d5df5d272/user/std-bin"

[[sections.rootfs.layers]]
kind = "cargo"
package = "scarlet-std-bin"
bin = "logctl"
to = "/bin/logctl"
hash = "sha256:552c58c565bbe35567fb4b041305df7107570c893ae9a3a33a361db6c09934c2"

[sections.rootfs.layers.source]
type = "path"
path = "../../.cache/sources/scarlet-distribution/ca9fdafe1e633d752cb3a335d795496d5df5d272/user/std-bin"

[[sections.rootfs.layers]]
kind = "cargo"
package = "user-bin"
bin = "sbusd"
to = "/bin/sbusd"
hash = "sha256:1399b94a9854a786b88bc4b026e79eefdbb8f148710014383c5e48b0ccaf8bd9"

[sections.rootfs.layers.source]
type = "path"
path = "../../.cache/sources/scarlet-distribution/ca9fdafe1e633d752cb3a335d795496d5df5d272/user/bin"

[[sections.rootfs.layers]]
kind = "cargo"
bin = "hello"
to = "/bin/hello"
hash = "sha256:1ac3ba06c352f3493d57c6b99c9ee0df2510fe9cbc5977938403e74c6b220d12"

[sections.rootfs.layers.source]
type = "path"
path = "../../.cache/sources/scarlet-distribution/ca9fdafe1e633d752cb3a335d795496d5df5d272/user/std-bin"

[[sections.rootfs.layers]]
kind = "cargo"
package = "scarlet-std-bin"
bin = "kernel-info"
to = "/bin/kernel-info"
hash = "sha256:4aab413401f707b78d953c478f03fccdd12074bce8d96b74bc3f5c39d3639155"

[sections.rootfs.layers.source]
type = "path"
path = "../../.cache/sources/scarlet-distribution/ca9fdafe1e633d752cb3a335d795496d5df5d272/user/std-bin"

[[sections.rootfs.layers]]
kind = "cargo"
package = "user-bin"
bin = "ps"
to = "/bin/ps"
hash = "sha256:2a247da1d993a6e4de53220a334108d46696901c9b18aaf54b3319f40bceaa87"

[sections.rootfs.layers.source]
type = "path"
path = "../../.cache/sources/scarlet-distribution/ca9fdafe1e633d752cb3a335d795496d5df5d272/user/bin"

[[sections.rootfs.layers]]
kind = "cargo"
bin = "shutdown"
to = "/bin/shutdown"
hash = "sha256:b3a2ecb834d4354d73b4708adde4ae6e35544f130de014d83411e2090406ffac"

[sections.rootfs.layers.source]
type = "path"
path = "../../.cache/sources/scarlet-distribution/ca9fdafe1e633d752cb3a335d795496d5df5d272/user/std-bin"

[[sections.rootfs.layers]]
kind = "cargo"
package = "scarlet-std-bin"
bin = "top"
to = "/bin/top"
hash = "sha256:4a18de87f3e2e21493f2f107fe7268f37fa5ee68718f753b9f844100d5d6b780"

[sections.rootfs.layers.source]
type = "path"
path = "../../.cache/sources/scarlet-distribution/ca9fdafe1e633d752cb3a335d795496d5df5d272/user/std-bin"

[[sections.rootfs.layers]]
kind = "cargo"
package = "scarlet-std-bin"
bin = "kill"
to = "/bin/kill"
hash = "sha256:f600bc0d917b558cebd51241f769bb449afa984364687df816dce9077075a3ed"

[sections.rootfs.layers.source]
type = "path"
path = "../../.cache/sources/scarlet-distribution/ca9fdafe1e633d752cb3a335d795496d5df5d272/user/std-bin"

[[sections.rootfs.layers]]
kind = "cargo"
package = "user-bin"
bin = "scpm"
to = "/bin/scpm"
hash = "sha256:ea1142a274d93d4568a2f918c690561f3951c544c884826fa811e6ee416e0555"

[sections.rootfs.layers.source]
type = "path"
path = "../../.cache/sources/scarlet-distribution/ca9fdafe1e633d752cb3a335d795496d5df5d272/user/bin"

[[sections.rootfs.layers]]
kind = "cargo"
package = "user-bin"
bin = "netcfgd"
to = "/bin/netcfgd"
hash = "sha256:2a86bae2a48939802f1f8d50e4bdf9ef899171f12c343a486c8286e2265a5381"

[sections.rootfs.layers.source]
type = "path"
path = "../../.cache/sources/scarlet-distribution/ca9fdafe1e633d752cb3a335d795496d5df5d272/user/bin"

[[sections.rootfs.layers]]
kind = "cargo"
package = "user-bin"
bin = "sshd"
to = "/bin/sshd"
hash = "sha256:1fd6f387d9c1d73c9d0317c9bf522bf18b2f14f09112cbb637c13e304cd0ae1e"

[sections.rootfs.layers.source]
type = "path"
path = "../../.cache/sources/scarlet-distribution/ca9fdafe1e633d752cb3a335d795496d5df5d272/user/bin"

[[sections.rootfs.layers]]
kind = "cargo"
bin = "resolverd"
to = "/bin/resolverd"
hash = "sha256:1f66aa9e9fd582842efd0d791c2564f6a2c38613d3aef97789fdcc84a33d9f3c"

[sections.rootfs.layers.source]
type = "path"
path = "../../.cache/sources/scarlet-distribution/ca9fdafe1e633d752cb3a335d795496d5df5d272/user/std-bin"

[[sections.rootfs.layers]]
kind = "cargo"
bin = "ntpd"
to = "/bin/ntpd"
hash = "sha256:66d507eb55c5955bf53e64b5d45f306d553b81965d95b7103ec0acd00dfc2493"

[sections.rootfs.layers.source]
type = "path"
path = "../../.cache/sources/scarlet-distribution/ca9fdafe1e633d752cb3a335d795496d5df5d272/user/std-bin"

[[sections.rootfs.layers]]
kind = "cargo"
bin = "cpufreqctl"
to = "/bin/cpufreqctl"
hash = "sha256:c9e6668cf27ccebf63bcfd2beac29905214ddf35932af4a70d8c2f77d0b75f54"

[sections.rootfs.layers.source]
type = "path"
path = "../../.cache/sources/scarlet-distribution/ca9fdafe1e633d752cb3a335d795496d5df5d272/user/std-bin"

[[sections.rootfs.layers]]
kind = "cargo"
package = "user-bin"
bin = "storage-check"
to = "/bin/storage-check"
hash = "sha256:01a660db27074f928ee7eabd8dcdd795bd546a2b55ffa1960306d6d70cb96459"

[sections.rootfs.layers.source]
type = "path"
path = "../../.cache/sources/scarlet-distribution/ca9fdafe1e633d752cb3a335d795496d5df5d272/user/bin"

[[sections.rootfs.layers]]
kind = "cargo"
bin = "gpu-info"
to = "/bin/gpu-info"
hash = "sha256:f8d0e1d54aa98301815933e8ae865269d081dfb5a15042cc09a49d1d8a0af566"

[sections.rootfs.layers.source]
type = "path"
path = "../../.cache/sources/scarlet-distribution/ca9fdafe1e633d752cb3a335d795496d5df5d272/user/std-bin"

[[sections.rootfs.layers]]
kind = "cargo"
bin = "power-info"
to = "/bin/power-info"
hash = "sha256:6f69d9c8681facde29b0908fb8de61fa81d8184c8afde311abc587a217300f6b"

[sections.rootfs.layers.source]
type = "path"
path = "../../.cache/sources/scarlet-distribution/ca9fdafe1e633d752cb3a335d795496d5df5d272/user/std-bin"

[[sections.rootfs.layers]]
kind = "cargo"
bin = "abi-run"
to = "/bin/abi-run"
hash = "sha256:08d0cfe02f09f865d7d0f3c5ae65513d8c8a849e35f0eb010bdf5bef7127ef36"

[sections.rootfs.layers.source]
type = "path"
path = "../../.cache/sources/scarlet-distribution/ca9fdafe1e633d752cb3a335d795496d5df5d272/user/std-bin"

[[sections.rootfs.layers]]
kind = "cargo"
bin = "ls"
to = "/bin/ls"
hash = "sha256:9429907d53785884d2738835d7c9017919ce3b197bc24ea616e524af7cba242a"

[sections.rootfs.layers.source]
type = "path"
path = "../../.cache/sources/scarlet-distribution/ca9fdafe1e633d752cb3a335d795496d5df5d272/user/std-bin"

[[sections.rootfs.layers]]
kind = "cargo"
bin = "cat"
to = "/bin/cat"
hash = "sha256:11c1b1682529a47a912db5ac9f8243b21bed6a35e089a1d741db8437ea86c7ce"

[sections.rootfs.layers.source]
type = "path"
path = "../../.cache/sources/scarlet-distribution/ca9fdafe1e633d752cb3a335d795496d5df5d272/user/std-bin"

[[sections.rootfs.layers]]
kind = "cargo"
bin = "rm"
to = "/bin/rm"
hash = "sha256:cc5317af8bf186b09fbd8895f959b06149cb84df435636f6c7844aa0c57ef35f"

[sections.rootfs.layers.source]
type = "path"
path = "../../.cache/sources/scarlet-distribution/ca9fdafe1e633d752cb3a335d795496d5df5d272/user/std-bin"

[[sections.rootfs.layers]]
kind = "cargo"
bin = "resolve"
to = "/bin/resolve"
hash = "sha256:93f8ae65a2c37fc1e4b7980292816f9c5f353b55e04cc8ccbbd5d198918c239b"

[sections.rootfs.layers.source]
type = "path"
path = "../../.cache/sources/scarlet-distribution/ca9fdafe1e633d752cb3a335d795496d5df5d272/user/std-bin"

[[sections.rootfs.layers]]
kind = "cargo"
bin = "nc"
to = "/bin/nc"
hash = "sha256:9ec90c490472d32e9f9dff5cd624210825699976f0e28dfe49c4875ac668385c"

[sections.rootfs.layers.source]
type = "path"
path = "../../.cache/sources/scarlet-distribution/ca9fdafe1e633d752cb3a335d795496d5df5d272/user/std-bin"

[[sections.rootfs.layers]]
kind = "cargo"
bin = "ping"
to = "/bin/ping"
hash = "sha256:47bbc30ca3c8bd8cef441aaff8e8f0e590c3dd413696d93007da108f13791395"

[sections.rootfs.layers.source]
type = "path"
path = "../../.cache/sources/scarlet-distribution/ca9fdafe1e633d752cb3a335d795496d5df5d272/user/std-bin"

[[sections.rootfs.layers]]
kind = "cargo"
bin = "netcfg"
to = "/bin/netcfg"
hash = "sha256:294bd314adebb1337d21b2404425d2f68710c90cebe9ba38d26d4b403da6117a"

[sections.rootfs.layers.source]
type = "path"
path = "../../.cache/sources/scarlet-distribution/ca9fdafe1e633d752cb3a335d795496d5df5d272/user/std-bin"

[[sections.rootfs.layers]]
kind = "cargo"
bin = "watch"
to = "/bin/watch"
hash = "sha256:4a25ce1c816fc41184dfcb00c9e1bf5bb3b2e176ad2d6892ef27b9609a637b98"

[sections.rootfs.layers.source]
type = "path"
path = "../../.cache/sources/scarlet-distribution/ca9fdafe1e633d752cb3a335d795496d5df5d272/user/std-bin"

[[sections.rootfs.layers]]
kind = "cargo"
bin = "date"
to = "/bin/date"
hash = "sha256:1f125d7d5ca0b50f45e8fa8b3d9779bb22e252230e3ea1809355be38ad34da58"

[sections.rootfs.layers.source]
type = "path"
path = "../../.cache/sources/scarlet-distribution/ca9fdafe1e633d752cb3a335d795496d5df5d272/user/std-bin"

[[sections.rootfs.layers]]
kind = "cargo"
bin = "fb-test"
to = "/bin/fb-test"
hash = "sha256:5c49ac1c2fa85882c5f4377cd241729b8724b2b6b47f9c7fe6017828435fb1d8"

[sections.rootfs.layers.source]
type = "path"
path = "../../.cache/sources/scarlet-distribution/ca9fdafe1e633d752cb3a335d795496d5df5d272/user/std-bin"

[[sections.rootfs.layers]]
kind = "cargo"
package = "user-bin"
bin = "scarlet-desktop"
to = "/bin/scarlet-desktop"
hash = "sha256:907ee1fba02c6f71d09ae97a10a75d082b8e1af98717064fd0a3bfc235eb8829"

[sections.rootfs.layers.source]
type = "path"
path = "../../.cache/sources/scarlet-distribution/ca9fdafe1e633d752cb3a335d795496d5df5d272/user/bin"

[[sections.rootfs.layers]]
kind = "cargo"
package = "user-bin"
bin = "desktop-settings"
to = "/bin/desktop-settings"
hash = "sha256:a8ff208c2a5511e5c93dda3c144873a905287f2aacfedfaf2b5b88a40f82a6db"

[sections.rootfs.layers.source]
type = "path"
path = "../../.cache/sources/scarlet-distribution/ca9fdafe1e633d752cb3a335d795496d5df5d272/user/bin"

[[sections.rootfs.layers]]
kind = "cargo"
package = "scarlet-std-bin"
bin = "files"
to = "/bin/files"
hash = "sha256:e01dfbe4011f9d90b6a1db9cc8946b9e53bac398c9a96ff386f53dbc26bd0f4b"

[sections.rootfs.layers.source]
type = "path"
path = "../../.cache/sources/scarlet-distribution/ca9fdafe1e633d752cb3a335d795496d5df5d272/user/std-bin"

[[sections.rootfs.layers]]
kind = "cargo"
package = "scarlet-std-bin"
bin = "notepad"
to = "/bin/notepad"
hash = "sha256:32524589138f07330476f6384e12e1f13aeec68e45c7fb61322c331d68b9be6b"

[sections.rootfs.layers.source]
type = "path"
path = "../../.cache/sources/scarlet-distribution/ca9fdafe1e633d752cb3a335d795496d5df5d272/user/std-bin"

[[sections.rootfs.layers]]
kind = "cargo"
package = "scarlet-std-bin"
bin = "scarlet-shell"
to = "/bin/scarlet-shell"
hash = "sha256:1c921051c742169f5964b8f81bc6117441b10d6b188b3c5d02978ae6197a8823"

[sections.rootfs.layers.source]
type = "path"
path = "../../.cache/sources/scarlet-distribution/ca9fdafe1e633d752cb3a335d795496d5df5d272/user/std-bin"

[[sections.rootfs.layers]]
kind = "cargo"
package = "user-bin"
bin = "terminal"
to = "/bin/terminal"
hash = "sha256:300d02e3e1d162140ebb18fd9d73d31e8a839e6ba3a8fcbf616e4b3847b6df26"

[sections.rootfs.layers.source]
type = "path"
path = "../../.cache/sources/scarlet-distribution/ca9fdafe1e633d752cb3a335d795496d5df5d272/user/bin"

[[sections.rootfs.layers]]
kind = "cargo"
package = "scarlet-std-bin"
bin = "sws"
to = "/bin/sws"
hash = "sha256:e1548027f051d51686f957ae13dde2bcb5f18f5239030c6c88a9ddf086b67622"

[sections.rootfs.layers.source]
type = "path"
path = "../../.cache/sources/scarlet-distribution/ca9fdafe1e633d752cb3a335d795496d5df5d272/user/std-bin"

[[sections.rootfs.layers]]
kind = "cargo"
package = "user-bin"
bin = "sas"
to = "/bin/sas"
hash = "sha256:6743494d0032345a030c6f61e33cab8fb941b2cfb2ec4636cdb0e43ad725251b"

[sections.rootfs.layers.source]
type = "path"
path = "../../.cache/sources/scarlet-distribution/ca9fdafe1e633d752cb3a335d795496d5df5d272/user/bin"

[[sections.rootfs.layers]]
kind = "cargo"
bin = "sasctl"
to = "/bin/sasctl"
hash = "sha256:39ab7b395fe48fada8d72ca97cd9cf557b3d894d1d8259979272e8f71c804dff"

[sections.rootfs.layers.source]
type = "path"
path = "../../.cache/sources/scarlet-distribution/ca9fdafe1e633d752cb3a335d795496d5df5d272/user/std-bin"

[[sections.rootfs.layers]]
kind = "cargo"
package = "user-bin"
bin = "mplayer"
to = "/bin/mplayer"
hash = "sha256:fa948dcb0b362cab561662bdd1a031e8f81ad4938d3417a83355283f3f2000bb"

[sections.rootfs.layers.source]
type = "path"
path = "../../.cache/sources/scarlet-distribution/ca9fdafe1e633d752cb3a335d795496d5df5d272/user/bin"

[[sections.rootfs.layers]]
kind = "cargo"
package = "user-bin"
bin = "ui-demo"
to = "/bin/ui-demo"
hash = "sha256:944b5b8a99d6a4893e349c8e9e2b21639a3bae38390e3c18f2ecdcb6fea49512"

[sections.rootfs.layers.source]
type = "path"
path = "../../.cache/sources/scarlet-distribution/ca9fdafe1e633d752cb3a335d795496d5df5d272/user/bin"

[[sections.rootfs.layers]]
kind = "cargo"
package = "user-bin"
bin = "ui-benchmark"
to = "/bin/ui-benchmark"
hash = "sha256:e422dc2473ee2bba149c3a236e337b551cab80406ca8052ccc3299982c9000d0"

[sections.rootfs.layers.source]
type = "path"
path = "../../.cache/sources/scarlet-distribution/ca9fdafe1e633d752cb3a335d795496d5df5d272/user/bin"

[[sections.rootfs.layers]]
kind = "cargo"
package = "scarlet-ui-widget-factory"
bin = "scarlet-ui-widget-factory"
subdir = "examples/widget-factory"
to = "/bin/widget-factory"
hash = "sha256:9af666e95a8efdb717b6f7b8f7bd219952a8dc69f955d957b9670f94226fe374"

[sections.rootfs.layers.source]
type = "path"
path = "../../.cache/sources/scarlet-ui/e6e00f11c95de371057899ec05b7a832d04adc7f"

[[sections.rootfs.layers]]
kind = "cargo"
bin = "ui-sgfx-showcase"
to = "/bin/ui-sgfx-showcase"
hash = "sha256:c6cfd6259da43c701c2a4a2d5bc1f9d5472c876c406fc9a636d6a312471a7545"

[sections.rootfs.layers.source]
type = "path"
path = "../../.cache/sources/scarlet-distribution/ca9fdafe1e633d752cb3a335d795496d5df5d272/user/std-bin"

[[sections.rootfs.layers]]
kind = "cargo"
package = "user-bin"
bin = "settings"
to = "/bin/settings"
hash = "sha256:5f87abdffa30a1486d3dbd8b71062c163783d5e6fff24bb6ff6f0c750a4a1a23"

[sections.rootfs.layers.source]
type = "path"
path = "../../.cache/sources/scarlet-distribution/ca9fdafe1e633d752cb3a335d795496d5df5d272/user/bin"

[[sections.rootfs.layers]]
kind = "cargo"
bin = "task-manager"
to = "/bin/task-manager"
hash = "sha256:2b5095e7700ace99562f9259714054b279e520a158d0c5e2e634595422661dc8"

[sections.rootfs.layers.source]
type = "path"
path = "../../.cache/sources/scarlet-distribution/ca9fdafe1e633d752cb3a335d795496d5df5d272/user/std-bin"

[[sections.rootfs.layers]]
kind = "cargo"
package = "user-bin"
bin = "scarlet-skk"
to = "/bin/scarlet-skk"
hash = "sha256:f7312699010dfdd04efeb23d16051052f8f33402022d48166159129c1f95387c"

[sections.rootfs.layers.source]
type = "path"
path = "../../.cache/sources/scarlet-distribution/ca9fdafe1e633d752cb3a335d795496d5df5d272/user/bin"

[[sections.rootfs.layers]]
kind = "script"
to = "/share/skk/SKK-JISYO.L"
output = ".scarlet/.scarlet/cache/skk/SKK-JISYO.L"
hash = "sha256:cb3638df4cf621359db4e5aca385deae3cd0e681540da1c788d004374d261a42"

[sections.rootfs.layers.source]
type = "path"
path = "../../.cache/sources/scarlet-distribution/ca9fdafe1e633d752cb3a335d795496d5df5d272/bundles/desktop/tools/fetch_skk_dictionary.sh"

[[sections.rootfs.layers]]
kind = "cargo"
package = "user-bin"
bin = "wayland-bridge"
to = "/bin/wayland-bridge"
hash = "sha256:ee4c7ac5ab5bb029f6f4bec4855a721f8f63576134844f74bea806f3d23ae392"

[sections.rootfs.layers.source]
type = "path"
path = "../../.cache/sources/scarlet-distribution/ca9fdafe1e633d752cb3a335d795496d5df5d272/user/bin"

[[sections.rootfs.layers]]
kind = "cargo"
bin = "ansi-banner"
to = "/bin/ansi-banner"
hash = "sha256:a06a44c122d9475d198f591f6084b3ee4d9557ed609b78348051108a3fba330d"

[sections.rootfs.layers.source]
type = "path"
path = "../../.cache/sources/scarlet-distribution/ca9fdafe1e633d752cb3a335d795496d5df5d272/user/std-bin"

[[sections.rootfs.layers]]
kind = "cargo"
package = "scarlet-std-bin"
bin = "sgfx-probe"
to = "/bin/sgfx-probe"
hash = "sha256:5437635ed4745b70ea0cd2f5a3bef062a99f029c90726929246aed2a3a89eafb"

[sections.rootfs.layers.source]
type = "path"
path = "../../.cache/sources/scarlet-distribution/ca9fdafe1e633d752cb3a335d795496d5df5d272/user/std-bin"

[[sections.rootfs.layers]]
kind = "cargo"
bin = "sgfx-cube"
to = "/bin/sgfx-cube"
hash = "sha256:a5b0e3934188bd5c4e6d1ff0e1a6aee4635144ea5a5f41b0b6217bf53175bb25"

[sections.rootfs.layers.source]
type = "path"
path = "../../.cache/sources/scarlet-distribution/ca9fdafe1e633d752cb3a335d795496d5df5d272/user/std-bin"

[[sections.rootfs.layers]]
kind = "cargo"
bin = "sgfx-texture"
to = "/bin/sgfx-texture"
hash = "sha256:21335d2e507be4f72f3a098e2c0b920727902768af4cd8ded88d053a317af114"

[sections.rootfs.layers.source]
type = "path"
path = "../../.cache/sources/scarlet-distribution/ca9fdafe1e633d752cb3a335d795496d5df5d272/user/std-bin"

[[sections.rootfs.layers]]
kind = "cargo"
bin = "sgfx-showcase"
to = "/bin/sgfx-showcase"
hash = "sha256:458ef4743862d4605e893b2b8f15979e6b0cb5c80bcd9575bc9d52ae1d06dbfe"

[sections.rootfs.layers.source]
type = "path"
path = "../../.cache/sources/scarlet-distribution/ca9fdafe1e633d752cb3a335d795496d5df5d272/user/std-bin"

[[sections.rootfs.layers]]
kind = "cargo"
package = "vulkan-canvas-demo"
bin = "vulkan-canvas-demo"
to = "/bin/vulkan-canvas-demo"
hash = "sha256:0a6dd76c6e3968dc29d8dc62f8d5944785960c25cfb93b417967480001e5c1e4"

[sections.rootfs.layers.source]
type = "path"
path = "../../.cache/sources/scarlet-distribution/ca9fdafe1e633d752cb3a335d795496d5df5d272/user/vulkan-canvas-demo"

[[sections.rootfs.layers]]
kind = "cargo"
bin = "httpd"
to = "/bin/httpd"
hash = "sha256:51cc306bbfd1e2e82196b6a616bdf447339453752614e79d15735d0e4683fe1c"

[sections.rootfs.layers.source]
type = "path"
path = "../../.cache/sources/scarlet-distribution/ca9fdafe1e633d752cb3a335d795496d5df5d272/user/std-bin"

[[sections.rootfs.layers]]
kind = "cargo"
package = "user-bin"
bin = "ushv"
to = "/bin/ushv"
hash = "sha256:42e2e4fb3ecbb03bae715bb5e95d2eb92b8dd93bcebb97e89261012bb6ec32ef"

[sections.rootfs.layers.source]
type = "path"
path = "../../.cache/sources/scarlet-distribution/ca9fdafe1e633d752cb3a335d795496d5df5d272/user/bin"

[[sections.rootfs.layers]]
kind = "cargo"
bin = "lsm-list"
to = "/bin/lsm-list"
hash = "sha256:e818e6b630033ddc7135c611bff589f351f3e699df16439ef6875efcbb5a0f9b"

[sections.rootfs.layers.source]
type = "path"
path = "../../.cache/sources/scarlet-distribution/ca9fdafe1e633d752cb3a335d795496d5df5d272/user/std-bin"

[[sections.rootfs.layers]]
kind = "cargo"
bin = "clock"
to = "/bin/clock"
hash = "sha256:71e041e8bc1eecbacaca3bc5177533ac3d6f98a3f6d61d0843bc7227661e8786"

[sections.rootfs.layers.source]
type = "path"
path = "../../.cache/sources/scarlet-distribution/ca9fdafe1e633d752cb3a335d795496d5df5d272/user/std-bin"

[[sections.rootfs.layers]]
kind = "cargo"
bin = "lsm-load"
to = "/bin/lsm-load"
hash = "sha256:1de68d31e86d0b212aa81c6804019aacf429e9f3c705de37aa309333f5a4d0db"

[sections.rootfs.layers.source]
type = "path"
path = "../../.cache/sources/scarlet-distribution/ca9fdafe1e633d752cb3a335d795496d5df5d272/user/std-bin"

[[sections.rootfs.layers]]
kind = "cargo"
bin = "lsm-unload"
to = "/bin/lsm-unload"
hash = "sha256:446f47f76628bf14be20b573bb5703f763f3962a6f0ef14a0bb9a37b790a13d0"

[sections.rootfs.layers.source]
type = "path"
path = "../../.cache/sources/scarlet-distribution/ca9fdafe1e633d752cb3a335d795496d5df5d272/user/std-bin"

[[sections.rootfs.layers]]
kind = "cargo"
bin = "input-dump"
to = "/bin/input-dump"
hash = "sha256:a8e788216bfa529f764a2bb1241978253e8f5e749a5a2b330de0fea02c3e5b07"

[sections.rootfs.layers.source]
type = "path"
path = "../../.cache/sources/scarlet-distribution/ca9fdafe1e633d752cb3a335d795496d5df5d272/user/std-bin"

[[sections.rootfs.layers]]
kind = "cargo"
bin = "displayctl"
to = "/bin/displayctl"
hash = "sha256:f794b9419f343c57e3ff78802b0ecde94c6aaf819dd16067bc3bded24409bcac"

[sections.rootfs.layers.source]
type = "path"
path = "../../.cache/sources/scarlet-distribution/ca9fdafe1e633d752cb3a335d795496d5df5d272/user/std-bin"

[[sections.rootfs.layers]]
kind = "cargo"
bin = "sensor-dump"
to = "/bin/sensor-dump"
hash = "sha256:5976fb468a40d3d9e842ec379f452817464e502f2d45d946e09b1893dbd381ae"

[sections.rootfs.layers.source]
type = "path"
path = "../../.cache/sources/scarlet-distribution/ca9fdafe1e633d752cb3a335d795496d5df5d272/user/std-bin"

[[sections.rootfs.layers]]
kind = "cargo"
bin = "tabletctl"
to = "/bin/tabletctl"
hash = "sha256:092112a904a9445d96effae10c0c9b47aa9a58face27683c1c53a716378de310"

[sections.rootfs.layers.source]
type = "path"
path = "../../.cache/sources/scarlet-distribution/ca9fdafe1e633d752cb3a335d795496d5df5d272/user/std-bin"

[[sections.rootfs.layers]]
kind = "cargo"
bin = "mozc-server"
to = "/bin/mozc-server"
hash = "sha256:c934937c7a4653298b96efedcb2dc169379d699483903bcb616c9661b9ce1180"

[sections.rootfs.layers.source]
type = "path"
path = "../../.cache/sources/scarlet-distribution/ca9fdafe1e633d752cb3a335d795496d5df5d272/user/bin"

[[sections.rootfs.layers]]
kind = "cargo"
package = "user-bin"
bin = "scarlet-mozc"
to = "/bin/scarlet-mozc"
hash = "sha256:6822f4d0acdc230efbb2f55fcb05a708148c2a1edcf35a07d34c86ca4eee856f"

[sections.rootfs.layers.source]
type = "path"
path = "../../.cache/sources/scarlet-distribution/ca9fdafe1e633d752cb3a335d795496d5df5d272/user/bin"

[[sections.rootfs.layers]]
kind = "cargo"
package = "user-bin"
bin = "dcp-flip-test"
to = "/bin/dcp-flip-test"
hash = "sha256:ae9f3f8fc0f1b41607fa20297c6cbc9bca11e6df2419f54bf3f07ff1b3bc0a0c"

[sections.rootfs.layers.source]
type = "path"
path = "../../.cache/sources/scarlet-distribution/ca9fdafe1e633d752cb3a335d795496d5df5d272/user/bin"

[[sections.rootfs.layers]]
kind = "cargo"
package = "carmine"
bin = "carmine"
to = "/bin/carmine"
hash = "sha256:acbd71a711e25d44c14825853c4b1ea4cd57b8ac7500a46658be4f895e150f14"

[sections.rootfs.layers.source]
type = "path"
path = "../../.cache/sources/carmine/5ed3e9270b4949e4ee27052e62d12443770d1884"

[[sections.rootfs.layers]]
kind = "cargo"
package = "myrica"
bin = "myrica"
to = "/bin/myrica"
hash = "sha256:46316b68541159814c381c666ce9ee702635f0dc8f8dd45f02969d465579ecf7"

[sections.rootfs.layers.source]
type = "path"
path = "../../.cache/sources/myrica/37a34c4195def793923cfb5868f41780aaded167"

[[sections.rootfs.layers]]
kind = "cargo"
package = "vellum"
bin = "vellum"
to = "/bin/vellum"
hash = "sha256:4c6772b197cff8959277956c827709f0b3e4978292d89e1347beda3c1d418580"

[sections.rootfs.layers.source]
type = "path"
path = "../../.cache/sources/vellum/98dfc25b60a0b179ad8f0b65738f0d2191f160ea"

[[sections.rootfs.layers]]
kind = "cargo"
package = "boxcraft"
bin = "boxcraft"
to = "/bin/boxcraft"
hash = "sha256:87c217573c42c9cf8fab70f0b002c1480f21fa03d4c7f4ae3975e32a732806cf"

[sections.rootfs.layers.source]
type = "path"
path = "../../.cache/sources/boxcraft/859bb7b41c0c8fa46bc3cd3e54a0b607fb26f90e"

[[sections.rootfs.layers]]
kind = "cargo"
bin = "remote-desktop"
to = "/bin/remote-desktop"
hash = "sha256:235a6a94639b2c06745c80e0ae6cdf5eadd2edcfd9b128438e34cca09eb39fa1"

[sections.rootfs.layers.source]
type = "path"
path = "../../.cache/sources/scarlet-distribution/ca9fdafe1e633d752cb3a335d795496d5df5d272/user/std-bin"

[[sections.rootfs.layers]]
kind = "cargo"
package = "scarlet-std-bin"
bin = "soft-keyboard"
to = "/bin/soft-keyboard"
hash = "sha256:faa3ca4e6011ec069c3c64a868bb32dedbaf983127afd7763550590aac05be80"

[sections.rootfs.layers.source]
type = "path"
path = "../../.cache/sources/scarlet-distribution/ca9fdafe1e633d752cb3a335d795496d5df5d272/user/std-bin"

[[sections.rootfs.layers]]
kind = "archive"
to = "/systems/linux-aarch64"
format = "tar-zst"
strip_components = 1
hash = "sha256:4d94a1870a9be510987c61eb7371d35a7d31415ca49a56ecb8df74791a4e2eb0"

[sections.rootfs.layers.source]
type = "archive"
url = "https://github.com/petitstrawberry/scarlet-bundle-linux/releases/download/v0.1.0/rootfs-aarch64-v0.1.0.tar.zst"
sha256 = "sha256:4d94a1870a9be510987c61eb7371d35a7d31415ca49a56ecb8df74791a4e2eb0"

[[sections.rootfs.layers]]
kind = "archive"
to = "/systems/linux-aarch64"
format = "tar-zst"
strip_components = 1
hash = "sha256:727f20be6a009329e0be7c627f4dd07904588825077e4c431c943d9555499c26"

[sections.rootfs.layers.source]
type = "archive"
url = "https://github.com/petitstrawberry/scarlet-bundle-linux/releases/download/v0.1.0/mozc-aarch64-v0.1.0.tar.zst"
sha256 = "sha256:727f20be6a009329e0be7c627f4dd07904588825077e4c431c943d9555499c26"

[[sections.rootfs.layers]]
kind = "cargo"
package = "moonlight"
bin = "moonlight"
to = "/bin/moonlight"
hash = "sha256:620b2a0330deb15293aa51f38ca3895226da8b225f584b98f87c9ef69140be3a"

[sections.rootfs.layers.source]
type = "path"
path = "../../.cache/sources/moonlight-scarlet/d0e1ce9e661a9f76c18deacbdcc13357a3c350af"

[[sections.rootfs.layers]]
kind = "cargo"
package = "yt"
bin = "yt"
to = "/bin/yt"
hash = "sha256:9cc13e8fbb44fe70d49e781f7c2d9c143a24057aa34d4f3687a14da5ac63c00d"

[sections.rootfs.layers.source]
type = "path"
path = "../../.cache/sources/yt-for-scarlet/202c312525b411e4998d15a8a261384476fb431a"

[[sections.rootfs.layers]]
kind = "cargo"
package = "yt-gui"
bin = "yt-gui"
to = "/bin/yt-gui"
hash = "sha256:d4c2494393365660909bfc5f8a465fbc4753df02b0d9023b25d9060e6d0a2c62"

[sections.rootfs.layers.source]
type = "path"
path = "../../.cache/sources/yt-for-scarlet/202c312525b411e4998d15a8a261384476fb431a"

[[sections.rootfs.layers]]
kind = "cargo"
package = "scarlet-std-bin"
bin = "axum-demo"
to = "/bin/axum-demo"
hash = "sha256:0b0e5f58dcc02bf55251739ea1af7ec8779cd98f6f37a1ceecf9a43d8212d057"

[sections.rootfs.layers.source]
type = "path"
path = "../../.cache/sources/scarlet-distribution/ca9fdafe1e633d752cb3a335d795496d5df5d272/user/std-bin"

[[sections.rootfs.layers]]
kind = "cargo"
package = "scarlet-std-bin"
bin = "reqwest-demo"
to = "/bin/reqwest-demo"
hash = "sha256:07e821e4d81a14cd40e188ff6d3596481c2d38daa290ec9ccb580869ea06d38d"

[sections.rootfs.layers.source]
type = "path"
path = "../../.cache/sources/scarlet-distribution/ca9fdafe1e633d752cb3a335d795496d5df5d272/user/std-bin"

[[sections.rootfs.layers]]
kind = "cargo"
package = "scarlet-tonic-demo"
bin = "tonic-server"
to = "/bin/tonic-server"
hash = "sha256:975141a2e97a99feb699c4f043a62f096a16d30c5921f69a4e521de0e6d56e2c"

[sections.rootfs.layers.source]
type = "path"
path = "../../.cache/sources/scarlet-distribution/ca9fdafe1e633d752cb3a335d795496d5df5d272/user/tonic-demo"

[[sections.rootfs.layers]]
kind = "cargo"
package = "scarlet-tonic-demo"
bin = "tonic-client"
to = "/bin/tonic-client"
hash = "sha256:561e157d3fded69f897a9d2983b3ebb43e5ab528d18db342f9760a7c9f525b5c"

[sections.rootfs.layers.source]
type = "path"
path = "../../.cache/sources/scarlet-distribution/ca9fdafe1e633d752cb3a335d795496d5df5d272/user/tonic-demo"

[[sections.rootfs.layers]]
kind = "cargo"
package = "scarlet-websocket-demo"
bin = "ws-server"
to = "/bin/ws-server"
hash = "sha256:5a35e03dd8770ce0988416da8c72edcae73101ea7af60313cce144b21138e26b"

[sections.rootfs.layers.source]
type = "path"
path = "../../.cache/sources/scarlet-distribution/ca9fdafe1e633d752cb3a335d795496d5df5d272/user/websocket-demo"

[[sections.rootfs.layers]]
kind = "cargo"
package = "scarlet-websocket-demo"
bin = "ws-client"
to = "/bin/ws-client"
hash = "sha256:53e27b0106c7f651062cfbc1657030e9e9b82ceafd9fd0fd727be742cbdf1bab"

[sections.rootfs.layers.source]
type = "path"
path = "../../.cache/sources/scarlet-distribution/ca9fdafe1e633d752cb3a335d795496d5df5d272/user/websocket-demo"

[[sections.rootfs.layers]]
kind = "cargo"
package = "blitz-scarlet-browser"
bin = "blitz"
subdir = "apps/scarlet-browser"
to = "/bin/blitz"
hash = "sha256:a5d7b9dc58dd65eb281c0c1c338503d515a7a820e230681c4f6ba441ee73f14b"

[sections.rootfs.layers.source]
type = "path"
path = "../../.cache/sources/blitz/c26e20dfff971941486ca9f50c8dcd332ec404da"

[[sections.rootfs.layers]]
kind = "cargo"
package = "resonara"
bin = "resonara"
to = "/bin/resonara"
hash = "sha256:42568a2eddca890067a8720d861a705fe3e7ec0d1dc48048e352c527ffffa9be"

[sections.rootfs.layers.source]
type = "path"
path = "../../.cache/sources/resonara/275dc0c941c9430600ff802813a2d238ae981422"

[[sections.rootfs.layers]]
kind = "script"
to = "/usr/lib/clap"
hash = "sha256:c1ec6f306649a7b82ba703c4813dda2e42c01b51e56b6c6f3a6cd3bc67583a48"

[sections.rootfs.layers.source]
type = "path"
path = "../../.cache/sources/resonara/275dc0c941c9430600ff802813a2d238ae981422/scripts/scarlet-plugins-aarch64.sh"

[[sections.rootfs.layers]]
kind = "script"
to = "/bin/easyrpg-player"
hash = "sha256:d3f2437cb33b9ded3290e0214220444e677c1928213310580c9b9e88896e5d04"

[sections.rootfs.layers.source]
type = "path"
path = "../../.cache/sources/easyrpg-player-scarlet/5ff3ea823f3611754a978845dcb767343d2c55ab/bundle/build-aarch64.sh"

[[sections.rootfs.layers]]
kind = "script"
to = "/"
hash = "sha256:f460ff61edfdb0b570153099030fce0201f40a447121930c0b7f4b7719d4d1c9"

[sections.rootfs.layers.source]
type = "path"
path = "../../.cache/sources/scarlet-bundle-linux-games/6f856392be9e42171339ae1633b2fd5e9fbe2e49/producer/build-openttd-bundle.sh"

[[sections.rootfs.layers]]
kind = "archive"
to = "/opt/scarlet/toolchains/rust/v0.1.0-dev.825856ca4819"
format = "tar-zst"
strip_components = 1
hash = "sha256:bcd6c090278c3ff8ce20be4f225a33cd0b0837cb90f37f1240444bc22b7dc320"

[sections.rootfs.layers.source]
type = "archive"
url = "https://github.com/petitstrawberry/scarlet-rust-nix/releases/download/v0.1.0-dev.825856ca4819/native-rust-aarch64-v0.1.0-dev.825856ca4819.tar.zst"
sha256 = "sha256:bcd6c090278c3ff8ce20be4f225a33cd0b0837cb90f37f1240444bc22b7dc320"

[[sections.rootfs.layers]]
kind = "cargo"
package = "video_player"
bin = "video-player"
features = [
    "h264-stateless-hw",
    "mp4-aac",
]
default-features = false
to = "/bin/video-player"
hash = "sha256:301beecb94513e3e0650b4ff8015a9c79ec17360c2e6279c21c60ccab8db8259"

[sections.rootfs.layers.source]
type = "path"
path = "../../.cache/sources/scarlet-distribution/ca9fdafe1e633d752cb3a335d795496d5df5d272/user/video_player"
