# This file is automatically @generated by Cargo.
# It is not intended for manual editing.
version = 4

[[package]]
name = "switch-input-host-tests"
version = "0.1.0"
dependencies = [
 "sws-protocol",
]

[[package]]
name = "sws-protocol"
version = "1.0.0"
source = "git+https://github.com/petitstrawberry/Scarlet?rev=b3d2a55740a3d2ca49daad0ec7baba233f706f7a#b3d2a55740a3d2ca49daad0ec7baba233f706f7a"
