# This file is automatically @generated by Cargo.
# It is not intended for manual editing.
version = 4

[[package]]
name = "switch-input-host-tests"
version = "0.1.0"
dependencies = [
 "sws-protocol",
]

[[package]]
name = "sws-protocol"
version = "1.0.0"
source = "git+https://github.com/petitstrawberry/Scarlet?rev=d3b1c05127d4df3616f988b81a99f616e8a88064#d3b1c05127d4df3616f988b81a99f616e8a88064"
