# This file is automatically @generated by Cargo.
# It is not intended for manual editing.
version = 4

[[package]]
name = "aarch64-switch-l4t-project"
version = "0.1.0"
dependencies = [
 "fdt",
 "font8x8",
 "scarlet-modules",
]

[[package]]
name = "allocator-api2"
version = "0.2.21"
source = "registry+https://github.com/rust-lang/crates.io-index"
checksum = "683d7910e743518b0e34f1186f92494becacb047c7b6bf616c96772180fef923"

[[package]]
name = "equivalent"
version = "1.0.2"
source = "registry+https://github.com/rust-lang/crates.io-index"
checksum = "877a4ace8713b0bcf2a4e7eec82529c029f1d0619886d18145fea96c3ffe5c0f"

[[package]]
name = "fdt"
version = "0.1.5"
source = "registry+https://github.com/rust-lang/crates.io-index"
checksum = "784a4df722dc6267a04af36895398f59d21d07dce47232adf31ec0ff2fa45e67"

[[package]]
name = "foldhash"
version = "0.2.0"
source = "registry+https://github.com/rust-lang/crates.io-index"
checksum = "77ce24cb58228fbb8aa041425bb1050850ac19177686ea6e0f41a70416f56fdb"

[[package]]
name = "font8x8"
version = "0.3.1"
source = "registry+https://github.com/rust-lang/crates.io-index"
checksum = "875488b8711a968268c7cf5d139578713097ca4635a76044e8fe8eedf831d07e"

[[package]]
name = "hashbrown"
version = "0.16.1"
source = "registry+https://github.com/rust-lang/crates.io-index"
checksum = "841d1cc9bed7f9236f321df977030373f4a4163ae1a7dbfe1a51a2c1a51d9100"
dependencies = [
 "allocator-api2",
 "equivalent",
 "foldhash",
]

[[package]]
name = "lock_api"
version = "0.4.14"
source = "registry+https://github.com/rust-lang/crates.io-index"
checksum = "224399e74b87b5f3557511d98dff8b14089b3dadafcab6bb93eab67d3aace965"
dependencies = [
 "scopeguard",
]

[[package]]
name = "scarlet"
version = "1.0.1"
dependencies = [
 "fdt",
 "font8x8",
 "hashbrown",
 "lock_api",
 "scarlet-abi",
 "talc",
]

[[package]]
name = "scarlet-abi"
version = "1.0.0"

[[package]]
name = "scarlet-modules"
version = "0.1.0"
dependencies = [
 "scarlet",
]

[[package]]
name = "scopeguard"
version = "1.2.0"
source = "registry+https://github.com/rust-lang/crates.io-index"
checksum = "94143f37725109f92c262ed2cf5e59bce7498c01bcc1502d7b9afe439a4e9f49"

[[package]]
name = "talc"
version = "4.4.3"
source = "registry+https://github.com/rust-lang/crates.io-index"
checksum = "a3ae828aa394de34c7de08f522d1b86bd1c182c668d27da69caadda00590f26d"
dependencies = [
 "lock_api",
]
